// !$*UTF8*$!
{
	archiveVersion = 1;
	classes = {
	};
	objectVersion = 50;
	objects = {

/* Begin PBXBuildFile section */
		717F6B3E2627E10000ADFA6F /* HistoryCell.swift in Sources */ = {isa = PBXBuildFile; fileRef = 717F6B3C2627E10000ADFA6F /* HistoryCell.swift */; };
		717F6B3F2627E10000ADFA6F /* HistoryCell.xib in Resources */ = {isa = PBXBuildFile; fileRef = 717F6B3D2627E10000ADFA6F /* HistoryCell.xib */; };
		717F6B4C2627EA2A00ADFA6F /* HistoryStack.swift in Sources */ = {isa = PBXBuildFile; fileRef = 717F6B4B2627EA2A00ADFA6F /* HistoryStack.swift */; };
		717F6B512627EA8D00ADFA6F /* HistoryCard.swift in Sources */ = {isa = PBXBuildFile; fileRef = 717F6B502627EA8D00ADFA6F /* HistoryCard.swift */; };
		717F6B5E2628098000ADFA6F /* EditView.swift in Sources */ = {isa = PBXBuildFile; fileRef = 717F6B5D2628098000ADFA6F /* EditView.swift */; };
		719413D126201B36002D28AC /* TaskStackManager.swift in Sources */ = {isa = PBXBuildFile; fileRef = 719413D026201B36002D28AC /* TaskStackManager.swift */; };
		71A7479A261F0B1E0094936B /* Constant.swift in Sources */ = {isa = PBXBuildFile; fileRef = 71A74799261F0B1E0094936B /* Constant.swift */; };
		71A747A2261F0C4D0094936B /* TaskViewController.swift in Sources */ = {isa = PBXBuildFile; fileRef = 71A747A1261F0C4D0094936B /* TaskViewController.swift */; };
		767C85E92627FE9100E06C36 /* EditViewController.swift in Sources */ = {isa = PBXBuildFile; fileRef = 767C85E82627FE9100E06C36 /* EditViewController.swift */; };
		767C9C302623C8E500894AE7 /* TaskDelegate.swift in Sources */ = {isa = PBXBuildFile; fileRef = 767C9C2F2623C8E500894AE7 /* TaskDelegate.swift */; };
		767C9C352623C8F400894AE7 /* TaskDataSource.swift in Sources */ = {isa = PBXBuildFile; fileRef = 767C9C342623C8F400894AE7 /* TaskDataSource.swift */; };
		767E2138261F715700333257 /* TaskStack.swift in Sources */ = {isa = PBXBuildFile; fileRef = 767E2137261F715700333257 /* TaskStack.swift */; };
		767E2143261F762800333257 /* NewTaskViewController.swift in Sources */ = {isa = PBXBuildFile; fileRef = 767E2142261F762800333257 /* NewTaskViewController.swift */; };
		76A0A280261EDA440052BB32 /* AppDelegate.swift in Sources */ = {isa = PBXBuildFile; fileRef = 76A0A27F261EDA440052BB32 /* AppDelegate.swift */; };
		76A0A282261EDA440052BB32 /* SceneDelegate.swift in Sources */ = {isa = PBXBuildFile; fileRef = 76A0A281261EDA440052BB32 /* SceneDelegate.swift */; };
		76A0A284261EDA440052BB32 /* MainViewController.swift in Sources */ = {isa = PBXBuildFile; fileRef = 76A0A283261EDA440052BB32 /* MainViewController.swift */; };
		76A0A287261EDA440052BB32 /* Main.storyboard in Resources */ = {isa = PBXBuildFile; fileRef = 76A0A285261EDA440052BB32 /* Main.storyboard */; };
		76A0A289261EDA440052BB32 /* Assets.xcassets in Resources */ = {isa = PBXBuildFile; fileRef = 76A0A288261EDA440052BB32 /* Assets.xcassets */; };
		76A0A28C261EDA440052BB32 /* LaunchScreen.storyboard in Resources */ = {isa = PBXBuildFile; fileRef = 76A0A28A261EDA440052BB32 /* LaunchScreen.storyboard */; };
		76A0A297261EDA440052BB32 /* TodoAppTests.swift in Sources */ = {isa = PBXBuildFile; fileRef = 76A0A296261EDA440052BB32 /* TodoAppTests.swift */; };
		76A0A2A2261EDA450052BB32 /* TodoAppUITests.swift in Sources */ = {isa = PBXBuildFile; fileRef = 76A0A2A1261EDA450052BB32 /* TodoAppUITests.swift */; };
		76A0A2CE261EE0D10052BB32 /* TaskCell.swift in Sources */ = {isa = PBXBuildFile; fileRef = 76A0A2CC261EE0D10052BB32 /* TaskCell.swift */; };
		76A0A2CF261EE0D10052BB32 /* TaskCell.xib in Resources */ = {isa = PBXBuildFile; fileRef = 76A0A2CD261EE0D10052BB32 /* TaskCell.xib */; };
		76A32DF1262428AF003804C6 /* NetworkManager.swift in Sources */ = {isa = PBXBuildFile; fileRef = 76A32DF0262428AF003804C6 /* NetworkManager.swift */; };
		76E80381261F625A000E61DB /* TaskCard.swift in Sources */ = {isa = PBXBuildFile; fileRef = 76E80380261F625A000E61DB /* TaskCard.swift */; };
/* End PBXBuildFile section */

/* Begin PBXContainerItemProxy section */
		76A0A293261EDA440052BB32 /* PBXContainerItemProxy */ = {
			isa = PBXContainerItemProxy;
			containerPortal = 76A0A274261EDA440052BB32 /* Project object */;
			proxyType = 1;
			remoteGlobalIDString = 76A0A27B261EDA440052BB32;
			remoteInfo = TodoApp;
		};
		76A0A29E261EDA440052BB32 /* PBXContainerItemProxy */ = {
			isa = PBXContainerItemProxy;
			containerPortal = 76A0A274261EDA440052BB32 /* Project object */;
			proxyType = 1;
			remoteGlobalIDString = 76A0A27B261EDA440052BB32;
			remoteInfo = TodoApp;
		};
/* End PBXContainerItemProxy section */

/* Begin PBXFileReference section */
		717F6B3C2627E10000ADFA6F /* HistoryCell.swift */ = {isa = PBXFileReference; lastKnownFileType = sourcecode.swift; path = HistoryCell.swift; sourceTree = "<group>"; };
		717F6B3D2627E10000ADFA6F /* HistoryCell.xib */ = {isa = PBXFileReference; lastKnownFileType = file.xib; path = HistoryCell.xib; sourceTree = "<group>"; };
		717F6B4B2627EA2A00ADFA6F /* HistoryStack.swift */ = {isa = PBXFileReference; lastKnownFileType = sourcecode.swift; path = HistoryStack.swift; sourceTree = "<group>"; };
		717F6B502627EA8D00ADFA6F /* HistoryCard.swift */ = {isa = PBXFileReference; lastKnownFileType = sourcecode.swift; path = HistoryCard.swift; sourceTree = "<group>"; };
		717F6B5D2628098000ADFA6F /* EditView.swift */ = {isa = PBXFileReference; lastKnownFileType = sourcecode.swift; path = EditView.swift; sourceTree = "<group>"; };
		719413D026201B36002D28AC /* TaskStackManager.swift */ = {isa = PBXFileReference; lastKnownFileType = sourcecode.swift; path = TaskStackManager.swift; sourceTree = "<group>"; };
		71A74799261F0B1E0094936B /* Constant.swift */ = {isa = PBXFileReference; lastKnownFileType = sourcecode.swift; path = Constant.swift; sourceTree = "<group>"; };
		71A747A1261F0C4D0094936B /* TaskViewController.swift */ = {isa = PBXFileReference; lastKnownFileType = sourcecode.swift; path = TaskViewController.swift; sourceTree = "<group>"; };
		767C85E82627FE9100E06C36 /* EditViewController.swift */ = {isa = PBXFileReference; lastKnownFileType = sourcecode.swift; path = EditViewController.swift; sourceTree = "<group>"; };
		767C9C2F2623C8E500894AE7 /* TaskDelegate.swift */ = {isa = PBXFileReference; lastKnownFileType = sourcecode.swift; path = TaskDelegate.swift; sourceTree = "<group>"; };
		767C9C342623C8F400894AE7 /* TaskDataSource.swift */ = {isa = PBXFileReference; lastKnownFileType = sourcecode.swift; path = TaskDataSource.swift; sourceTree = "<group>"; };
		767E2137261F715700333257 /* TaskStack.swift */ = {isa = PBXFileReference; lastKnownFileType = sourcecode.swift; path = TaskStack.swift; sourceTree = "<group>"; };
		767E2142261F762800333257 /* NewTaskViewController.swift */ = {isa = PBXFileReference; lastKnownFileType = sourcecode.swift; path = NewTaskViewController.swift; sourceTree = "<group>"; };
		76A0A27C261EDA440052BB32 /* TodoApp.app */ = {isa = PBXFileReference; explicitFileType = wrapper.application; includeInIndex = 0; path = TodoApp.app; sourceTree = BUILT_PRODUCTS_DIR; };
		76A0A27F261EDA440052BB32 /* AppDelegate.swift */ = {isa = PBXFileReference; lastKnownFileType = sourcecode.swift; path = AppDelegate.swift; sourceTree = "<group>"; };
		76A0A281261EDA440052BB32 /* SceneDelegate.swift */ = {isa = PBXFileReference; lastKnownFileType = sourcecode.swift; path = SceneDelegate.swift; sourceTree = "<group>"; };
		76A0A283261EDA440052BB32 /* MainViewController.swift */ = {isa = PBXFileReference; lastKnownFileType = sourcecode.swift; path = MainViewController.swift; sourceTree = "<group>"; };
		76A0A286261EDA440052BB32 /* Base */ = {isa = PBXFileReference; lastKnownFileType = file.storyboard; name = Base; path = Base.lproj/Main.storyboard; sourceTree = "<group>"; };
		76A0A288261EDA440052BB32 /* Assets.xcassets */ = {isa = PBXFileReference; lastKnownFileType = folder.assetcatalog; path = Assets.xcassets; sourceTree = "<group>"; };
		76A0A28B261EDA440052BB32 /* Base */ = {isa = PBXFileReference; lastKnownFileType = file.storyboard; name = Base; path = Base.lproj/LaunchScreen.storyboard; sourceTree = "<group>"; };
		76A0A28D261EDA440052BB32 /* Info.plist */ = {isa = PBXFileReference; lastKnownFileType = text.plist.xml; path = Info.plist; sourceTree = "<group>"; };
		76A0A292261EDA440052BB32 /* TodoAppTests.xctest */ = {isa = PBXFileReference; explicitFileType = wrapper.cfbundle; includeInIndex = 0; path = TodoAppTests.xctest; sourceTree = BUILT_PRODUCTS_DIR; };
		76A0A296261EDA440052BB32 /* TodoAppTests.swift */ = {isa = PBXFileReference; lastKnownFileType = sourcecode.swift; path = TodoAppTests.swift; sourceTree = "<group>"; };
		76A0A298261EDA440052BB32 /* Info.plist */ = {isa = PBXFileReference; lastKnownFileType = text.plist.xml; path = Info.plist; sourceTree = "<group>"; };
		76A0A29D261EDA440052BB32 /* TodoAppUITests.xctest */ = {isa = PBXFileReference; explicitFileType = wrapper.cfbundle; includeInIndex = 0; path = TodoAppUITests.xctest; sourceTree = BUILT_PRODUCTS_DIR; };
		76A0A2A1261EDA450052BB32 /* TodoAppUITests.swift */ = {isa = PBXFileReference; lastKnownFileType = sourcecode.swift; path = TodoAppUITests.swift; sourceTree = "<group>"; };
		76A0A2A3261EDA450052BB32 /* Info.plist */ = {isa = PBXFileReference; lastKnownFileType = text.plist.xml; path = Info.plist; sourceTree = "<group>"; };
		76A0A2CC261EE0D10052BB32 /* TaskCell.swift */ = {isa = PBXFileReference; lastKnownFileType = sourcecode.swift; path = TaskCell.swift; sourceTree = "<group>"; };
		76A0A2CD261EE0D10052BB32 /* TaskCell.xib */ = {isa = PBXFileReference; lastKnownFileType = file.xib; path = TaskCell.xib; sourceTree = "<group>"; };
		76A32DF0262428AF003804C6 /* NetworkManager.swift */ = {isa = PBXFileReference; lastKnownFileType = sourcecode.swift; path = NetworkManager.swift; sourceTree = "<group>"; };
		76E80380261F625A000E61DB /* TaskCard.swift */ = {isa = PBXFileReference; lastKnownFileType = sourcecode.swift; path = TaskCard.swift; sourceTree = "<group>"; };
/* End PBXFileReference section */

/* Begin PBXFrameworksBuildPhase section */
		76A0A279261EDA440052BB32 /* Frameworks */ = {
			isa = PBXFrameworksBuildPhase;
			buildActionMask = 2147483647;
			files = (
			);
			runOnlyForDeploymentPostprocessing = 0;
		};
		76A0A28F261EDA440052BB32 /* Frameworks */ = {
			isa = PBXFrameworksBuildPhase;
			buildActionMask = 2147483647;
			files = (
			);
			runOnlyForDeploymentPostprocessing = 0;
		};
		76A0A29A261EDA440052BB32 /* Frameworks */ = {
			isa = PBXFrameworksBuildPhase;
			buildActionMask = 2147483647;
			files = (
			);
			runOnlyForDeploymentPostprocessing = 0;
		};
/* End PBXFrameworksBuildPhase section */

/* Begin PBXGroup section */
		71A74798261F0AFB0094936B /* Enum */ = {
			isa = PBXGroup;
			children = (
				71A74799261F0B1E0094936B /* Constant.swift */,
			);
			path = Enum;
			sourceTree = "<group>";
		};
		767C9C2E2623C8B600894AE7 /* Task */ = {
			isa = PBXGroup;
			children = (
				71A747A1261F0C4D0094936B /* TaskViewController.swift */,
				767C9C2F2623C8E500894AE7 /* TaskDelegate.swift */,
				767C9C342623C8F400894AE7 /* TaskDataSource.swift */,
			);
			path = Task;
			sourceTree = "<group>";
		};
		76A0A273261EDA440052BB32 = {
			isa = PBXGroup;
			children = (
				71A74798261F0AFB0094936B /* Enum */,
				76A0A2BB261EDA6B0052BB32 /* Stroyboard */,
				76A0A2B7261EDA560052BB32 /* Controller */,
				76A0A2B6261EDA500052BB32 /* View */,
				76A0A2B2261EDA4B0052BB32 /* Model */,
				76A0A27E261EDA440052BB32 /* TodoApp */,
				76A0A295261EDA440052BB32 /* TodoAppTests */,
				76A0A2A0261EDA450052BB32 /* TodoAppUITests */,
				76A0A27D261EDA440052BB32 /* Products */,
			);
			sourceTree = "<group>";
		};
		76A0A27D261EDA440052BB32 /* Products */ = {
			isa = PBXGroup;
			children = (
				76A0A27C261EDA440052BB32 /* TodoApp.app */,
				76A0A292261EDA440052BB32 /* TodoAppTests.xctest */,
				76A0A29D261EDA440052BB32 /* TodoAppUITests.xctest */,
			);
			name = Products;
			sourceTree = "<group>";
		};
		76A0A27E261EDA440052BB32 /* TodoApp */ = {
			isa = PBXGroup;
			children = (
				76A0A27F261EDA440052BB32 /* AppDelegate.swift */,
				76A0A281261EDA440052BB32 /* SceneDelegate.swift */,
				76A0A288261EDA440052BB32 /* Assets.xcassets */,
				76A0A28D261EDA440052BB32 /* Info.plist */,
			);
			path = TodoApp;
			sourceTree = "<group>";
		};
		76A0A295261EDA440052BB32 /* TodoAppTests */ = {
			isa = PBXGroup;
			children = (
				76A0A296261EDA440052BB32 /* TodoAppTests.swift */,
				76A0A298261EDA440052BB32 /* Info.plist */,
			);
			path = TodoAppTests;
			sourceTree = "<group>";
		};
		76A0A2A0261EDA450052BB32 /* TodoAppUITests */ = {
			isa = PBXGroup;
			children = (
				76A0A2A1261EDA450052BB32 /* TodoAppUITests.swift */,
				76A0A2A3261EDA450052BB32 /* Info.plist */,
			);
			path = TodoAppUITests;
			sourceTree = "<group>";
		};
		76A0A2B2261EDA4B0052BB32 /* Model */ = {
			isa = PBXGroup;
			children = (
				76A32DEF26242887003804C6 /* Network */,
				76E80380261F625A000E61DB /* TaskCard.swift */,
				767E2137261F715700333257 /* TaskStack.swift */,
				719413D026201B36002D28AC /* TaskStackManager.swift */,
				717F6B4B2627EA2A00ADFA6F /* HistoryStack.swift */,
				717F6B502627EA8D00ADFA6F /* HistoryCard.swift */,
			);
			path = Model;
			sourceTree = "<group>";
		};
		76A0A2B6261EDA500052BB32 /* View */ = {
			isa = PBXGroup;
			children = (
				76A0A2CC261EE0D10052BB32 /* TaskCell.swift */,
				76A0A2CD261EE0D10052BB32 /* TaskCell.xib */,
				717F6B3C2627E10000ADFA6F /* HistoryCell.swift */,
				717F6B3D2627E10000ADFA6F /* HistoryCell.xib */,
				717F6B5D2628098000ADFA6F /* EditView.swift */,
			);
			path = View;
			sourceTree = "<group>";
		};
		76A0A2B7261EDA560052BB32 /* Controller */ = {
			isa = PBXGroup;
			children = (
				76A0A283261EDA440052BB32 /* MainViewController.swift */,
				767C9C2E2623C8B600894AE7 /* Task */,
				767E2142261F762800333257 /* NewTaskViewController.swift */,
				767C85E82627FE9100E06C36 /* EditViewController.swift */,
			);
			path = Controller;
			sourceTree = "<group>";
		};
		76A0A2BB261EDA6B0052BB32 /* Stroyboard */ = {
			isa = PBXGroup;
			children = (
				76A0A285261EDA440052BB32 /* Main.storyboard */,
				76A0A28A261EDA440052BB32 /* LaunchScreen.storyboard */,
			);
			path = Stroyboard;
			sourceTree = "<group>";
		};
		76A32DEF26242887003804C6 /* Network */ = {
			isa = PBXGroup;
			children = (
				76A32DF0262428AF003804C6 /* NetworkManager.swift */,
			);
			path = Network;
			sourceTree = "<group>";
		};
/* End PBXGroup section */

/* Begin PBXNativeTarget section */
		76A0A27B261EDA440052BB32 /* TodoApp */ = {
			isa = PBXNativeTarget;
			buildConfigurationList = 76A0A2A6261EDA450052BB32 /* Build configuration list for PBXNativeTarget "TodoApp" */;
			buildPhases = (
				76A0A278261EDA440052BB32 /* Sources */,
				76A0A279261EDA440052BB32 /* Frameworks */,
				76A0A27A261EDA440052BB32 /* Resources */,
			);
			buildRules = (
			);
			dependencies = (
			);
			name = TodoApp;
			productName = TodoApp;
			productReference = 76A0A27C261EDA440052BB32 /* TodoApp.app */;
			productType = "com.apple.product-type.application";
		};
		76A0A291261EDA440052BB32 /* TodoAppTests */ = {
			isa = PBXNativeTarget;
			buildConfigurationList = 76A0A2A9261EDA450052BB32 /* Build configuration list for PBXNativeTarget "TodoAppTests" */;
			buildPhases = (
				76A0A28E261EDA440052BB32 /* Sources */,
				76A0A28F261EDA440052BB32 /* Frameworks */,
				76A0A290261EDA440052BB32 /* Resources */,
			);
			buildRules = (
			);
			dependencies = (
				76A0A294261EDA440052BB32 /* PBXTargetDependency */,
			);
			name = TodoAppTests;
			productName = TodoAppTests;
			productReference = 76A0A292261EDA440052BB32 /* TodoAppTests.xctest */;
			productType = "com.apple.product-type.bundle.unit-test";
		};
		76A0A29C261EDA440052BB32 /* TodoAppUITests */ = {
			isa = PBXNativeTarget;
			buildConfigurationList = 76A0A2AC261EDA450052BB32 /* Build configuration list for PBXNativeTarget "TodoAppUITests" */;
			buildPhases = (
				76A0A299261EDA440052BB32 /* Sources */,
				76A0A29A261EDA440052BB32 /* Frameworks */,
				76A0A29B261EDA440052BB32 /* Resources */,
			);
			buildRules = (
			);
			dependencies = (
				76A0A29F261EDA440052BB32 /* PBXTargetDependency */,
			);
			name = TodoAppUITests;
			productName = TodoAppUITests;
			productReference = 76A0A29D261EDA440052BB32 /* TodoAppUITests.xctest */;
			productType = "com.apple.product-type.bundle.ui-testing";
		};
/* End PBXNativeTarget section */

/* Begin PBXProject section */
		76A0A274261EDA440052BB32 /* Project object */ = {
			isa = PBXProject;
			attributes = {
				LastSwiftUpdateCheck = 1240;
				LastUpgradeCheck = 1240;
				TargetAttributes = {
					76A0A27B261EDA440052BB32 = {
						CreatedOnToolsVersion = 12.4;
					};
					76A0A291261EDA440052BB32 = {
						CreatedOnToolsVersion = 12.4;
						TestTargetID = 76A0A27B261EDA440052BB32;
					};
					76A0A29C261EDA440052BB32 = {
						CreatedOnToolsVersion = 12.4;
						TestTargetID = 76A0A27B261EDA440052BB32;
					};
				};
			};
			buildConfigurationList = 76A0A277261EDA440052BB32 /* Build configuration list for PBXProject "TodoApp" */;
			compatibilityVersion = "Xcode 9.3";
			developmentRegion = en;
			hasScannedForEncodings = 0;
			knownRegions = (
				en,
				Base,
			);
			mainGroup = 76A0A273261EDA440052BB32;
			productRefGroup = 76A0A27D261EDA440052BB32 /* Products */;
			projectDirPath = "";
			projectRoot = "";
			targets = (
				76A0A27B261EDA440052BB32 /* TodoApp */,
				76A0A291261EDA440052BB32 /* TodoAppTests */,
				76A0A29C261EDA440052BB32 /* TodoAppUITests */,
			);
		};
/* End PBXProject section */

/* Begin PBXResourcesBuildPhase section */
		76A0A27A261EDA440052BB32 /* Resources */ = {
			isa = PBXResourcesBuildPhase;
			buildActionMask = 2147483647;
			files = (
				717F6B3F2627E10000ADFA6F /* HistoryCell.xib in Resources */,
				76A0A28C261EDA440052BB32 /* LaunchScreen.storyboard in Resources */,
				76A0A2CF261EE0D10052BB32 /* TaskCell.xib in Resources */,
				76A0A289261EDA440052BB32 /* Assets.xcassets in Resources */,
				76A0A287261EDA440052BB32 /* Main.storyboard in Resources */,
			);
			runOnlyForDeploymentPostprocessing = 0;
		};
		76A0A290261EDA440052BB32 /* Resources */ = {
			isa = PBXResourcesBuildPhase;
			buildActionMask = 2147483647;
			files = (
			);
			runOnlyForDeploymentPostprocessing = 0;
		};
		76A0A29B261EDA440052BB32 /* Resources */ = {
			isa = PBXResourcesBuildPhase;
			buildActionMask = 2147483647;
			files = (
			);
			runOnlyForDeploymentPostprocessing = 0;
		};
/* End PBXResourcesBuildPhase section */

/* Begin PBXSourcesBuildPhase section */
		76A0A278261EDA440052BB32 /* Sources */ = {
			isa = PBXSourcesBuildPhase;
			buildActionMask = 2147483647;
			files = (
				76A0A2CE261EE0D10052BB32 /* TaskCell.swift in Sources */,
				717F6B5E2628098000ADFA6F /* EditView.swift in Sources */,
				71A7479A261F0B1E0094936B /* Constant.swift in Sources */,
				76E80381261F625A000E61DB /* TaskCard.swift in Sources */,
				76A32DF1262428AF003804C6 /* NetworkManager.swift in Sources */,
				767E2138261F715700333257 /* TaskStack.swift in Sources */,
				767E2143261F762800333257 /* NewTaskViewController.swift in Sources */,
				767C9C352623C8F400894AE7 /* TaskDataSource.swift in Sources */,
				767C85E92627FE9100E06C36 /* EditViewController.swift in Sources */,
				76A0A284261EDA440052BB32 /* MainViewController.swift in Sources */,
				717F6B512627EA8D00ADFA6F /* HistoryCard.swift in Sources */,
				717F6B3E2627E10000ADFA6F /* HistoryCell.swift in Sources */,
				717F6B4C2627EA2A00ADFA6F /* HistoryStack.swift in Sources */,
				76A0A280261EDA440052BB32 /* AppDelegate.swift in Sources */,
				719413D126201B36002D28AC /* TaskStackManager.swift in Sources */,
				767C9C302623C8E500894AE7 /* TaskDelegate.swift in Sources */,
				76A0A282261EDA440052BB32 /* SceneDelegate.swift in Sources */,
				71A747A2261F0C4D0094936B /* TaskViewController.swift in Sources */,
			);
			runOnlyForDeploymentPostprocessing = 0;
		};
		76A0A28E261EDA440052BB32 /* Sources */ = {
			isa = PBXSourcesBuildPhase;
			buildActionMask = 2147483647;
			files = (
				76A0A297261EDA440052BB32 /* TodoAppTests.swift in Sources */,
			);
			runOnlyForDeploymentPostprocessing = 0;
		};
		76A0A299261EDA440052BB32 /* Sources */ = {
			isa = PBXSourcesBuildPhase;
			buildActionMask = 2147483647;
			files = (
				76A0A2A2261EDA450052BB32 /* TodoAppUITests.swift in Sources */,
			);
			runOnlyForDeploymentPostprocessing = 0;
		};
/* End PBXSourcesBuildPhase section */

/* Begin PBXTargetDependency section */
		76A0A294261EDA440052BB32 /* PBXTargetDependency */ = {
			isa = PBXTargetDependency;
			target = 76A0A27B261EDA440052BB32 /* TodoApp */;
			targetProxy = 76A0A293261EDA440052BB32 /* PBXContainerItemProxy */;
		};
		76A0A29F261EDA440052BB32 /* PBXTargetDependency */ = {
			isa = PBXTargetDependency;
			target = 76A0A27B261EDA440052BB32 /* TodoApp */;
			targetProxy = 76A0A29E261EDA440052BB32 /* PBXContainerItemProxy */;
		};
/* End PBXTargetDependency section */

/* Begin PBXVariantGroup section */
		76A0A285261EDA440052BB32 /* Main.storyboard */ = {
			isa = PBXVariantGroup;
			children = (
				76A0A286261EDA440052BB32 /* Base */,
			);
			name = Main.storyboard;
			sourceTree = "<group>";
		};
		76A0A28A261EDA440052BB32 /* LaunchScreen.storyboard */ = {
			isa = PBXVariantGroup;
			children = (
				76A0A28B261EDA440052BB32 /* Base */,
			);
			name = LaunchScreen.storyboard;
			sourceTree = "<group>";
		};
/* End PBXVariantGroup section */

/* Begin XCBuildConfiguration section */
		76A0A2A4261EDA450052BB32 /* Debug */ = {
			isa = XCBuildConfiguration;
			buildSettings = {
				ALWAYS_SEARCH_USER_PATHS = NO;
				CLANG_ANALYZER_NONNULL = YES;
				CLANG_ANALYZER_NUMBER_OBJECT_CONVERSION = YES_AGGRESSIVE;
				CLANG_CXX_LANGUAGE_STANDARD = "gnu++14";
				CLANG_CXX_LIBRARY = "libc++";
				CLANG_ENABLE_MODULES = YES;
				CLANG_ENABLE_OBJC_ARC = YES;
				CLANG_ENABLE_OBJC_WEAK = YES;
				CLANG_WARN_BLOCK_CAPTURE_AUTORELEASING = YES;
				CLANG_WARN_BOOL_CONVERSION = YES;
				CLANG_WARN_COMMA = YES;
				CLANG_WARN_CONSTANT_CONVERSION = YES;
				CLANG_WARN_DEPRECATED_OBJC_IMPLEMENTATIONS = YES;
				CLANG_WARN_DIRECT_OBJC_ISA_USAGE = YES_ERROR;
				CLANG_WARN_DOCUMENTATION_COMMENTS = YES;
				CLANG_WARN_EMPTY_BODY = YES;
				CLANG_WARN_ENUM_CONVERSION = YES;
				CLANG_WARN_INFINITE_RECURSION = YES;
				CLANG_WARN_INT_CONVERSION = YES;
				CLANG_WARN_NON_LITERAL_NULL_CONVERSION = YES;
				CLANG_WARN_OBJC_IMPLICIT_RETAIN_SELF = YES;
				CLANG_WARN_OBJC_LITERAL_CONVERSION = YES;
				CLANG_WARN_OBJC_ROOT_CLASS = YES_ERROR;
				CLANG_WARN_QUOTED_INCLUDE_IN_FRAMEWORK_HEADER = YES;
				CLANG_WARN_RANGE_LOOP_ANALYSIS = YES;
				CLANG_WARN_STRICT_PROTOTYPES = YES;
				CLANG_WARN_SUSPICIOUS_MOVE = YES;
				CLANG_WARN_UNGUARDED_AVAILABILITY = YES_AGGRESSIVE;
				CLANG_WARN_UNREACHABLE_CODE = YES;
				CLANG_WARN__DUPLICATE_METHOD_MATCH = YES;
				COPY_PHASE_STRIP = NO;
				DEBUG_INFORMATION_FORMAT = dwarf;
				ENABLE_STRICT_OBJC_MSGSEND = YES;
				ENABLE_TESTABILITY = YES;
				GCC_C_LANGUAGE_STANDARD = gnu11;
				GCC_DYNAMIC_NO_PIC = NO;
				GCC_NO_COMMON_BLOCKS = YES;
				GCC_OPTIMIZATION_LEVEL = 0;
				GCC_PREPROCESSOR_DEFINITIONS = (
					"DEBUG=1",
					"$(inherited)",
				);
				GCC_WARN_64_TO_32_BIT_CONVERSION = YES;
				GCC_WARN_ABOUT_RETURN_TYPE = YES_ERROR;
				GCC_WARN_UNDECLARED_SELECTOR = YES;
				GCC_WARN_UNINITIALIZED_AUTOS = YES_AGGRESSIVE;
				GCC_WARN_UNUSED_FUNCTION = YES;
				GCC_WARN_UNUSED_VARIABLE = YES;
				IPHONEOS_DEPLOYMENT_TARGET = 14.4;
				MTL_ENABLE_DEBUG_INFO = INCLUDE_SOURCE;
				MTL_FAST_MATH = YES;
				ONLY_ACTIVE_ARCH = YES;
				SDKROOT = iphoneos;
				SWIFT_ACTIVE_COMPILATION_CONDITIONS = DEBUG;
				SWIFT_OPTIMIZATION_LEVEL = "-Onone";
			};
			name = Debug;
		};
		76A0A2A5261EDA450052BB32 /* Release */ = {
			isa = XCBuildConfiguration;
			buildSettings = {
				ALWAYS_SEARCH_USER_PATHS = NO;
				CLANG_ANALYZER_NONNULL = YES;
				CLANG_ANALYZER_NUMBER_OBJECT_CONVERSION = YES_AGGRESSIVE;
				CLANG_CXX_LANGUAGE_STANDARD = "gnu++14";
				CLANG_CXX_LIBRARY = "libc++";
				CLANG_ENABLE_MODULES = YES;
				CLANG_ENABLE_OBJC_ARC = YES;
				CLANG_ENABLE_OBJC_WEAK = YES;
				CLANG_WARN_BLOCK_CAPTURE_AUTORELEASING = YES;
				CLANG_WARN_BOOL_CONVERSION = YES;
				CLANG_WARN_COMMA = YES;
				CLANG_WARN_CONSTANT_CONVERSION = YES;
				CLANG_WARN_DEPRECATED_OBJC_IMPLEMENTATIONS = YES;
				CLANG_WARN_DIRECT_OBJC_ISA_USAGE = YES_ERROR;
				CLANG_WARN_DOCUMENTATION_COMMENTS = YES;
				CLANG_WARN_EMPTY_BODY = YES;
				CLANG_WARN_ENUM_CONVERSION = YES;
				CLANG_WARN_INFINITE_RECURSION = YES;
				CLANG_WARN_INT_CONVERSION = YES;
				CLANG_WARN_NON_LITERAL_NULL_CONVERSION = YES;
				CLANG_WARN_OBJC_IMPLICIT_RETAIN_SELF = YES;
				CLANG_WARN_OBJC_LITERAL_CONVERSION = YES;
				CLANG_WARN_OBJC_ROOT_CLASS = YES_ERROR;
				CLANG_WARN_QUOTED_INCLUDE_IN_FRAMEWORK_HEADER = YES;
				CLANG_WARN_RANGE_LOOP_ANALYSIS = YES;
				CLANG_WARN_STRICT_PROTOTYPES = YES;
				CLANG_WARN_SUSPICIOUS_MOVE = YES;
				CLANG_WARN_UNGUARDED_AVAILABILITY = YES_AGGRESSIVE;
				CLANG_WARN_UNREACHABLE_CODE = YES;
				CLANG_WARN__DUPLICATE_METHOD_MATCH = YES;
				COPY_PHASE_STRIP = NO;
				DEBUG_INFORMATION_FORMAT = "dwarf-with-dsym";
				ENABLE_NS_ASSERTIONS = NO;
				ENABLE_STRICT_OBJC_MSGSEND = YES;
				GCC_C_LANGUAGE_STANDARD = gnu11;
				GCC_NO_COMMON_BLOCKS = YES;
				GCC_WARN_64_TO_32_BIT_CONVERSION = YES;
				GCC_WARN_ABOUT_RETURN_TYPE = YES_ERROR;
				GCC_WARN_UNDECLARED_SELECTOR = YES;
				GCC_WARN_UNINITIALIZED_AUTOS = YES_AGGRESSIVE;
				GCC_WARN_UNUSED_FUNCTION = YES;
				GCC_WARN_UNUSED_VARIABLE = YES;
				IPHONEOS_DEPLOYMENT_TARGET = 14.4;
				MTL_ENABLE_DEBUG_INFO = NO;
				MTL_FAST_MATH = YES;
				SDKROOT = iphoneos;
				SWIFT_COMPILATION_MODE = wholemodule;
				SWIFT_OPTIMIZATION_LEVEL = "-O";
				VALIDATE_PRODUCT = YES;
			};
			name = Release;
		};
		76A0A2A7261EDA450052BB32 /* Debug */ = {
			isa = XCBuildConfiguration;
			buildSettings = {
				ASSETCATALOG_COMPILER_APPICON_NAME = AppIcon;
				ASSETCATALOG_COMPILER_GLOBAL_ACCENT_COLOR_NAME = AccentColor;
				CODE_SIGN_STYLE = Automatic;
				DEVELOPMENT_TEAM = 7A464AFW63;
				INFOPLIST_FILE = TodoApp/Info.plist;
				LD_RUNPATH_SEARCH_PATHS = (
					"$(inherited)",
					"@executable_path/Frameworks",
				);
				PRODUCT_BUNDLE_IDENTIFIER = co.codesquad.TodoApp;
				PRODUCT_NAME = "$(TARGET_NAME)";
				SWIFT_VERSION = 5.0;
				TARGETED_DEVICE_FAMILY = 2;
			};
			name = Debug;
		};
		76A0A2A8261EDA450052BB32 /* Release */ = {
			isa = XCBuildConfiguration;
			buildSettings = {
				ASSETCATALOG_COMPILER_APPICON_NAME = AppIcon;
				ASSETCATALOG_COMPILER_GLOBAL_ACCENT_COLOR_NAME = AccentColor;
				CODE_SIGN_STYLE = Automatic;
				DEVELOPMENT_TEAM = 7A464AFW63;
				INFOPLIST_FILE = TodoApp/Info.plist;
				LD_RUNPATH_SEARCH_PATHS = (
					"$(inherited)",
					"@executable_path/Frameworks",
				);
				PRODUCT_BUNDLE_IDENTIFIER = co.codesquad.TodoApp;
				PRODUCT_NAME = "$(TARGET_NAME)";
				SWIFT_VERSION = 5.0;
				TARGETED_DEVICE_FAMILY = 2;
			};
			name = Release;
		};
		76A0A2AA261EDA450052BB32 /* Debug */ = {
			isa = XCBuildConfiguration;
			buildSettings = {
				ALWAYS_EMBED_SWIFT_STANDARD_LIBRARIES = YES;
				BUNDLE_LOADER = "$(TEST_HOST)";
				CODE_SIGN_STYLE = Automatic;
				DEVELOPMENT_TEAM = 7A464AFW63;
				INFOPLIST_FILE = TodoAppTests/Info.plist;
				IPHONEOS_DEPLOYMENT_TARGET = 14.4;
				LD_RUNPATH_SEARCH_PATHS = (
					"$(inherited)",
					"@executable_path/Frameworks",
					"@loader_path/Frameworks",
				);
				PRODUCT_BUNDLE_IDENTIFIER = co.codesquad.TodoAppTests;
				PRODUCT_NAME = "$(TARGET_NAME)";
				SWIFT_VERSION = 5.0;
				TARGETED_DEVICE_FAMILY = "1,2";
				TEST_HOST = "$(BUILT_PRODUCTS_DIR)/TodoApp.app/TodoApp";
			};
			name = Debug;
		};
		76A0A2AB261EDA450052BB32 /* Release */ = {
			isa = XCBuildConfiguration;
			buildSettings = {
				ALWAYS_EMBED_SWIFT_STANDARD_LIBRARIES = YES;
				BUNDLE_LOADER = "$(TEST_HOST)";
				CODE_SIGN_STYLE = Automatic;
				DEVELOPMENT_TEAM = 7A464AFW63;
				INFOPLIST_FILE = TodoAppTests/Info.plist;
				IPHONEOS_DEPLOYMENT_TARGET = 14.4;
				LD_RUNPATH_SEARCH_PATHS = (
					"$(inherited)",
					"@executable_path/Frameworks",
					"@loader_path/Frameworks",
				);
				PRODUCT_BUNDLE_IDENTIFIER = co.codesquad.TodoAppTests;
				PRODUCT_NAME = "$(TARGET_NAME)";
				SWIFT_VERSION = 5.0;
				TARGETED_DEVICE_FAMILY = "1,2";
				TEST_HOST = "$(BUILT_PRODUCTS_DIR)/TodoApp.app/TodoApp";
			};
			name = Release;
		};
		76A0A2AD261EDA450052BB32 /* Debug */ = {
			isa = XCBuildConfiguration;
			buildSettings = {
				ALWAYS_EMBED_SWIFT_STANDARD_LIBRARIES = YES;
				CODE_SIGN_STYLE = Automatic;
				DEVELOPMENT_TEAM = 7A464AFW63;
				INFOPLIST_FILE = TodoAppUITests/Info.plist;
				LD_RUNPATH_SEARCH_PATHS = (
					"$(inherited)",
					"@executable_path/Frameworks",
					"@loader_path/Frameworks",
				);
				PRODUCT_BUNDLE_IDENTIFIER = co.codesquad.TodoAppUITests;
				PRODUCT_NAME = "$(TARGET_NAME)";
				SWIFT_VERSION = 5.0;
				TARGETED_DEVICE_FAMILY = "1,2";
				TEST_TARGET_NAME = TodoApp;
			};
			name = Debug;
		};
		76A0A2AE261EDA450052BB32 /* Release */ = {
			isa = XCBuildConfiguration;
			buildSettings = {
				ALWAYS_EMBED_SWIFT_STANDARD_LIBRARIES = YES;
				CODE_SIGN_STYLE = Automatic;
				DEVELOPMENT_TEAM = 7A464AFW63;
				INFOPLIST_FILE = TodoAppUITests/Info.plist;
				LD_RUNPATH_SEARCH_PATHS = (
					"$(inherited)",
					"@executable_path/Frameworks",
					"@loader_path/Frameworks",
				);
				PRODUCT_BUNDLE_IDENTIFIER = co.codesquad.TodoAppUITests;
				PRODUCT_NAME = "$(TARGET_NAME)";
				SWIFT_VERSION = 5.0;
				TARGETED_DEVICE_FAMILY = "1,2";
				TEST_TARGET_NAME = TodoApp;
			};
			name = Release;
		};
/* End XCBuildConfiguration section */

/* Begin XCConfigurationList section */
		76A0A277261EDA440052BB32 /* Build configuration list for PBXProject "TodoApp" */ = {
			isa = XCConfigurationList;
			buildConfigurations = (
				76A0A2A4261EDA450052BB32 /* Debug */,
				76A0A2A5261EDA450052BB32 /* Release */,
			);
			defaultConfigurationIsVisible = 0;
			defaultConfigurationName = Release;
		};
		76A0A2A6261EDA450052BB32 /* Build configuration list for PBXNativeTarget "TodoApp" */ = {
			isa = XCConfigurationList;
			buildConfigurations = (
				76A0A2A7261EDA450052BB32 /* Debug */,
				76A0A2A8261EDA450052BB32 /* Release */,
			);
			defaultConfigurationIsVisible = 0;
			defaultConfigurationName = Release;
		};
		76A0A2A9261EDA450052BB32 /* Build configuration list for PBXNativeTarget "TodoAppTests" */ = {
			isa = XCConfigurationList;
			buildConfigurations = (
				76A0A2AA261EDA450052BB32 /* Debug */,
				76A0A2AB261EDA450052BB32 /* Release */,
			);
			defaultConfigurationIsVisible = 0;
			defaultConfigurationName = Release;
		};
		76A0A2AC261EDA450052BB32 /* Build configuration list for PBXNativeTarget "TodoAppUITests" */ = {
			isa = XCConfigurationList;
			buildConfigurations = (
				76A0A2AD261EDA450052BB32 /* Debug */,
				76A0A2AE261EDA450052BB32 /* Release */,
			);
			defaultConfigurationIsVisible = 0;
			defaultConfigurationName = Release;
		};
/* End XCConfigurationList section */
	};
	rootObject = 76A0A274261EDA440052BB32 /* Project object */;
}
