// !$*UTF8*$!
{
	archiveVersion = 1;
	classes = {
	};
	objectVersion = 50;
	objects = {

/* Begin PBXBuildFile section */
		105DCBB526247E31008AC441 /* HTTPMethod.swift in Sources */ = {isa = PBXBuildFile; fileRef = 105DCBB426247E31008AC441 /* HTTPMethod.swift */; };
		107249D5261DBEEF005B3DD8 /* CardCell.swift in Sources */ = {isa = PBXBuildFile; fileRef = 107249D3261DBEEF005B3DD8 /* CardCell.swift */; };
		107249D6261DBEEF005B3DD8 /* CardCell.xib in Resources */ = {isa = PBXBuildFile; fileRef = 107249D4261DBEEF005B3DD8 /* CardCell.xib */; };
		107249DB261DC182005B3DD8 /* CardViewController.swift in Sources */ = {isa = PBXBuildFile; fileRef = 107249DA261DC182005B3DD8 /* CardViewController.swift */; };
		10AA054D261FE73C00CAD7D0 /* Board.swift in Sources */ = {isa = PBXBuildFile; fileRef = 10AA054C261FE73C00CAD7D0 /* Board.swift */; };
		10C1B3FB261EDE9F00B6BD9E /* Card.swift in Sources */ = {isa = PBXBuildFile; fileRef = 10C1B3FA261EDE9F00B6BD9E /* Card.swift */; };
		10C1B409261EFE6900B6BD9E /* ModalViewController.swift in Sources */ = {isa = PBXBuildFile; fileRef = 10C1B408261EFE6900B6BD9E /* ModalViewController.swift */; };
		10C1B40E261EFEA600B6BD9E /* Modal.storyboard in Resources */ = {isa = PBXBuildFile; fileRef = 10C1B40D261EFEA600B6BD9E /* Modal.storyboard */; };
		10E6431826201822002D6FE5 /* CardViewController+Drag.swift in Sources */ = {isa = PBXBuildFile; fileRef = 10E6431726201822002D6FE5 /* CardViewController+Drag.swift */; };
		10E6431D26201835002D6FE5 /* CardViewController+Drop.swift in Sources */ = {isa = PBXBuildFile; fileRef = 10E6431C26201835002D6FE5 /* CardViewController+Drop.swift */; };
		10E6432226201842002D6FE5 /* CardViewController+Data.swift in Sources */ = {isa = PBXBuildFile; fileRef = 10E6432126201842002D6FE5 /* CardViewController+Data.swift */; };
		10E6432A26201DD7002D6FE5 /* CardViewConstant.swift in Sources */ = {isa = PBXBuildFile; fileRef = 10E6432926201DD7002D6FE5 /* CardViewConstant.swift */; };
		10FA92EF262425AA0002DBE2 /* CardsAPI.swift in Sources */ = {isa = PBXBuildFile; fileRef = 10FA92EE262425AA0002DBE2 /* CardsAPI.swift */; };
		10FA92F726242C620002DBE2 /* URLSessionProtocol.swift in Sources */ = {isa = PBXBuildFile; fileRef = 10FA92F626242C620002DBE2 /* URLSessionProtocol.swift */; };
		10FA92FF262444A90002DBE2 /* CardAPIClient.swift in Sources */ = {isa = PBXBuildFile; fileRef = 10FA92FE262444A90002DBE2 /* CardAPIClient.swift */; };
		10FA93042624461D0002DBE2 /* Cards.swift in Sources */ = {isa = PBXBuildFile; fileRef = 10FA93032624461D0002DBE2 /* Cards.swift */; };
		FA41FF04261C4FD2004ECD45 /* AppDelegate.swift in Sources */ = {isa = PBXBuildFile; fileRef = FA41FF03261C4FD2004ECD45 /* AppDelegate.swift */; };
		FA41FF06261C4FD2004ECD45 /* SceneDelegate.swift in Sources */ = {isa = PBXBuildFile; fileRef = FA41FF05261C4FD2004ECD45 /* SceneDelegate.swift */; };
		FA41FF08261C4FD2004ECD45 /* ViewController.swift in Sources */ = {isa = PBXBuildFile; fileRef = FA41FF07261C4FD2004ECD45 /* ViewController.swift */; };
		FA41FF0B261C4FD2004ECD45 /* Main.storyboard in Resources */ = {isa = PBXBuildFile; fileRef = FA41FF09261C4FD2004ECD45 /* Main.storyboard */; };
		FA41FF0D261C4FD5004ECD45 /* Assets.xcassets in Resources */ = {isa = PBXBuildFile; fileRef = FA41FF0C261C4FD5004ECD45 /* Assets.xcassets */; };
		FA41FF10261C4FD5004ECD45 /* LaunchScreen.storyboard in Resources */ = {isa = PBXBuildFile; fileRef = FA41FF0E261C4FD5004ECD45 /* LaunchScreen.storyboard */; };
		FA41FF1B261C4FD5004ECD45 /* Todo_ListTests.swift in Sources */ = {isa = PBXBuildFile; fileRef = FA41FF1A261C4FD5004ECD45 /* Todo_ListTests.swift */; };
		FA41FF26261C4FD5004ECD45 /* Todo_ListUITests.swift in Sources */ = {isa = PBXBuildFile; fileRef = FA41FF25261C4FD5004ECD45 /* Todo_ListUITests.swift */; };
		FA986E26261C8C04004CC3CB /* NotoSansKR-Regular.otf in Resources */ = {isa = PBXBuildFile; fileRef = FA986E1E261C886C004CC3CB /* NotoSansKR-Regular.otf */; };
/* End PBXBuildFile section */

/* Begin PBXContainerItemProxy section */
		FA41FF17261C4FD5004ECD45 /* PBXContainerItemProxy */ = {
			isa = PBXContainerItemProxy;
			containerPortal = FA41FEF8261C4FD2004ECD45 /* Project object */;
			proxyType = 1;
			remoteGlobalIDString = FA41FEFF261C4FD2004ECD45;
			remoteInfo = Todo_List;
		};
		FA41FF22261C4FD5004ECD45 /* PBXContainerItemProxy */ = {
			isa = PBXContainerItemProxy;
			containerPortal = FA41FEF8261C4FD2004ECD45 /* Project object */;
			proxyType = 1;
			remoteGlobalIDString = FA41FEFF261C4FD2004ECD45;
			remoteInfo = Todo_List;
		};
/* End PBXContainerItemProxy section */

/* Begin PBXFileReference section */
		105DCBB426247E31008AC441 /* HTTPMethod.swift */ = {isa = PBXFileReference; lastKnownFileType = sourcecode.swift; path = HTTPMethod.swift; sourceTree = "<group>"; };
		107249D3261DBEEF005B3DD8 /* CardCell.swift */ = {isa = PBXFileReference; lastKnownFileType = sourcecode.swift; path = CardCell.swift; sourceTree = "<group>"; };
		107249D4261DBEEF005B3DD8 /* CardCell.xib */ = {isa = PBXFileReference; lastKnownFileType = file.xib; path = CardCell.xib; sourceTree = "<group>"; };
		107249DA261DC182005B3DD8 /* CardViewController.swift */ = {isa = PBXFileReference; lastKnownFileType = sourcecode.swift; path = CardViewController.swift; sourceTree = "<group>"; };
		10AA054C261FE73C00CAD7D0 /* Board.swift */ = {isa = PBXFileReference; lastKnownFileType = sourcecode.swift; path = Board.swift; sourceTree = "<group>"; };
		10C1B3FA261EDE9F00B6BD9E /* Card.swift */ = {isa = PBXFileReference; lastKnownFileType = sourcecode.swift; path = Card.swift; sourceTree = "<group>"; };
		10C1B408261EFE6900B6BD9E /* ModalViewController.swift */ = {isa = PBXFileReference; lastKnownFileType = sourcecode.swift; path = ModalViewController.swift; sourceTree = "<group>"; };
		10C1B40D261EFEA600B6BD9E /* Modal.storyboard */ = {isa = PBXFileReference; lastKnownFileType = file.storyboard; path = Modal.storyboard; sourceTree = "<group>"; };
		10E6431726201822002D6FE5 /* CardViewController+Drag.swift */ = {isa = PBXFileReference; lastKnownFileType = sourcecode.swift; path = "CardViewController+Drag.swift"; sourceTree = "<group>"; };
		10E6431C26201835002D6FE5 /* CardViewController+Drop.swift */ = {isa = PBXFileReference; lastKnownFileType = sourcecode.swift; path = "CardViewController+Drop.swift"; sourceTree = "<group>"; };
		10E6432126201842002D6FE5 /* CardViewController+Data.swift */ = {isa = PBXFileReference; lastKnownFileType = sourcecode.swift; path = "CardViewController+Data.swift"; sourceTree = "<group>"; };
		10E6432926201DD7002D6FE5 /* CardViewConstant.swift */ = {isa = PBXFileReference; lastKnownFileType = sourcecode.swift; path = CardViewConstant.swift; sourceTree = "<group>"; };
		10FA92EE262425AA0002DBE2 /* CardsAPI.swift */ = {isa = PBXFileReference; lastKnownFileType = sourcecode.swift; path = CardsAPI.swift; sourceTree = "<group>"; };
		10FA92F626242C620002DBE2 /* URLSessionProtocol.swift */ = {isa = PBXFileReference; lastKnownFileType = sourcecode.swift; path = URLSessionProtocol.swift; sourceTree = "<group>"; };
		10FA92FE262444A90002DBE2 /* CardAPIClient.swift */ = {isa = PBXFileReference; lastKnownFileType = sourcecode.swift; path = CardAPIClient.swift; sourceTree = "<group>"; };
		10FA93032624461D0002DBE2 /* Cards.swift */ = {isa = PBXFileReference; lastKnownFileType = sourcecode.swift; path = Cards.swift; sourceTree = "<group>"; };
		FA41FF00261C4FD2004ECD45 /* Todo_List.app */ = {isa = PBXFileReference; explicitFileType = wrapper.application; includeInIndex = 0; path = Todo_List.app; sourceTree = BUILT_PRODUCTS_DIR; };
		FA41FF03261C4FD2004ECD45 /* AppDelegate.swift */ = {isa = PBXFileReference; lastKnownFileType = sourcecode.swift; path = AppDelegate.swift; sourceTree = "<group>"; };
		FA41FF05261C4FD2004ECD45 /* SceneDelegate.swift */ = {isa = PBXFileReference; lastKnownFileType = sourcecode.swift; path = SceneDelegate.swift; sourceTree = "<group>"; };
		FA41FF07261C4FD2004ECD45 /* ViewController.swift */ = {isa = PBXFileReference; lastKnownFileType = sourcecode.swift; path = ViewController.swift; sourceTree = "<group>"; };
		FA41FF0A261C4FD2004ECD45 /* Base */ = {isa = PBXFileReference; lastKnownFileType = file.storyboard; name = Base; path = Base.lproj/Main.storyboard; sourceTree = "<group>"; };
		FA41FF0C261C4FD5004ECD45 /* Assets.xcassets */ = {isa = PBXFileReference; lastKnownFileType = folder.assetcatalog; path = Assets.xcassets; sourceTree = "<group>"; };
		FA41FF0F261C4FD5004ECD45 /* Base */ = {isa = PBXFileReference; lastKnownFileType = file.storyboard; name = Base; path = Base.lproj/LaunchScreen.storyboard; sourceTree = "<group>"; };
		FA41FF11261C4FD5004ECD45 /* Info.plist */ = {isa = PBXFileReference; lastKnownFileType = text.plist.xml; path = Info.plist; sourceTree = "<group>"; };
		FA41FF16261C4FD5004ECD45 /* Todo_ListTests.xctest */ = {isa = PBXFileReference; explicitFileType = wrapper.cfbundle; includeInIndex = 0; path = Todo_ListTests.xctest; sourceTree = BUILT_PRODUCTS_DIR; };
		FA41FF1A261C4FD5004ECD45 /* Todo_ListTests.swift */ = {isa = PBXFileReference; lastKnownFileType = sourcecode.swift; path = Todo_ListTests.swift; sourceTree = "<group>"; };
		FA41FF1C261C4FD5004ECD45 /* Info.plist */ = {isa = PBXFileReference; lastKnownFileType = text.plist.xml; path = Info.plist; sourceTree = "<group>"; };
		FA41FF21261C4FD5004ECD45 /* Todo_ListUITests.xctest */ = {isa = PBXFileReference; explicitFileType = wrapper.cfbundle; includeInIndex = 0; path = Todo_ListUITests.xctest; sourceTree = BUILT_PRODUCTS_DIR; };
		FA41FF25261C4FD5004ECD45 /* Todo_ListUITests.swift */ = {isa = PBXFileReference; lastKnownFileType = sourcecode.swift; path = Todo_ListUITests.swift; sourceTree = "<group>"; };
		FA41FF27261C4FD5004ECD45 /* Info.plist */ = {isa = PBXFileReference; lastKnownFileType = text.plist.xml; path = Info.plist; sourceTree = "<group>"; };
		FA986E1E261C886C004CC3CB /* NotoSansKR-Regular.otf */ = {isa = PBXFileReference; lastKnownFileType = file; path = "NotoSansKR-Regular.otf"; sourceTree = "<group>"; };
/* End PBXFileReference section */

/* Begin PBXFrameworksBuildPhase section */
		FA41FEFD261C4FD2004ECD45 /* Frameworks */ = {
			isa = PBXFrameworksBuildPhase;
			buildActionMask = 2147483647;
			files = (
			);
			runOnlyForDeploymentPostprocessing = 0;
		};
		FA41FF13261C4FD5004ECD45 /* Frameworks */ = {
			isa = PBXFrameworksBuildPhase;
			buildActionMask = 2147483647;
			files = (
			);
			runOnlyForDeploymentPostprocessing = 0;
		};
		FA41FF1E261C4FD5004ECD45 /* Frameworks */ = {
			isa = PBXFrameworksBuildPhase;
			buildActionMask = 2147483647;
			files = (
			);
			runOnlyForDeploymentPostprocessing = 0;
		};
/* End PBXFrameworksBuildPhase section */

/* Begin PBXGroup section */
		107249D1261DBE8B005B3DD8 /* View */ = {
			isa = PBXGroup;
			children = (
				107249D3261DBEEF005B3DD8 /* CardCell.swift */,
				107249D4261DBEEF005B3DD8 /* CardCell.xib */,
			);
			path = View;
			sourceTree = "<group>";
		};
		107249D2261DBE97005B3DD8 /* Model */ = {
			isa = PBXGroup;
			children = (
				10C1B3FA261EDE9F00B6BD9E /* Card.swift */,
				10FA93032624461D0002DBE2 /* Cards.swift */,
				10AA054C261FE73C00CAD7D0 /* Board.swift */,
			);
			path = Model;
			sourceTree = "<group>";
		};
		10FA92EA262424260002DBE2 /* Network */ = {
			isa = PBXGroup;
			children = (
				10FA92EE262425AA0002DBE2 /* CardsAPI.swift */,
				10FA92F626242C620002DBE2 /* URLSessionProtocol.swift */,
				10FA92FE262444A90002DBE2 /* CardAPIClient.swift */,
				105DCBB426247E31008AC441 /* HTTPMethod.swift */,
			);
			path = Network;
			sourceTree = "<group>";
		};
		FA2CBEFB261D5B06001B8A21 /* StoryBoard */ = {
			isa = PBXGroup;
			children = (
				FA41FF09261C4FD2004ECD45 /* Main.storyboard */,
				10C1B40D261EFEA600B6BD9E /* Modal.storyboard */,
			);
			path = StoryBoard;
			sourceTree = "<group>";
		};
		FA41FEF7261C4FD2004ECD45 = {
			isa = PBXGroup;
			children = (
				FA41FF02261C4FD2004ECD45 /* Todo_List */,
				FA41FF19261C4FD5004ECD45 /* Todo_ListTests */,
				FA41FF24261C4FD5004ECD45 /* Todo_ListUITests */,
				FA41FF01261C4FD2004ECD45 /* Products */,
			);
			sourceTree = "<group>";
		};
		FA41FF01261C4FD2004ECD45 /* Products */ = {
			isa = PBXGroup;
			children = (
				FA41FF00261C4FD2004ECD45 /* Todo_List.app */,
				FA41FF16261C4FD5004ECD45 /* Todo_ListTests.xctest */,
				FA41FF21261C4FD5004ECD45 /* Todo_ListUITests.xctest */,
			);
			name = Products;
			sourceTree = "<group>";
		};
		FA41FF02261C4FD2004ECD45 /* Todo_List */ = {
			isa = PBXGroup;
			children = (
				FA986E1D261C8853004CC3CB /* Fonts */,
				10FA92EA262424260002DBE2 /* Network */,
				FA2CBEFB261D5B06001B8A21 /* StoryBoard */,
				FA41FF44261C55C5004ECD45 /* Controller */,
				107249D2261DBE97005B3DD8 /* Model */,
				107249D1261DBE8B005B3DD8 /* View */,
				FA41FF03261C4FD2004ECD45 /* AppDelegate.swift */,
				FA41FF05261C4FD2004ECD45 /* SceneDelegate.swift */,
				FA41FF0C261C4FD5004ECD45 /* Assets.xcassets */,
				FA41FF0E261C4FD5004ECD45 /* LaunchScreen.storyboard */,
				FA41FF11261C4FD5004ECD45 /* Info.plist */,
			);
			path = Todo_List;
			sourceTree = "<group>";
		};
		FA41FF19261C4FD5004ECD45 /* Todo_ListTests */ = {
			isa = PBXGroup;
			children = (
				FA41FF1A261C4FD5004ECD45 /* Todo_ListTests.swift */,
				FA41FF1C261C4FD5004ECD45 /* Info.plist */,
			);
			path = Todo_ListTests;
			sourceTree = "<group>";
		};
		FA41FF24261C4FD5004ECD45 /* Todo_ListUITests */ = {
			isa = PBXGroup;
			children = (
				FA41FF25261C4FD5004ECD45 /* Todo_ListUITests.swift */,
				FA41FF27261C4FD5004ECD45 /* Info.plist */,
			);
			path = Todo_ListUITests;
			sourceTree = "<group>";
		};
		FA41FF44261C55C5004ECD45 /* Controller */ = {
			isa = PBXGroup;
			children = (
				FA41FF07261C4FD2004ECD45 /* ViewController.swift */,
				10C1B408261EFE6900B6BD9E /* ModalViewController.swift */,
				107249DA261DC182005B3DD8 /* CardViewController.swift */,
				10E6431726201822002D6FE5 /* CardViewController+Drag.swift */,
				10E6431C26201835002D6FE5 /* CardViewController+Drop.swift */,
				10E6432126201842002D6FE5 /* CardViewController+Data.swift */,
				10E6432926201DD7002D6FE5 /* CardViewConstant.swift */,
			);
			path = Controller;
			sourceTree = "<group>";
		};
		FA986E1D261C8853004CC3CB /* Fonts */ = {
			isa = PBXGroup;
			children = (
				FA986E1E261C886C004CC3CB /* NotoSansKR-Regular.otf */,
			);
			path = Fonts;
			sourceTree = "<group>";
		};
/* End PBXGroup section */

/* Begin PBXNativeTarget section */
		FA41FEFF261C4FD2004ECD45 /* Todo_List */ = {
			isa = PBXNativeTarget;
			buildConfigurationList = FA41FF2A261C4FD5004ECD45 /* Build configuration list for PBXNativeTarget "Todo_List" */;
			buildPhases = (
				FA41FEFC261C4FD2004ECD45 /* Sources */,
				FA41FEFD261C4FD2004ECD45 /* Frameworks */,
				FA41FEFE261C4FD2004ECD45 /* Resources */,
			);
			buildRules = (
			);
			dependencies = (
			);
			name = Todo_List;
			productName = Todo_List;
			productReference = FA41FF00261C4FD2004ECD45 /* Todo_List.app */;
			productType = "com.apple.product-type.application";
		};
		FA41FF15261C4FD5004ECD45 /* Todo_ListTests */ = {
			isa = PBXNativeTarget;
			buildConfigurationList = FA41FF2D261C4FD5004ECD45 /* Build configuration list for PBXNativeTarget "Todo_ListTests" */;
			buildPhases = (
				FA41FF12261C4FD5004ECD45 /* Sources */,
				FA41FF13261C4FD5004ECD45 /* Frameworks */,
				FA41FF14261C4FD5004ECD45 /* Resources */,
			);
			buildRules = (
			);
			dependencies = (
				FA41FF18261C4FD5004ECD45 /* PBXTargetDependency */,
			);
			name = Todo_ListTests;
			productName = Todo_ListTests;
			productReference = FA41FF16261C4FD5004ECD45 /* Todo_ListTests.xctest */;
			productType = "com.apple.product-type.bundle.unit-test";
		};
		FA41FF20261C4FD5004ECD45 /* Todo_ListUITests */ = {
			isa = PBXNativeTarget;
			buildConfigurationList = FA41FF30261C4FD5004ECD45 /* Build configuration list for PBXNativeTarget "Todo_ListUITests" */;
			buildPhases = (
				FA41FF1D261C4FD5004ECD45 /* Sources */,
				FA41FF1E261C4FD5004ECD45 /* Frameworks */,
				FA41FF1F261C4FD5004ECD45 /* Resources */,
			);
			buildRules = (
			);
			dependencies = (
				FA41FF23261C4FD5004ECD45 /* PBXTargetDependency */,
			);
			name = Todo_ListUITests;
			productName = Todo_ListUITests;
			productReference = FA41FF21261C4FD5004ECD45 /* Todo_ListUITests.xctest */;
			productType = "com.apple.product-type.bundle.ui-testing";
		};
/* End PBXNativeTarget section */

/* Begin PBXProject section */
		FA41FEF8261C4FD2004ECD45 /* Project object */ = {
			isa = PBXProject;
			attributes = {
				LastSwiftUpdateCheck = 1240;
				LastUpgradeCheck = 1240;
				TargetAttributes = {
					FA41FEFF261C4FD2004ECD45 = {
						CreatedOnToolsVersion = 12.4;
					};
					FA41FF15261C4FD5004ECD45 = {
						CreatedOnToolsVersion = 12.4;
						TestTargetID = FA41FEFF261C4FD2004ECD45;
					};
					FA41FF20261C4FD5004ECD45 = {
						CreatedOnToolsVersion = 12.4;
						TestTargetID = FA41FEFF261C4FD2004ECD45;
					};
				};
			};
			buildConfigurationList = FA41FEFB261C4FD2004ECD45 /* Build configuration list for PBXProject "Todo_List" */;
			compatibilityVersion = "Xcode 9.3";
			developmentRegion = en;
			hasScannedForEncodings = 0;
			knownRegions = (
				en,
				Base,
			);
			mainGroup = FA41FEF7261C4FD2004ECD45;
			productRefGroup = FA41FF01261C4FD2004ECD45 /* Products */;
			projectDirPath = "";
			projectRoot = "";
			targets = (
				FA41FEFF261C4FD2004ECD45 /* Todo_List */,
				FA41FF15261C4FD5004ECD45 /* Todo_ListTests */,
				FA41FF20261C4FD5004ECD45 /* Todo_ListUITests */,
			);
		};
/* End PBXProject section */

/* Begin PBXResourcesBuildPhase section */
		FA41FEFE261C4FD2004ECD45 /* Resources */ = {
			isa = PBXResourcesBuildPhase;
			buildActionMask = 2147483647;
			files = (
				10C1B40E261EFEA600B6BD9E /* Modal.storyboard in Resources */,
				FA41FF10261C4FD5004ECD45 /* LaunchScreen.storyboard in Resources */,
				107249D6261DBEEF005B3DD8 /* CardCell.xib in Resources */,
				FA41FF0D261C4FD5004ECD45 /* Assets.xcassets in Resources */,
				FA986E26261C8C04004CC3CB /* NotoSansKR-Regular.otf in Resources */,
				FA41FF0B261C4FD2004ECD45 /* Main.storyboard in Resources */,
			);
			runOnlyForDeploymentPostprocessing = 0;
		};
		FA41FF14261C4FD5004ECD45 /* Resources */ = {
			isa = PBXResourcesBuildPhase;
			buildActionMask = 2147483647;
			files = (
			);
			runOnlyForDeploymentPostprocessing = 0;
		};
		FA41FF1F261C4FD5004ECD45 /* Resources */ = {
			isa = PBXResourcesBuildPhase;
			buildActionMask = 2147483647;
			files = (
			);
			runOnlyForDeploymentPostprocessing = 0;
		};
/* End PBXResourcesBuildPhase section */

/* Begin PBXSourcesBuildPhase section */
		FA41FEFC261C4FD2004ECD45 /* Sources */ = {
			isa = PBXSourcesBuildPhase;
			buildActionMask = 2147483647;
			files = (
				107249D5261DBEEF005B3DD8 /* CardCell.swift in Sources */,
				10E6432A26201DD7002D6FE5 /* CardViewConstant.swift in Sources */,
				10FA92F726242C620002DBE2 /* URLSessionProtocol.swift in Sources */,
				10FA93042624461D0002DBE2 /* Cards.swift in Sources */,
				FA41FF08261C4FD2004ECD45 /* ViewController.swift in Sources */,
				10FA92EF262425AA0002DBE2 /* CardsAPI.swift in Sources */,
				10E6431D26201835002D6FE5 /* CardViewController+Drop.swift in Sources */,
				10E6431826201822002D6FE5 /* CardViewController+Drag.swift in Sources */,
				10AA054D261FE73C00CAD7D0 /* Board.swift in Sources */,
				10FA92FF262444A90002DBE2 /* CardAPIClient.swift in Sources */,
				107249DB261DC182005B3DD8 /* CardViewController.swift in Sources */,
				10E6432226201842002D6FE5 /* CardViewController+Data.swift in Sources */,
				105DCBB526247E31008AC441 /* HTTPMethod.swift in Sources */,
				10C1B3FB261EDE9F00B6BD9E /* Card.swift in Sources */,
				FA41FF04261C4FD2004ECD45 /* AppDelegate.swift in Sources */,
				10C1B409261EFE6900B6BD9E /* ModalViewController.swift in Sources */,
				FA41FF06261C4FD2004ECD45 /* SceneDelegate.swift in Sources */,
			);
			runOnlyForDeploymentPostprocessing = 0;
		};
		FA41FF12261C4FD5004ECD45 /* Sources */ = {
			isa = PBXSourcesBuildPhase;
			buildActionMask = 2147483647;
			files = (
				FA41FF1B261C4FD5004ECD45 /* Todo_ListTests.swift in Sources */,
			);
			runOnlyForDeploymentPostprocessing = 0;
		};
		FA41FF1D261C4FD5004ECD45 /* Sources */ = {
			isa = PBXSourcesBuildPhase;
			buildActionMask = 2147483647;
			files = (
				FA41FF26261C4FD5004ECD45 /* Todo_ListUITests.swift in Sources */,
			);
			runOnlyForDeploymentPostprocessing = 0;
		};
/* End PBXSourcesBuildPhase section */

/* Begin PBXTargetDependency section */
		FA41FF18261C4FD5004ECD45 /* PBXTargetDependency */ = {
			isa = PBXTargetDependency;
			target = FA41FEFF261C4FD2004ECD45 /* Todo_List */;
			targetProxy = FA41FF17261C4FD5004ECD45 /* PBXContainerItemProxy */;
		};
		FA41FF23261C4FD5004ECD45 /* PBXTargetDependency */ = {
			isa = PBXTargetDependency;
			target = FA41FEFF261C4FD2004ECD45 /* Todo_List */;
			targetProxy = FA41FF22261C4FD5004ECD45 /* PBXContainerItemProxy */;
		};
/* End PBXTargetDependency section */

/* Begin PBXVariantGroup section */
		FA41FF09261C4FD2004ECD45 /* Main.storyboard */ = {
			isa = PBXVariantGroup;
			children = (
				FA41FF0A261C4FD2004ECD45 /* Base */,
			);
			name = Main.storyboard;
			sourceTree = "<group>";
		};
		FA41FF0E261C4FD5004ECD45 /* LaunchScreen.storyboard */ = {
			isa = PBXVariantGroup;
			children = (
				FA41FF0F261C4FD5004ECD45 /* Base */,
			);
			name = LaunchScreen.storyboard;
			sourceTree = "<group>";
		};
/* End PBXVariantGroup section */

/* Begin XCBuildConfiguration section */
		FA41FF28261C4FD5004ECD45 /* Debug */ = {
			isa = XCBuildConfiguration;
			buildSettings = {
				ALWAYS_SEARCH_USER_PATHS = NO;
				CLANG_ANALYZER_NONNULL = YES;
				CLANG_ANALYZER_NUMBER_OBJECT_CONVERSION = YES_AGGRESSIVE;
				CLANG_CXX_LANGUAGE_STANDARD = "gnu++14";
				CLANG_CXX_LIBRARY = "libc++";
				CLANG_ENABLE_MODULES = YES;
				CLANG_ENABLE_OBJC_ARC = YES;
				CLANG_ENABLE_OBJC_WEAK = YES;
				CLANG_WARN_BLOCK_CAPTURE_AUTORELEASING = YES;
				CLANG_WARN_BOOL_CONVERSION = YES;
				CLANG_WARN_COMMA = YES;
				CLANG_WARN_CONSTANT_CONVERSION = YES;
				CLANG_WARN_DEPRECATED_OBJC_IMPLEMENTATIONS = YES;
				CLANG_WARN_DIRECT_OBJC_ISA_USAGE = YES_ERROR;
				CLANG_WARN_DOCUMENTATION_COMMENTS = YES;
				CLANG_WARN_EMPTY_BODY = YES;
				CLANG_WARN_ENUM_CONVERSION = YES;
				CLANG_WARN_INFINITE_RECURSION = YES;
				CLANG_WARN_INT_CONVERSION = YES;
				CLANG_WARN_NON_LITERAL_NULL_CONVERSION = YES;
				CLANG_WARN_OBJC_IMPLICIT_RETAIN_SELF = YES;
				CLANG_WARN_OBJC_LITERAL_CONVERSION = YES;
				CLANG_WARN_OBJC_ROOT_CLASS = YES_ERROR;
				CLANG_WARN_QUOTED_INCLUDE_IN_FRAMEWORK_HEADER = YES;
				CLANG_WARN_RANGE_LOOP_ANALYSIS = YES;
				CLANG_WARN_STRICT_PROTOTYPES = YES;
				CLANG_WARN_SUSPICIOUS_MOVE = YES;
				CLANG_WARN_UNGUARDED_AVAILABILITY = YES_AGGRESSIVE;
				CLANG_WARN_UNREACHABLE_CODE = YES;
				CLANG_WARN__DUPLICATE_METHOD_MATCH = YES;
				COPY_PHASE_STRIP = NO;
				DEBUG_INFORMATION_FORMAT = dwarf;
				ENABLE_STRICT_OBJC_MSGSEND = YES;
				ENABLE_TESTABILITY = YES;
				GCC_C_LANGUAGE_STANDARD = gnu11;
				GCC_DYNAMIC_NO_PIC = NO;
				GCC_NO_COMMON_BLOCKS = YES;
				GCC_OPTIMIZATION_LEVEL = 0;
				GCC_PREPROCESSOR_DEFINITIONS = (
					"DEBUG=1",
					"$(inherited)",
				);
				GCC_WARN_64_TO_32_BIT_CONVERSION = YES;
				GCC_WARN_ABOUT_RETURN_TYPE = YES_ERROR;
				GCC_WARN_UNDECLARED_SELECTOR = YES;
				GCC_WARN_UNINITIALIZED_AUTOS = YES_AGGRESSIVE;
				GCC_WARN_UNUSED_FUNCTION = YES;
				GCC_WARN_UNUSED_VARIABLE = YES;
				IPHONEOS_DEPLOYMENT_TARGET = 14.4;
				MTL_ENABLE_DEBUG_INFO = INCLUDE_SOURCE;
				MTL_FAST_MATH = YES;
				ONLY_ACTIVE_ARCH = YES;
				SDKROOT = iphoneos;
				SWIFT_ACTIVE_COMPILATION_CONDITIONS = DEBUG;
				SWIFT_OPTIMIZATION_LEVEL = "-Onone";
			};
			name = Debug;
		};
		FA41FF29261C4FD5004ECD45 /* Release */ = {
			isa = XCBuildConfiguration;
			buildSettings = {
				ALWAYS_SEARCH_USER_PATHS = NO;
				CLANG_ANALYZER_NONNULL = YES;
				CLANG_ANALYZER_NUMBER_OBJECT_CONVERSION = YES_AGGRESSIVE;
				CLANG_CXX_LANGUAGE_STANDARD = "gnu++14";
				CLANG_CXX_LIBRARY = "libc++";
				CLANG_ENABLE_MODULES = YES;
				CLANG_ENABLE_OBJC_ARC = YES;
				CLANG_ENABLE_OBJC_WEAK = YES;
				CLANG_WARN_BLOCK_CAPTURE_AUTORELEASING = YES;
				CLANG_WARN_BOOL_CONVERSION = YES;
				CLANG_WARN_COMMA = YES;
				CLANG_WARN_CONSTANT_CONVERSION = YES;
				CLANG_WARN_DEPRECATED_OBJC_IMPLEMENTATIONS = YES;
				CLANG_WARN_DIRECT_OBJC_ISA_USAGE = YES_ERROR;
				CLANG_WARN_DOCUMENTATION_COMMENTS = YES;
				CLANG_WARN_EMPTY_BODY = YES;
				CLANG_WARN_ENUM_CONVERSION = YES;
				CLANG_WARN_INFINITE_RECURSION = YES;
				CLANG_WARN_INT_CONVERSION = YES;
				CLANG_WARN_NON_LITERAL_NULL_CONVERSION = YES;
				CLANG_WARN_OBJC_IMPLICIT_RETAIN_SELF = YES;
				CLANG_WARN_OBJC_LITERAL_CONVERSION = YES;
				CLANG_WARN_OBJC_ROOT_CLASS = YES_ERROR;
				CLANG_WARN_QUOTED_INCLUDE_IN_FRAMEWORK_HEADER = YES;
				CLANG_WARN_RANGE_LOOP_ANALYSIS = YES;
				CLANG_WARN_STRICT_PROTOTYPES = YES;
				CLANG_WARN_SUSPICIOUS_MOVE = YES;
				CLANG_WARN_UNGUARDED_AVAILABILITY = YES_AGGRESSIVE;
				CLANG_WARN_UNREACHABLE_CODE = YES;
				CLANG_WARN__DUPLICATE_METHOD_MATCH = YES;
				COPY_PHASE_STRIP = NO;
				DEBUG_INFORMATION_FORMAT = "dwarf-with-dsym";
				ENABLE_NS_ASSERTIONS = NO;
				ENABLE_STRICT_OBJC_MSGSEND = YES;
				GCC_C_LANGUAGE_STANDARD = gnu11;
				GCC_NO_COMMON_BLOCKS = YES;
				GCC_WARN_64_TO_32_BIT_CONVERSION = YES;
				GCC_WARN_ABOUT_RETURN_TYPE = YES_ERROR;
				GCC_WARN_UNDECLARED_SELECTOR = YES;
				GCC_WARN_UNINITIALIZED_AUTOS = YES_AGGRESSIVE;
				GCC_WARN_UNUSED_FUNCTION = YES;
				GCC_WARN_UNUSED_VARIABLE = YES;
				IPHONEOS_DEPLOYMENT_TARGET = 14.4;
				MTL_ENABLE_DEBUG_INFO = NO;
				MTL_FAST_MATH = YES;
				SDKROOT = iphoneos;
				SWIFT_COMPILATION_MODE = wholemodule;
				SWIFT_OPTIMIZATION_LEVEL = "-O";
				VALIDATE_PRODUCT = YES;
			};
			name = Release;
		};
		FA41FF2B261C4FD5004ECD45 /* Debug */ = {
			isa = XCBuildConfiguration;
			buildSettings = {
				ASSETCATALOG_COMPILER_APPICON_NAME = AppIcon;
				ASSETCATALOG_COMPILER_GLOBAL_ACCENT_COLOR_NAME = AccentColor;
				CODE_SIGN_STYLE = Automatic;
				DEVELOPMENT_TEAM = XRSWD487Z4;
				INFOPLIST_FILE = Todo_List/Info.plist;
				LD_RUNPATH_SEARCH_PATHS = (
					"$(inherited)",
					"@executable_path/Frameworks",
				);
				PRODUCT_BUNDLE_IDENTIFIER = "jkr.Todo-List";
				PRODUCT_NAME = "$(TARGET_NAME)";
				SWIFT_VERSION = 5.0;
				TARGETED_DEVICE_FAMILY = 2;
			};
			name = Debug;
		};
		FA41FF2C261C4FD5004ECD45 /* Release */ = {
			isa = XCBuildConfiguration;
			buildSettings = {
				ASSETCATALOG_COMPILER_APPICON_NAME = AppIcon;
				ASSETCATALOG_COMPILER_GLOBAL_ACCENT_COLOR_NAME = AccentColor;
				CODE_SIGN_STYLE = Automatic;
				DEVELOPMENT_TEAM = XRSWD487Z4;
				INFOPLIST_FILE = Todo_List/Info.plist;
				LD_RUNPATH_SEARCH_PATHS = (
					"$(inherited)",
					"@executable_path/Frameworks",
				);
				PRODUCT_BUNDLE_IDENTIFIER = "jkr.Todo-List";
				PRODUCT_NAME = "$(TARGET_NAME)";
				SWIFT_VERSION = 5.0;
				TARGETED_DEVICE_FAMILY = 2;
			};
			name = Release;
		};
		FA41FF2E261C4FD5004ECD45 /* Debug */ = {
			isa = XCBuildConfiguration;
			buildSettings = {
				ALWAYS_EMBED_SWIFT_STANDARD_LIBRARIES = YES;
				BUNDLE_LOADER = "$(TEST_HOST)";
				CODE_SIGN_STYLE = Automatic;
				DEVELOPMENT_TEAM = B3PWYBKFUK;
				INFOPLIST_FILE = Todo_ListTests/Info.plist;
				IPHONEOS_DEPLOYMENT_TARGET = 14.4;
				LD_RUNPATH_SEARCH_PATHS = (
					"$(inherited)",
					"@executable_path/Frameworks",
					"@loader_path/Frameworks",
				);
				PRODUCT_BUNDLE_IDENTIFIER = "jkr.Todo-ListTests";
				PRODUCT_NAME = "$(TARGET_NAME)";
				SWIFT_VERSION = 5.0;
				TARGETED_DEVICE_FAMILY = "1,2";
				TEST_HOST = "$(BUILT_PRODUCTS_DIR)/Todo_List.app/Todo_List";
			};
			name = Debug;
		};
		FA41FF2F261C4FD5004ECD45 /* Release */ = {
			isa = XCBuildConfiguration;
			buildSettings = {
				ALWAYS_EMBED_SWIFT_STANDARD_LIBRARIES = YES;
				BUNDLE_LOADER = "$(TEST_HOST)";
				CODE_SIGN_STYLE = Automatic;
				DEVELOPMENT_TEAM = B3PWYBKFUK;
				INFOPLIST_FILE = Todo_ListTests/Info.plist;
				IPHONEOS_DEPLOYMENT_TARGET = 14.4;
				LD_RUNPATH_SEARCH_PATHS = (
					"$(inherited)",
					"@executable_path/Frameworks",
					"@loader_path/Frameworks",
				);
				PRODUCT_BUNDLE_IDENTIFIER = "jkr.Todo-ListTests";
				PRODUCT_NAME = "$(TARGET_NAME)";
				SWIFT_VERSION = 5.0;
				TARGETED_DEVICE_FAMILY = "1,2";
				TEST_HOST = "$(BUILT_PRODUCTS_DIR)/Todo_List.app/Todo_List";
			};
			name = Release;
		};
		FA41FF31261C4FD5004ECD45 /* Debug */ = {
			isa = XCBuildConfiguration;
			buildSettings = {
				ALWAYS_EMBED_SWIFT_STANDARD_LIBRARIES = YES;
				CODE_SIGN_STYLE = Automatic;
				DEVELOPMENT_TEAM = B3PWYBKFUK;
				INFOPLIST_FILE = Todo_ListUITests/Info.plist;
				LD_RUNPATH_SEARCH_PATHS = (
					"$(inherited)",
					"@executable_path/Frameworks",
					"@loader_path/Frameworks",
				);
				PRODUCT_BUNDLE_IDENTIFIER = "jkr.Todo-ListUITests";
				PRODUCT_NAME = "$(TARGET_NAME)";
				SWIFT_VERSION = 5.0;
				TARGETED_DEVICE_FAMILY = "1,2";
				TEST_TARGET_NAME = Todo_List;
			};
			name = Debug;
		};
		FA41FF32261C4FD5004ECD45 /* Release */ = {
			isa = XCBuildConfiguration;
			buildSettings = {
				ALWAYS_EMBED_SWIFT_STANDARD_LIBRARIES = YES;
				CODE_SIGN_STYLE = Automatic;
				DEVELOPMENT_TEAM = B3PWYBKFUK;
				INFOPLIST_FILE = Todo_ListUITests/Info.plist;
				LD_RUNPATH_SEARCH_PATHS = (
					"$(inherited)",
					"@executable_path/Frameworks",
					"@loader_path/Frameworks",
				);
				PRODUCT_BUNDLE_IDENTIFIER = "jkr.Todo-ListUITests";
				PRODUCT_NAME = "$(TARGET_NAME)";
				SWIFT_VERSION = 5.0;
				TARGETED_DEVICE_FAMILY = "1,2";
				TEST_TARGET_NAME = Todo_List;
			};
			name = Release;
		};
/* End XCBuildConfiguration section */

/* Begin XCConfigurationList section */
		FA41FEFB261C4FD2004ECD45 /* Build configuration list for PBXProject "Todo_List" */ = {
			isa = XCConfigurationList;
			buildConfigurations = (
				FA41FF28261C4FD5004ECD45 /* Debug */,
				FA41FF29261C4FD5004ECD45 /* Release */,
			);
			defaultConfigurationIsVisible = 0;
			defaultConfigurationName = Release;
		};
		FA41FF2A261C4FD5004ECD45 /* Build configuration list for PBXNativeTarget "Todo_List" */ = {
			isa = XCConfigurationList;
			buildConfigurations = (
				FA41FF2B261C4FD5004ECD45 /* Debug */,
				FA41FF2C261C4FD5004ECD45 /* Release */,
			);
			defaultConfigurationIsVisible = 0;
			defaultConfigurationName = Release;
		};
		FA41FF2D261C4FD5004ECD45 /* Build configuration list for PBXNativeTarget "Todo_ListTests" */ = {
			isa = XCConfigurationList;
			buildConfigurations = (
				FA41FF2E261C4FD5004ECD45 /* Debug */,
				FA41FF2F261C4FD5004ECD45 /* Release */,
			);
			defaultConfigurationIsVisible = 0;
			defaultConfigurationName = Release;
		};
		FA41FF30261C4FD5004ECD45 /* Build configuration list for PBXNativeTarget "Todo_ListUITests" */ = {
			isa = XCConfigurationList;
			buildConfigurations = (
				FA41FF31261C4FD5004ECD45 /* Debug */,
				FA41FF32261C4FD5004ECD45 /* Release */,
			);
			defaultConfigurationIsVisible = 0;
			defaultConfigurationName = Release;
		};
/* End XCConfigurationList section */
	};
	rootObject = FA41FEF8261C4FD2004ECD45 /* Project object */;
}
