// !$*UTF8*$!
{
	archiveVersion = 1;
	classes = {
	};
	objectVersion = 50;
	objects = {

/* Begin PBXBuildFile section */
		88D276FB2621B1B60060B75A /* CustomHeader.swift in Sources */ = {isa = PBXBuildFile; fileRef = 88D276FA2621B1B60060B75A /* CustomHeader.swift */; };
		88EC8EE5261D4914008A4EE5 /* ToDoCard.swift in Sources */ = {isa = PBXBuildFile; fileRef = 88EC8EE4261D4914008A4EE5 /* ToDoCard.swift */; };
		88EC8EE9261D4BE6008A4EE5 /* ToDoCardProtocol.swift in Sources */ = {isa = PBXBuildFile; fileRef = 88EC8EE8261D4BE6008A4EE5 /* ToDoCardProtocol.swift */; };
		88EC8EEE261D4ECF008A4EE5 /* CardToBeDone.swift in Sources */ = {isa = PBXBuildFile; fileRef = 88EC8EED261D4ECF008A4EE5 /* CardToBeDone.swift */; };
		88EC8EF2261D4EE4008A4EE5 /* CardOnProgress.swift in Sources */ = {isa = PBXBuildFile; fileRef = 88EC8EF1261D4EE4008A4EE5 /* CardOnProgress.swift */; };
		88EC8EF6261D4EF0008A4EE5 /* CardCompleted.swift in Sources */ = {isa = PBXBuildFile; fileRef = 88EC8EF5261D4EF0008A4EE5 /* CardCompleted.swift */; };
		88EC8F02261D9BF4008A4EE5 /* TodoViewController.swift in Sources */ = {isa = PBXBuildFile; fileRef = 88EC8F01261D9BF4008A4EE5 /* TodoViewController.swift */; };
		88EC8F0C261EA607008A4EE5 /* DoingViewController.swift in Sources */ = {isa = PBXBuildFile; fileRef = 88EC8F0B261EA607008A4EE5 /* DoingViewController.swift */; };
		88EC8F13261EA651008A4EE5 /* DoneViewController.swift in Sources */ = {isa = PBXBuildFile; fileRef = 88EC8F12261EA651008A4EE5 /* DoneViewController.swift */; };
		88EC8F19261EA969008A4EE5 /* ToDoCardCell.swift in Sources */ = {isa = PBXBuildFile; fileRef = 88EC8F17261EA969008A4EE5 /* ToDoCardCell.swift */; };
		88EC8F1A261EA969008A4EE5 /* ToDoCardCell.xib in Resources */ = {isa = PBXBuildFile; fileRef = 88EC8F18261EA969008A4EE5 /* ToDoCardCell.xib */; };
		88EC8F2426200095008A4EE5 /* Constants.swift in Sources */ = {isa = PBXBuildFile; fileRef = 88EC8F2326200095008A4EE5 /* Constants.swift */; };
		A0130D7C261C43F20091BBEF /* AppDelegate.swift in Sources */ = {isa = PBXBuildFile; fileRef = A0130D7B261C43F20091BBEF /* AppDelegate.swift */; };
		A0130D7E261C43F20091BBEF /* SceneDelegate.swift in Sources */ = {isa = PBXBuildFile; fileRef = A0130D7D261C43F20091BBEF /* SceneDelegate.swift */; };
		A0130D80261C43F20091BBEF /* ViewController.swift in Sources */ = {isa = PBXBuildFile; fileRef = A0130D7F261C43F20091BBEF /* ViewController.swift */; };
		A0130D83261C43F20091BBEF /* Main.storyboard in Resources */ = {isa = PBXBuildFile; fileRef = A0130D81261C43F20091BBEF /* Main.storyboard */; };
		A0130D85261C43F30091BBEF /* Assets.xcassets in Resources */ = {isa = PBXBuildFile; fileRef = A0130D84261C43F30091BBEF /* Assets.xcassets */; };
		A0130D88261C43F30091BBEF /* LaunchScreen.storyboard in Resources */ = {isa = PBXBuildFile; fileRef = A0130D86261C43F30091BBEF /* LaunchScreen.storyboard */; };
		A0130D93261C458B0091BBEF /* ToDoDataModel.swift in Sources */ = {isa = PBXBuildFile; fileRef = A0130D92261C458B0091BBEF /* ToDoDataModel.swift */; };
		A0130D96261C470E0091BBEF /* DataManager.swift in Sources */ = {isa = PBXBuildFile; fileRef = A0130D95261C470E0091BBEF /* DataManager.swift */; };
		A0130D99261C47A60091BBEF /* JSONParser.swift in Sources */ = {isa = PBXBuildFile; fileRef = A0130D98261C47A60091BBEF /* JSONParser.swift */; };
		A08CBA1A261C5043003A93DD /* TodoListTests.swift in Sources */ = {isa = PBXBuildFile; fileRef = A08CBA19261C5043003A93DD /* TodoListTests.swift */; };
		A08CBA23261C50E5003A93DD /* ToDoDataModel.swift in Sources */ = {isa = PBXBuildFile; fileRef = A0130D92261C458B0091BBEF /* ToDoDataModel.swift */; };
		A08CBA26261C50E7003A93DD /* DataManager.swift in Sources */ = {isa = PBXBuildFile; fileRef = A0130D95261C470E0091BBEF /* DataManager.swift */; };
		A08CBA29261C50EA003A93DD /* JSONParser.swift in Sources */ = {isa = PBXBuildFile; fileRef = A0130D98261C47A60091BBEF /* JSONParser.swift */; };
/* End PBXBuildFile section */

/* Begin PBXContainerItemProxy section */
		A08CBA1C261C5043003A93DD /* PBXContainerItemProxy */ = {
			isa = PBXContainerItemProxy;
			containerPortal = A0130D70261C43F20091BBEF /* Project object */;
			proxyType = 1;
			remoteGlobalIDString = A0130D77261C43F20091BBEF;
			remoteInfo = TodoList;
		};
/* End PBXContainerItemProxy section */

/* Begin PBXFileReference section */
		88D276FA2621B1B60060B75A /* CustomHeader.swift */ = {isa = PBXFileReference; lastKnownFileType = sourcecode.swift; path = CustomHeader.swift; sourceTree = "<group>"; };
		88EC8EE4261D4914008A4EE5 /* ToDoCard.swift */ = {isa = PBXFileReference; lastKnownFileType = sourcecode.swift; path = ToDoCard.swift; sourceTree = "<group>"; };
		88EC8EE8261D4BE6008A4EE5 /* ToDoCardProtocol.swift */ = {isa = PBXFileReference; lastKnownFileType = sourcecode.swift; path = ToDoCardProtocol.swift; sourceTree = "<group>"; };
		88EC8EED261D4ECF008A4EE5 /* CardToBeDone.swift */ = {isa = PBXFileReference; lastKnownFileType = sourcecode.swift; path = CardToBeDone.swift; sourceTree = "<group>"; };
		88EC8EF1261D4EE4008A4EE5 /* CardOnProgress.swift */ = {isa = PBXFileReference; lastKnownFileType = sourcecode.swift; path = CardOnProgress.swift; sourceTree = "<group>"; };
		88EC8EF5261D4EF0008A4EE5 /* CardCompleted.swift */ = {isa = PBXFileReference; lastKnownFileType = sourcecode.swift; path = CardCompleted.swift; sourceTree = "<group>"; };
		88EC8F01261D9BF4008A4EE5 /* TodoViewController.swift */ = {isa = PBXFileReference; lastKnownFileType = sourcecode.swift; path = TodoViewController.swift; sourceTree = "<group>"; };
		88EC8F0B261EA607008A4EE5 /* DoingViewController.swift */ = {isa = PBXFileReference; lastKnownFileType = sourcecode.swift; path = DoingViewController.swift; sourceTree = "<group>"; };
		88EC8F12261EA651008A4EE5 /* DoneViewController.swift */ = {isa = PBXFileReference; lastKnownFileType = sourcecode.swift; path = DoneViewController.swift; sourceTree = "<group>"; };
		88EC8F17261EA969008A4EE5 /* ToDoCardCell.swift */ = {isa = PBXFileReference; lastKnownFileType = sourcecode.swift; path = ToDoCardCell.swift; sourceTree = "<group>"; };
		88EC8F18261EA969008A4EE5 /* ToDoCardCell.xib */ = {isa = PBXFileReference; lastKnownFileType = file.xib; path = ToDoCardCell.xib; sourceTree = "<group>"; };
		88EC8F2326200095008A4EE5 /* Constants.swift */ = {isa = PBXFileReference; lastKnownFileType = sourcecode.swift; path = Constants.swift; sourceTree = "<group>"; };
		A0130D78261C43F20091BBEF /* TodoList.app */ = {isa = PBXFileReference; explicitFileType = wrapper.application; includeInIndex = 0; path = TodoList.app; sourceTree = BUILT_PRODUCTS_DIR; };
		A0130D7B261C43F20091BBEF /* AppDelegate.swift */ = {isa = PBXFileReference; lastKnownFileType = sourcecode.swift; path = AppDelegate.swift; sourceTree = "<group>"; };
		A0130D7D261C43F20091BBEF /* SceneDelegate.swift */ = {isa = PBXFileReference; lastKnownFileType = sourcecode.swift; path = SceneDelegate.swift; sourceTree = "<group>"; };
		A0130D7F261C43F20091BBEF /* ViewController.swift */ = {isa = PBXFileReference; lastKnownFileType = sourcecode.swift; path = ViewController.swift; sourceTree = "<group>"; };
		A0130D82261C43F20091BBEF /* Base */ = {isa = PBXFileReference; lastKnownFileType = file.storyboard; name = Base; path = Base.lproj/Main.storyboard; sourceTree = "<group>"; };
		A0130D84261C43F30091BBEF /* Assets.xcassets */ = {isa = PBXFileReference; lastKnownFileType = folder.assetcatalog; path = Assets.xcassets; sourceTree = "<group>"; };
		A0130D87261C43F30091BBEF /* Base */ = {isa = PBXFileReference; lastKnownFileType = file.storyboard; name = Base; path = Base.lproj/LaunchScreen.storyboard; sourceTree = "<group>"; };
		A0130D89261C43F30091BBEF /* Info.plist */ = {isa = PBXFileReference; lastKnownFileType = text.plist.xml; path = Info.plist; sourceTree = "<group>"; };
		A0130D92261C458B0091BBEF /* ToDoDataModel.swift */ = {isa = PBXFileReference; lastKnownFileType = sourcecode.swift; path = ToDoDataModel.swift; sourceTree = "<group>"; };
		A0130D95261C470E0091BBEF /* DataManager.swift */ = {isa = PBXFileReference; lastKnownFileType = sourcecode.swift; path = DataManager.swift; sourceTree = "<group>"; };
		A0130D98261C47A60091BBEF /* JSONParser.swift */ = {isa = PBXFileReference; lastKnownFileType = sourcecode.swift; path = JSONParser.swift; sourceTree = "<group>"; };
		A08CBA17261C5042003A93DD /* TodoListTests.xctest */ = {isa = PBXFileReference; explicitFileType = wrapper.cfbundle; includeInIndex = 0; path = TodoListTests.xctest; sourceTree = BUILT_PRODUCTS_DIR; };
		A08CBA19261C5043003A93DD /* TodoListTests.swift */ = {isa = PBXFileReference; lastKnownFileType = sourcecode.swift; path = TodoListTests.swift; sourceTree = "<group>"; };
		A08CBA1B261C5043003A93DD /* Info.plist */ = {isa = PBXFileReference; lastKnownFileType = text.plist.xml; path = Info.plist; sourceTree = "<group>"; };
/* End PBXFileReference section */

/* Begin PBXFrameworksBuildPhase section */
		A0130D75261C43F20091BBEF /* Frameworks */ = {
			isa = PBXFrameworksBuildPhase;
			buildActionMask = 2147483647;
			files = (
			);
			runOnlyForDeploymentPostprocessing = 0;
		};
		A08CBA14261C5042003A93DD /* Frameworks */ = {
			isa = PBXFrameworksBuildPhase;
			buildActionMask = 2147483647;
			files = (
			);
			runOnlyForDeploymentPostprocessing = 0;
		};
/* End PBXFrameworksBuildPhase section */

/* Begin PBXGroup section */
		88EC8F0F261EA62F008A4EE5 /* Controllers */ = {
			isa = PBXGroup;
			children = (
				A0130D7F261C43F20091BBEF /* ViewController.swift */,
				88EC8F01261D9BF4008A4EE5 /* TodoViewController.swift */,
				88EC8F0B261EA607008A4EE5 /* DoingViewController.swift */,
				88EC8F12261EA651008A4EE5 /* DoneViewController.swift */,
			);
			path = Controllers;
			sourceTree = "<group>";
		};
		88EC8F16261EA929008A4EE5 /* View */ = {
			isa = PBXGroup;
			children = (
				A0130D81261C43F20091BBEF /* Main.storyboard */,
				88D276FA2621B1B60060B75A /* CustomHeader.swift */,
				88EC8F17261EA969008A4EE5 /* ToDoCardCell.swift */,
				88EC8F18261EA969008A4EE5 /* ToDoCardCell.xib */,
			);
			path = View;
			sourceTree = "<group>";
		};
		A0130D6F261C43F20091BBEF = {
			isa = PBXGroup;
			children = (
				A0130D7A261C43F20091BBEF /* TodoList */,
				A08CBA18261C5042003A93DD /* TodoListTests */,
				A0130D79261C43F20091BBEF /* Products */,
			);
			sourceTree = "<group>";
		};
		A0130D79261C43F20091BBEF /* Products */ = {
			isa = PBXGroup;
			children = (
				A0130D78261C43F20091BBEF /* TodoList.app */,
				A08CBA17261C5042003A93DD /* TodoListTests.xctest */,
			);
			name = Products;
			sourceTree = "<group>";
		};
		A0130D7A261C43F20091BBEF /* TodoList */ = {
			isa = PBXGroup;
			children = (
				A0130D91261C44620091BBEF /* Model */,
				A0130D7B261C43F20091BBEF /* AppDelegate.swift */,
				A0130D7D261C43F20091BBEF /* SceneDelegate.swift */,
				88EC8F0F261EA62F008A4EE5 /* Controllers */,
				88EC8F16261EA929008A4EE5 /* View */,
				A0130D84261C43F30091BBEF /* Assets.xcassets */,
				A0130D86261C43F30091BBEF /* LaunchScreen.storyboard */,
				A0130D89261C43F30091BBEF /* Info.plist */,
			);
			path = TodoList;
			sourceTree = "<group>";
		};
		A0130D91261C44620091BBEF /* Model */ = {
			isa = PBXGroup;
			children = (
				88EC8F2326200095008A4EE5 /* Constants.swift */,
				A0130D92261C458B0091BBEF /* ToDoDataModel.swift */,
				A0130D95261C470E0091BBEF /* DataManager.swift */,
				A0130D98261C47A60091BBEF /* JSONParser.swift */,
				88EC8EE4261D4914008A4EE5 /* ToDoCard.swift */,
				88EC8EE8261D4BE6008A4EE5 /* ToDoCardProtocol.swift */,
				88EC8EED261D4ECF008A4EE5 /* CardToBeDone.swift */,
				88EC8EF1261D4EE4008A4EE5 /* CardOnProgress.swift */,
				88EC8EF5261D4EF0008A4EE5 /* CardCompleted.swift */,
			);
			path = Model;
			sourceTree = "<group>";
		};
		A08CBA18261C5042003A93DD /* TodoListTests */ = {
			isa = PBXGroup;
			children = (
				A08CBA19261C5043003A93DD /* TodoListTests.swift */,
				A08CBA1B261C5043003A93DD /* Info.plist */,
			);
			path = TodoListTests;
			sourceTree = "<group>";
		};
/* End PBXGroup section */

/* Begin PBXNativeTarget section */
		A0130D77261C43F20091BBEF /* TodoList */ = {
			isa = PBXNativeTarget;
			buildConfigurationList = A0130D8C261C43F30091BBEF /* Build configuration list for PBXNativeTarget "TodoList" */;
			buildPhases = (
				A0130D74261C43F20091BBEF /* Sources */,
				A0130D75261C43F20091BBEF /* Frameworks */,
				A0130D76261C43F20091BBEF /* Resources */,
			);
			buildRules = (
			);
			dependencies = (
			);
			name = TodoList;
			productName = TodoList;
			productReference = A0130D78261C43F20091BBEF /* TodoList.app */;
			productType = "com.apple.product-type.application";
		};
		A08CBA16261C5042003A93DD /* TodoListTests */ = {
			isa = PBXNativeTarget;
			buildConfigurationList = A08CBA1E261C5043003A93DD /* Build configuration list for PBXNativeTarget "TodoListTests" */;
			buildPhases = (
				A08CBA13261C5042003A93DD /* Sources */,
				A08CBA14261C5042003A93DD /* Frameworks */,
				A08CBA15261C5042003A93DD /* Resources */,
			);
			buildRules = (
			);
			dependencies = (
				A08CBA1D261C5043003A93DD /* PBXTargetDependency */,
			);
			name = TodoListTests;
			productName = TodoListTests;
			productReference = A08CBA17261C5042003A93DD /* TodoListTests.xctest */;
			productType = "com.apple.product-type.bundle.unit-test";
		};
/* End PBXNativeTarget section */

/* Begin PBXProject section */
		A0130D70261C43F20091BBEF /* Project object */ = {
			isa = PBXProject;
			attributes = {
				LastSwiftUpdateCheck = 1240;
				LastUpgradeCheck = 1240;
				TargetAttributes = {
					A0130D77261C43F20091BBEF = {
						CreatedOnToolsVersion = 12.4;
					};
					A08CBA16261C5042003A93DD = {
						CreatedOnToolsVersion = 12.4;
						TestTargetID = A0130D77261C43F20091BBEF;
					};
				};
			};
			buildConfigurationList = A0130D73261C43F20091BBEF /* Build configuration list for PBXProject "TodoList" */;
			compatibilityVersion = "Xcode 9.3";
			developmentRegion = en;
			hasScannedForEncodings = 0;
			knownRegions = (
				en,
				Base,
			);
			mainGroup = A0130D6F261C43F20091BBEF;
			productRefGroup = A0130D79261C43F20091BBEF /* Products */;
			projectDirPath = "";
			projectRoot = "";
			targets = (
				A0130D77261C43F20091BBEF /* TodoList */,
				A08CBA16261C5042003A93DD /* TodoListTests */,
			);
		};
/* End PBXProject section */

/* Begin PBXResourcesBuildPhase section */
		A0130D76261C43F20091BBEF /* Resources */ = {
			isa = PBXResourcesBuildPhase;
			buildActionMask = 2147483647;
			files = (
				A0130D88261C43F30091BBEF /* LaunchScreen.storyboard in Resources */,
				88EC8F1A261EA969008A4EE5 /* ToDoCardCell.xib in Resources */,
				A0130D85261C43F30091BBEF /* Assets.xcassets in Resources */,
				A0130D83261C43F20091BBEF /* Main.storyboard in Resources */,
			);
			runOnlyForDeploymentPostprocessing = 0;
		};
		A08CBA15261C5042003A93DD /* Resources */ = {
			isa = PBXResourcesBuildPhase;
			buildActionMask = 2147483647;
			files = (
			);
			runOnlyForDeploymentPostprocessing = 0;
		};
/* End PBXResourcesBuildPhase section */

/* Begin PBXSourcesBuildPhase section */
		A0130D74261C43F20091BBEF /* Sources */ = {
			isa = PBXSourcesBuildPhase;
			buildActionMask = 2147483647;
			files = (
				88EC8F13261EA651008A4EE5 /* DoneViewController.swift in Sources */,
				88EC8F02261D9BF4008A4EE5 /* TodoViewController.swift in Sources */,
				88EC8EF6261D4EF0008A4EE5 /* CardCompleted.swift in Sources */,
				88D276FB2621B1B60060B75A /* CustomHeader.swift in Sources */,
				A0130D99261C47A60091BBEF /* JSONParser.swift in Sources */,
				A0130D80261C43F20091BBEF /* ViewController.swift in Sources */,
				A0130D7C261C43F20091BBEF /* AppDelegate.swift in Sources */,
				88EC8EEE261D4ECF008A4EE5 /* CardToBeDone.swift in Sources */,
				88EC8F2426200095008A4EE5 /* Constants.swift in Sources */,
				88EC8EE9261D4BE6008A4EE5 /* ToDoCardProtocol.swift in Sources */,
				88EC8EF2261D4EE4008A4EE5 /* CardOnProgress.swift in Sources */,
				88EC8EE5261D4914008A4EE5 /* ToDoCard.swift in Sources */,
				88EC8F19261EA969008A4EE5 /* ToDoCardCell.swift in Sources */,
				A0130D7E261C43F20091BBEF /* SceneDelegate.swift in Sources */,
				A0130D93261C458B0091BBEF /* ToDoDataModel.swift in Sources */,
				A0130D96261C470E0091BBEF /* DataManager.swift in Sources */,
				88EC8F0C261EA607008A4EE5 /* DoingViewController.swift in Sources */,
			);
			runOnlyForDeploymentPostprocessing = 0;
		};
		A08CBA13261C5042003A93DD /* Sources */ = {
			isa = PBXSourcesBuildPhase;
			buildActionMask = 2147483647;
			files = (
				A08CBA1A261C5043003A93DD /* TodoListTests.swift in Sources */,
				A08CBA26261C50E7003A93DD /* DataManager.swift in Sources */,
				A08CBA29261C50EA003A93DD /* JSONParser.swift in Sources */,
				A08CBA23261C50E5003A93DD /* ToDoDataModel.swift in Sources */,
			);
			runOnlyForDeploymentPostprocessing = 0;
		};
/* End PBXSourcesBuildPhase section */

/* Begin PBXTargetDependency section */
		A08CBA1D261C5043003A93DD /* PBXTargetDependency */ = {
			isa = PBXTargetDependency;
			target = A0130D77261C43F20091BBEF /* TodoList */;
			targetProxy = A08CBA1C261C5043003A93DD /* PBXContainerItemProxy */;
		};
/* End PBXTargetDependency section */

/* Begin PBXVariantGroup section */
		A0130D81261C43F20091BBEF /* Main.storyboard */ = {
			isa = PBXVariantGroup;
			children = (
				A0130D82261C43F20091BBEF /* Base */,
			);
			name = Main.storyboard;
			sourceTree = "<group>";
		};
		A0130D86261C43F30091BBEF /* LaunchScreen.storyboard */ = {
			isa = PBXVariantGroup;
			children = (
				A0130D87261C43F30091BBEF /* Base */,
			);
			name = LaunchScreen.storyboard;
			sourceTree = "<group>";
		};
/* End PBXVariantGroup section */

/* Begin XCBuildConfiguration section */
		A0130D8A261C43F30091BBEF /* Debug */ = {
			isa = XCBuildConfiguration;
			buildSettings = {
				ALWAYS_SEARCH_USER_PATHS = NO;
				CLANG_ANALYZER_NONNULL = YES;
				CLANG_ANALYZER_NUMBER_OBJECT_CONVERSION = YES_AGGRESSIVE;
				CLANG_CXX_LANGUAGE_STANDARD = "gnu++14";
				CLANG_CXX_LIBRARY = "libc++";
				CLANG_ENABLE_MODULES = YES;
				CLANG_ENABLE_OBJC_ARC = YES;
				CLANG_ENABLE_OBJC_WEAK = YES;
				CLANG_WARN_BLOCK_CAPTURE_AUTORELEASING = YES;
				CLANG_WARN_BOOL_CONVERSION = YES;
				CLANG_WARN_COMMA = YES;
				CLANG_WARN_CONSTANT_CONVERSION = YES;
				CLANG_WARN_DEPRECATED_OBJC_IMPLEMENTATIONS = YES;
				CLANG_WARN_DIRECT_OBJC_ISA_USAGE = YES_ERROR;
				CLANG_WARN_DOCUMENTATION_COMMENTS = YES;
				CLANG_WARN_EMPTY_BODY = YES;
				CLANG_WARN_ENUM_CONVERSION = YES;
				CLANG_WARN_INFINITE_RECURSION = YES;
				CLANG_WARN_INT_CONVERSION = YES;
				CLANG_WARN_NON_LITERAL_NULL_CONVERSION = YES;
				CLANG_WARN_OBJC_IMPLICIT_RETAIN_SELF = YES;
				CLANG_WARN_OBJC_LITERAL_CONVERSION = YES;
				CLANG_WARN_OBJC_ROOT_CLASS = YES_ERROR;
				CLANG_WARN_QUOTED_INCLUDE_IN_FRAMEWORK_HEADER = YES;
				CLANG_WARN_RANGE_LOOP_ANALYSIS = YES;
				CLANG_WARN_STRICT_PROTOTYPES = YES;
				CLANG_WARN_SUSPICIOUS_MOVE = YES;
				CLANG_WARN_UNGUARDED_AVAILABILITY = YES_AGGRESSIVE;
				CLANG_WARN_UNREACHABLE_CODE = YES;
				CLANG_WARN__DUPLICATE_METHOD_MATCH = YES;
				COPY_PHASE_STRIP = NO;
				DEBUG_INFORMATION_FORMAT = dwarf;
				ENABLE_STRICT_OBJC_MSGSEND = YES;
				ENABLE_TESTABILITY = YES;
				GCC_C_LANGUAGE_STANDARD = gnu11;
				GCC_DYNAMIC_NO_PIC = NO;
				GCC_NO_COMMON_BLOCKS = YES;
				GCC_OPTIMIZATION_LEVEL = 0;
				GCC_PREPROCESSOR_DEFINITIONS = (
					"DEBUG=1",
					"$(inherited)",
				);
				GCC_WARN_64_TO_32_BIT_CONVERSION = YES;
				GCC_WARN_ABOUT_RETURN_TYPE = YES_ERROR;
				GCC_WARN_UNDECLARED_SELECTOR = YES;
				GCC_WARN_UNINITIALIZED_AUTOS = YES_AGGRESSIVE;
				GCC_WARN_UNUSED_FUNCTION = YES;
				GCC_WARN_UNUSED_VARIABLE = YES;
				IPHONEOS_DEPLOYMENT_TARGET = 14.4;
				MTL_ENABLE_DEBUG_INFO = INCLUDE_SOURCE;
				MTL_FAST_MATH = YES;
				ONLY_ACTIVE_ARCH = YES;
				SDKROOT = iphoneos;
				SWIFT_ACTIVE_COMPILATION_CONDITIONS = DEBUG;
				SWIFT_OPTIMIZATION_LEVEL = "-Onone";
			};
			name = Debug;
		};
		A0130D8B261C43F30091BBEF /* Release */ = {
			isa = XCBuildConfiguration;
			buildSettings = {
				ALWAYS_SEARCH_USER_PATHS = NO;
				CLANG_ANALYZER_NONNULL = YES;
				CLANG_ANALYZER_NUMBER_OBJECT_CONVERSION = YES_AGGRESSIVE;
				CLANG_CXX_LANGUAGE_STANDARD = "gnu++14";
				CLANG_CXX_LIBRARY = "libc++";
				CLANG_ENABLE_MODULES = YES;
				CLANG_ENABLE_OBJC_ARC = YES;
				CLANG_ENABLE_OBJC_WEAK = YES;
				CLANG_WARN_BLOCK_CAPTURE_AUTORELEASING = YES;
				CLANG_WARN_BOOL_CONVERSION = YES;
				CLANG_WARN_COMMA = YES;
				CLANG_WARN_CONSTANT_CONVERSION = YES;
				CLANG_WARN_DEPRECATED_OBJC_IMPLEMENTATIONS = YES;
				CLANG_WARN_DIRECT_OBJC_ISA_USAGE = YES_ERROR;
				CLANG_WARN_DOCUMENTATION_COMMENTS = YES;
				CLANG_WARN_EMPTY_BODY = YES;
				CLANG_WARN_ENUM_CONVERSION = YES;
				CLANG_WARN_INFINITE_RECURSION = YES;
				CLANG_WARN_INT_CONVERSION = YES;
				CLANG_WARN_NON_LITERAL_NULL_CONVERSION = YES;
				CLANG_WARN_OBJC_IMPLICIT_RETAIN_SELF = YES;
				CLANG_WARN_OBJC_LITERAL_CONVERSION = YES;
				CLANG_WARN_OBJC_ROOT_CLASS = YES_ERROR;
				CLANG_WARN_QUOTED_INCLUDE_IN_FRAMEWORK_HEADER = YES;
				CLANG_WARN_RANGE_LOOP_ANALYSIS = YES;
				CLANG_WARN_STRICT_PROTOTYPES = YES;
				CLANG_WARN_SUSPICIOUS_MOVE = YES;
				CLANG_WARN_UNGUARDED_AVAILABILITY = YES_AGGRESSIVE;
				CLANG_WARN_UNREACHABLE_CODE = YES;
				CLANG_WARN__DUPLICATE_METHOD_MATCH = YES;
				COPY_PHASE_STRIP = NO;
				DEBUG_INFORMATION_FORMAT = "dwarf-with-dsym";
				ENABLE_NS_ASSERTIONS = NO;
				ENABLE_STRICT_OBJC_MSGSEND = YES;
				GCC_C_LANGUAGE_STANDARD = gnu11;
				GCC_NO_COMMON_BLOCKS = YES;
				GCC_WARN_64_TO_32_BIT_CONVERSION = YES;
				GCC_WARN_ABOUT_RETURN_TYPE = YES_ERROR;
				GCC_WARN_UNDECLARED_SELECTOR = YES;
				GCC_WARN_UNINITIALIZED_AUTOS = YES_AGGRESSIVE;
				GCC_WARN_UNUSED_FUNCTION = YES;
				GCC_WARN_UNUSED_VARIABLE = YES;
				IPHONEOS_DEPLOYMENT_TARGET = 14.4;
				MTL_ENABLE_DEBUG_INFO = NO;
				MTL_FAST_MATH = YES;
				SDKROOT = iphoneos;
				SWIFT_COMPILATION_MODE = wholemodule;
				SWIFT_OPTIMIZATION_LEVEL = "-O";
				VALIDATE_PRODUCT = YES;
			};
			name = Release;
		};
		A0130D8D261C43F30091BBEF /* Debug */ = {
			isa = XCBuildConfiguration;
			buildSettings = {
				ASSETCATALOG_COMPILER_APPICON_NAME = AppIcon;
				ASSETCATALOG_COMPILER_GLOBAL_ACCENT_COLOR_NAME = AccentColor;
				CODE_SIGN_STYLE = Automatic;
				DEVELOPMENT_TEAM = B3PWYBKFUK;
				INFOPLIST_FILE = TodoList/Info.plist;
				LD_RUNPATH_SEARCH_PATHS = (
					"$(inherited)",
					"@executable_path/Frameworks",
				);
				PRODUCT_BUNDLE_IDENTIFIER = com.Codesquad.SimulatorTest.TodoList;
				PRODUCT_NAME = "$(TARGET_NAME)";
				SWIFT_VERSION = 5.0;
				TARGETED_DEVICE_FAMILY = 2;
			};
			name = Debug;
		};
		A0130D8E261C43F30091BBEF /* Release */ = {
			isa = XCBuildConfiguration;
			buildSettings = {
				ASSETCATALOG_COMPILER_APPICON_NAME = AppIcon;
				ASSETCATALOG_COMPILER_GLOBAL_ACCENT_COLOR_NAME = AccentColor;
				CODE_SIGN_STYLE = Automatic;
				DEVELOPMENT_TEAM = B3PWYBKFUK;
				INFOPLIST_FILE = TodoList/Info.plist;
				LD_RUNPATH_SEARCH_PATHS = (
					"$(inherited)",
					"@executable_path/Frameworks",
				);
				PRODUCT_BUNDLE_IDENTIFIER = com.Codesquad.SimulatorTest.TodoList;
				PRODUCT_NAME = "$(TARGET_NAME)";
				SWIFT_VERSION = 5.0;
				TARGETED_DEVICE_FAMILY = 2;
			};
			name = Release;
		};
		A08CBA1F261C5043003A93DD /* Debug */ = {
			isa = XCBuildConfiguration;
			buildSettings = {
				BUNDLE_LOADER = "$(TEST_HOST)";
				CODE_SIGN_STYLE = Automatic;
				DEVELOPMENT_TEAM = B3PWYBKFUK;
				INFOPLIST_FILE = TodoListTests/Info.plist;
				LD_RUNPATH_SEARCH_PATHS = (
					"$(inherited)",
					"@executable_path/Frameworks",
					"@loader_path/Frameworks",
				);
				PRODUCT_BUNDLE_IDENTIFIER = com.Codesquad.SimulatorTest.TodoListTests;
				PRODUCT_NAME = "$(TARGET_NAME)";
				SWIFT_VERSION = 5.0;
				TARGETED_DEVICE_FAMILY = "1,2";
				TEST_HOST = "$(BUILT_PRODUCTS_DIR)/TodoList.app/TodoList";
			};
			name = Debug;
		};
		A08CBA20261C5043003A93DD /* Release */ = {
			isa = XCBuildConfiguration;
			buildSettings = {
				BUNDLE_LOADER = "$(TEST_HOST)";
				CODE_SIGN_STYLE = Automatic;
				DEVELOPMENT_TEAM = B3PWYBKFUK;
				INFOPLIST_FILE = TodoListTests/Info.plist;
				LD_RUNPATH_SEARCH_PATHS = (
					"$(inherited)",
					"@executable_path/Frameworks",
					"@loader_path/Frameworks",
				);
				PRODUCT_BUNDLE_IDENTIFIER = com.Codesquad.SimulatorTest.TodoListTests;
				PRODUCT_NAME = "$(TARGET_NAME)";
				SWIFT_VERSION = 5.0;
				TARGETED_DEVICE_FAMILY = "1,2";
				TEST_HOST = "$(BUILT_PRODUCTS_DIR)/TodoList.app/TodoList";
			};
			name = Release;
		};
/* End XCBuildConfiguration section */

/* Begin XCConfigurationList section */
		A0130D73261C43F20091BBEF /* Build configuration list for PBXProject "TodoList" */ = {
			isa = XCConfigurationList;
			buildConfigurations = (
				A0130D8A261C43F30091BBEF /* Debug */,
				A0130D8B261C43F30091BBEF /* Release */,
			);
			defaultConfigurationIsVisible = 0;
			defaultConfigurationName = Release;
		};
		A0130D8C261C43F30091BBEF /* Build configuration list for PBXNativeTarget "TodoList" */ = {
			isa = XCConfigurationList;
			buildConfigurations = (
				A0130D8D261C43F30091BBEF /* Debug */,
				A0130D8E261C43F30091BBEF /* Release */,
			);
			defaultConfigurationIsVisible = 0;
			defaultConfigurationName = Release;
		};
		A08CBA1E261C5043003A93DD /* Build configuration list for PBXNativeTarget "TodoListTests" */ = {
			isa = XCConfigurationList;
			buildConfigurations = (
				A08CBA1F261C5043003A93DD /* Debug */,
				A08CBA20261C5043003A93DD /* Release */,
			);
			defaultConfigurationIsVisible = 0;
			defaultConfigurationName = Release;
		};
/* End XCConfigurationList section */
	};
	rootObject = A0130D70261C43F20091BBEF /* Project object */;
}
