// !$*UTF8*$!
{
	archiveVersion = 1;
	classes = {
	};
	objectVersion = 50;
	objects = {

/* Begin PBXBuildFile section */
		BF7EB26A261C3CBF003EB682 /* AppDelegate.swift in Sources */ = {isa = PBXBuildFile; fileRef = BF7EB269261C3CBF003EB682 /* AppDelegate.swift */; };
		BF7EB26C261C3CBF003EB682 /* SceneDelegate.swift in Sources */ = {isa = PBXBuildFile; fileRef = BF7EB26B261C3CBF003EB682 /* SceneDelegate.swift */; };
		BF7EB271261C3CBF003EB682 /* Main.storyboard in Resources */ = {isa = PBXBuildFile; fileRef = BF7EB26F261C3CBF003EB682 /* Main.storyboard */; };
		BF7EB273261C3CC3003EB682 /* Assets.xcassets in Resources */ = {isa = PBXBuildFile; fileRef = BF7EB272261C3CC3003EB682 /* Assets.xcassets */; };
		BF7EB276261C3CC3003EB682 /* LaunchScreen.storyboard in Resources */ = {isa = PBXBuildFile; fileRef = BF7EB274261C3CC3003EB682 /* LaunchScreen.storyboard */; };
		BF7EB281261C3CC3003EB682 /* TodoListTests.swift in Sources */ = {isa = PBXBuildFile; fileRef = BF7EB280261C3CC3003EB682 /* TodoListTests.swift */; };
		BF7EB28C261C3CC3003EB682 /* TodoListUITests.swift in Sources */ = {isa = PBXBuildFile; fileRef = BF7EB28B261C3CC3003EB682 /* TodoListUITests.swift */; };
		BF7EB2A0261C418B003EB682 /* DoViewController.swift in Sources */ = {isa = PBXBuildFile; fileRef = BF7EB29F261C418B003EB682 /* DoViewController.swift */; };
		BF7EB2A5261C4199003EB682 /* DoneViewController.swift in Sources */ = {isa = PBXBuildFile; fileRef = BF7EB2A4261C4199003EB682 /* DoneViewController.swift */; };
		BF7EB2AA261C419E003EB682 /* DoingViewController.swift in Sources */ = {isa = PBXBuildFile; fileRef = BF7EB2A9261C419E003EB682 /* DoingViewController.swift */; };
		BFA75568261FE696008FB904 /* HTTPMethod.swift in Sources */ = {isa = PBXBuildFile; fileRef = BFA75567261FE696008FB904 /* HTTPMethod.swift */; };
		BFA7556D261FEBE2008FB904 /* AddViewController.swift in Sources */ = {isa = PBXBuildFile; fileRef = BFA7556C261FEBE2008FB904 /* AddViewController.swift */; };
		BFBF30E4261D4E65000BDDE3 /* DoingDataSource.swift in Sources */ = {isa = PBXBuildFile; fileRef = BFBF30E3261D4E65000BDDE3 /* DoingDataSource.swift */; };
		D09A57E82625380A00DA620A /* MainViewController.swift in Sources */ = {isa = PBXBuildFile; fileRef = D09A57E72625380A00DA620A /* MainViewController.swift */; };
		D09A57F226253ADB00DA620A /* TaskViewController.swift in Sources */ = {isa = PBXBuildFile; fileRef = D09A57F126253ADB00DA620A /* TaskViewController.swift */; };
		D09A580C26254AF500DA620A /* TaskDTO.swift in Sources */ = {isa = PBXBuildFile; fileRef = D09A580B26254AF500DA620A /* TaskDTO.swift */; };
		D09A5811262561CC00DA620A /* DoDelegate.swift in Sources */ = {isa = PBXBuildFile; fileRef = D09A5810262561CC00DA620A /* DoDelegate.swift */; };
		D09A581926256A5800DA620A /* DoingDelegate.swift in Sources */ = {isa = PBXBuildFile; fileRef = D09A581826256A5800DA620A /* DoingDelegate.swift */; };
		D09A581E26256A7F00DA620A /* DoneDelegate.swift in Sources */ = {isa = PBXBuildFile; fileRef = D09A581D26256A7F00DA620A /* DoneDelegate.swift */; };
		D0E6A9D72624128B00E9B023 /* ActivityTableViewCell.swift in Sources */ = {isa = PBXBuildFile; fileRef = D0E6A9D62624128B00E9B023 /* ActivityTableViewCell.swift */; };
		D0E6A9DF262414B600E9B023 /* CardButton.swift in Sources */ = {isa = PBXBuildFile; fileRef = D0E6A9DE262414B600E9B023 /* CardButton.swift */; };
		D0E6A9EC26243AC600E9B023 /* Router.swift in Sources */ = {isa = PBXBuildFile; fileRef = D0E6A9EB26243AC600E9B023 /* Router.swift */; };
		D0F41D0D261E9EC60024D7B1 /* EndPoint.swift in Sources */ = {isa = PBXBuildFile; fileRef = D0F41D0C261E9EC60024D7B1 /* EndPoint.swift */; };
		D0F41D12261E9FE70024D7B1 /* URLSessionManager.swift in Sources */ = {isa = PBXBuildFile; fileRef = D0F41D11261E9FE70024D7B1 /* URLSessionManager.swift */; };
		D0F41D28261EA9B50024D7B1 /* Task.swift in Sources */ = {isa = PBXBuildFile; fileRef = D0F41D27261EA9B50024D7B1 /* Task.swift */; };
		D0F41D2D261ED5C80024D7B1 /* Decoder.swift in Sources */ = {isa = PBXBuildFile; fileRef = D0F41D2C261ED5C80024D7B1 /* Decoder.swift */; };
		D0F41D35261ED86E0024D7B1 /* UseCase.swift in Sources */ = {isa = PBXBuildFile; fileRef = D0F41D34261ED86E0024D7B1 /* UseCase.swift */; };
		D0F41D41261EEAFC0024D7B1 /* DoDataSource.swift in Sources */ = {isa = PBXBuildFile; fileRef = D0F41D40261EEAFC0024D7B1 /* DoDataSource.swift */; };
		D0F41D4B261EEC360024D7B1 /* TaskTableViewCell.swift in Sources */ = {isa = PBXBuildFile; fileRef = D0F41D4A261EEC360024D7B1 /* TaskTableViewCell.swift */; };
		D0F41D612622C99F0024D7B1 /* DoingDTO.swift in Sources */ = {isa = PBXBuildFile; fileRef = D0F41D602622C99F0024D7B1 /* DoingDTO.swift */; };
		D0F41D662622D04C0024D7B1 /* DoDTO.swift in Sources */ = {isa = PBXBuildFile; fileRef = D0F41D652622D04C0024D7B1 /* DoDTO.swift */; };
		D0F41D6E2622E6450024D7B1 /* DoneDTO.swift in Sources */ = {isa = PBXBuildFile; fileRef = D0F41D6D2622E6450024D7B1 /* DoneDTO.swift */; };
		D0F41D7A2622E6BA0024D7B1 /* DoneDataSource.swift in Sources */ = {isa = PBXBuildFile; fileRef = D0F41D792622E6BA0024D7B1 /* DoneDataSource.swift */; };
/* End PBXBuildFile section */

/* Begin PBXContainerItemProxy section */
		BF7EB27D261C3CC3003EB682 /* PBXContainerItemProxy */ = {
			isa = PBXContainerItemProxy;
			containerPortal = BF7EB25E261C3CBF003EB682 /* Project object */;
			proxyType = 1;
			remoteGlobalIDString = BF7EB265261C3CBF003EB682;
			remoteInfo = TodoList;
		};
		BF7EB288261C3CC3003EB682 /* PBXContainerItemProxy */ = {
			isa = PBXContainerItemProxy;
			containerPortal = BF7EB25E261C3CBF003EB682 /* Project object */;
			proxyType = 1;
			remoteGlobalIDString = BF7EB265261C3CBF003EB682;
			remoteInfo = TodoList;
		};
/* End PBXContainerItemProxy section */

/* Begin PBXFileReference section */
		BF7EB266261C3CBF003EB682 /* TodoList.app */ = {isa = PBXFileReference; explicitFileType = wrapper.application; includeInIndex = 0; path = TodoList.app; sourceTree = BUILT_PRODUCTS_DIR; };
		BF7EB269261C3CBF003EB682 /* AppDelegate.swift */ = {isa = PBXFileReference; lastKnownFileType = sourcecode.swift; path = AppDelegate.swift; sourceTree = "<group>"; };
		BF7EB26B261C3CBF003EB682 /* SceneDelegate.swift */ = {isa = PBXFileReference; lastKnownFileType = sourcecode.swift; path = SceneDelegate.swift; sourceTree = "<group>"; };
		BF7EB270261C3CBF003EB682 /* Base */ = {isa = PBXFileReference; lastKnownFileType = file.storyboard; name = Base; path = Base.lproj/Main.storyboard; sourceTree = "<group>"; };
		BF7EB272261C3CC3003EB682 /* Assets.xcassets */ = {isa = PBXFileReference; lastKnownFileType = folder.assetcatalog; path = Assets.xcassets; sourceTree = "<group>"; };
		BF7EB275261C3CC3003EB682 /* Base */ = {isa = PBXFileReference; lastKnownFileType = file.storyboard; name = Base; path = Base.lproj/LaunchScreen.storyboard; sourceTree = "<group>"; };
		BF7EB277261C3CC3003EB682 /* Info.plist */ = {isa = PBXFileReference; lastKnownFileType = text.plist.xml; path = Info.plist; sourceTree = "<group>"; };
		BF7EB27C261C3CC3003EB682 /* TodoListTests.xctest */ = {isa = PBXFileReference; explicitFileType = wrapper.cfbundle; includeInIndex = 0; path = TodoListTests.xctest; sourceTree = BUILT_PRODUCTS_DIR; };
		BF7EB280261C3CC3003EB682 /* TodoListTests.swift */ = {isa = PBXFileReference; lastKnownFileType = sourcecode.swift; path = TodoListTests.swift; sourceTree = "<group>"; };
		BF7EB282261C3CC3003EB682 /* Info.plist */ = {isa = PBXFileReference; lastKnownFileType = text.plist.xml; path = Info.plist; sourceTree = "<group>"; };
		BF7EB287261C3CC3003EB682 /* TodoListUITests.xctest */ = {isa = PBXFileReference; explicitFileType = wrapper.cfbundle; includeInIndex = 0; path = TodoListUITests.xctest; sourceTree = BUILT_PRODUCTS_DIR; };
		BF7EB28B261C3CC3003EB682 /* TodoListUITests.swift */ = {isa = PBXFileReference; lastKnownFileType = sourcecode.swift; path = TodoListUITests.swift; sourceTree = "<group>"; };
		BF7EB28D261C3CC3003EB682 /* Info.plist */ = {isa = PBXFileReference; lastKnownFileType = text.plist.xml; path = Info.plist; sourceTree = "<group>"; };
		BF7EB29F261C418B003EB682 /* DoViewController.swift */ = {isa = PBXFileReference; lastKnownFileType = sourcecode.swift; path = DoViewController.swift; sourceTree = "<group>"; };
		BF7EB2A4261C4199003EB682 /* DoneViewController.swift */ = {isa = PBXFileReference; lastKnownFileType = sourcecode.swift; path = DoneViewController.swift; sourceTree = "<group>"; };
		BF7EB2A9261C419E003EB682 /* DoingViewController.swift */ = {isa = PBXFileReference; lastKnownFileType = sourcecode.swift; path = DoingViewController.swift; sourceTree = "<group>"; };
		BFA75567261FE696008FB904 /* HTTPMethod.swift */ = {isa = PBXFileReference; lastKnownFileType = sourcecode.swift; path = HTTPMethod.swift; sourceTree = "<group>"; };
		BFA7556C261FEBE2008FB904 /* AddViewController.swift */ = {isa = PBXFileReference; lastKnownFileType = sourcecode.swift; path = AddViewController.swift; sourceTree = "<group>"; };
		BFBF30E3261D4E65000BDDE3 /* DoingDataSource.swift */ = {isa = PBXFileReference; lastKnownFileType = sourcecode.swift; path = DoingDataSource.swift; sourceTree = "<group>"; };
		D09A57E72625380A00DA620A /* MainViewController.swift */ = {isa = PBXFileReference; lastKnownFileType = sourcecode.swift; path = MainViewController.swift; sourceTree = "<group>"; };
		D09A57F126253ADB00DA620A /* TaskViewController.swift */ = {isa = PBXFileReference; lastKnownFileType = sourcecode.swift; path = TaskViewController.swift; sourceTree = "<group>"; };
		D09A580B26254AF500DA620A /* TaskDTO.swift */ = {isa = PBXFileReference; lastKnownFileType = sourcecode.swift; path = TaskDTO.swift; sourceTree = "<group>"; };
		D09A5810262561CC00DA620A /* DoDelegate.swift */ = {isa = PBXFileReference; lastKnownFileType = sourcecode.swift; path = DoDelegate.swift; sourceTree = "<group>"; };
		D09A581826256A5800DA620A /* DoingDelegate.swift */ = {isa = PBXFileReference; lastKnownFileType = sourcecode.swift; path = DoingDelegate.swift; sourceTree = "<group>"; };
		D09A581D26256A7F00DA620A /* DoneDelegate.swift */ = {isa = PBXFileReference; lastKnownFileType = sourcecode.swift; path = DoneDelegate.swift; sourceTree = "<group>"; };
		D0E6A9D62624128B00E9B023 /* ActivityTableViewCell.swift */ = {isa = PBXFileReference; lastKnownFileType = sourcecode.swift; path = ActivityTableViewCell.swift; sourceTree = "<group>"; };
		D0E6A9DE262414B600E9B023 /* CardButton.swift */ = {isa = PBXFileReference; lastKnownFileType = sourcecode.swift; path = CardButton.swift; sourceTree = "<group>"; };
		D0E6A9EB26243AC600E9B023 /* Router.swift */ = {isa = PBXFileReference; lastKnownFileType = sourcecode.swift; path = Router.swift; sourceTree = "<group>"; };
		D0F41D0C261E9EC60024D7B1 /* EndPoint.swift */ = {isa = PBXFileReference; lastKnownFileType = sourcecode.swift; path = EndPoint.swift; sourceTree = "<group>"; };
		D0F41D11261E9FE70024D7B1 /* URLSessionManager.swift */ = {isa = PBXFileReference; lastKnownFileType = sourcecode.swift; path = URLSessionManager.swift; sourceTree = "<group>"; };
		D0F41D27261EA9B50024D7B1 /* Task.swift */ = {isa = PBXFileReference; lastKnownFileType = sourcecode.swift; path = Task.swift; sourceTree = "<group>"; };
		D0F41D2C261ED5C80024D7B1 /* Decoder.swift */ = {isa = PBXFileReference; lastKnownFileType = sourcecode.swift; path = Decoder.swift; sourceTree = "<group>"; };
		D0F41D34261ED86E0024D7B1 /* UseCase.swift */ = {isa = PBXFileReference; lastKnownFileType = sourcecode.swift; path = UseCase.swift; sourceTree = "<group>"; };
		D0F41D40261EEAFC0024D7B1 /* DoDataSource.swift */ = {isa = PBXFileReference; lastKnownFileType = sourcecode.swift; path = DoDataSource.swift; sourceTree = "<group>"; };
		D0F41D4A261EEC360024D7B1 /* TaskTableViewCell.swift */ = {isa = PBXFileReference; lastKnownFileType = sourcecode.swift; path = TaskTableViewCell.swift; sourceTree = "<group>"; };
		D0F41D602622C99F0024D7B1 /* DoingDTO.swift */ = {isa = PBXFileReference; lastKnownFileType = sourcecode.swift; path = DoingDTO.swift; sourceTree = "<group>"; };
		D0F41D652622D04C0024D7B1 /* DoDTO.swift */ = {isa = PBXFileReference; lastKnownFileType = sourcecode.swift; path = DoDTO.swift; sourceTree = "<group>"; };
		D0F41D6D2622E6450024D7B1 /* DoneDTO.swift */ = {isa = PBXFileReference; lastKnownFileType = sourcecode.swift; path = DoneDTO.swift; sourceTree = "<group>"; };
		D0F41D792622E6BA0024D7B1 /* DoneDataSource.swift */ = {isa = PBXFileReference; lastKnownFileType = sourcecode.swift; path = DoneDataSource.swift; sourceTree = "<group>"; };
/* End PBXFileReference section */

/* Begin PBXFrameworksBuildPhase section */
		BF7EB263261C3CBF003EB682 /* Frameworks */ = {
			isa = PBXFrameworksBuildPhase;
			buildActionMask = 2147483647;
			files = (
			);
			runOnlyForDeploymentPostprocessing = 0;
		};
		BF7EB279261C3CC3003EB682 /* Frameworks */ = {
			isa = PBXFrameworksBuildPhase;
			buildActionMask = 2147483647;
			files = (
			);
			runOnlyForDeploymentPostprocessing = 0;
		};
		BF7EB284261C3CC3003EB682 /* Frameworks */ = {
			isa = PBXFrameworksBuildPhase;
			buildActionMask = 2147483647;
			files = (
			);
			runOnlyForDeploymentPostprocessing = 0;
		};
/* End PBXFrameworksBuildPhase section */

/* Begin PBXGroup section */
		BF7EB25D261C3CBF003EB682 = {
			isa = PBXGroup;
			children = (
				BF7EB268261C3CBF003EB682 /* TodoList */,
				BF7EB27F261C3CC3003EB682 /* TodoListTests */,
				BF7EB28A261C3CC3003EB682 /* TodoListUITests */,
				BF7EB267261C3CBF003EB682 /* Products */,
			);
			sourceTree = "<group>";
		};
		BF7EB267261C3CBF003EB682 /* Products */ = {
			isa = PBXGroup;
			children = (
				BF7EB266261C3CBF003EB682 /* TodoList.app */,
				BF7EB27C261C3CC3003EB682 /* TodoListTests.xctest */,
				BF7EB287261C3CC3003EB682 /* TodoListUITests.xctest */,
			);
			name = Products;
			sourceTree = "<group>";
		};
		BF7EB268261C3CBF003EB682 /* TodoList */ = {
			isa = PBXGroup;
			children = (
				BF7EB26F261C3CBF003EB682 /* Main.storyboard */,
				D09A57F126253ADB00DA620A /* TaskViewController.swift */,
				D09A580B26254AF500DA620A /* TaskDTO.swift */,
				D09A57E72625380A00DA620A /* MainViewController.swift */,
				D0E6A9DE262414B600E9B023 /* CardButton.swift */,
				D0E6A9D62624128B00E9B023 /* ActivityTableViewCell.swift */,
				BF7EB269261C3CBF003EB682 /* AppDelegate.swift */,
				BF7EB26B261C3CBF003EB682 /* SceneDelegate.swift */,
				BFA7556C261FEBE2008FB904 /* AddViewController.swift */,
				D0E6A9EB26243AC600E9B023 /* Router.swift */,
				D0F41D3C261EEA580024D7B1 /* Do */,
				BFBF30ED261D50CB000BDDE3 /* Doing */,
				D0F41D752622E6620024D7B1 /* Done */,
				D0F41D23261EA9900024D7B1 /* Network */,
				BF7EB272261C3CC3003EB682 /* Assets.xcassets */,
				BF7EB274261C3CC3003EB682 /* LaunchScreen.storyboard */,
				BF7EB277261C3CC3003EB682 /* Info.plist */,
			);
			path = TodoList;
			sourceTree = "<group>";
		};
		BF7EB27F261C3CC3003EB682 /* TodoListTests */ = {
			isa = PBXGroup;
			children = (
				BF7EB280261C3CC3003EB682 /* TodoListTests.swift */,
				BF7EB282261C3CC3003EB682 /* Info.plist */,
			);
			path = TodoListTests;
			sourceTree = "<group>";
		};
		BF7EB28A261C3CC3003EB682 /* TodoListUITests */ = {
			isa = PBXGroup;
			children = (
				BF7EB28B261C3CC3003EB682 /* TodoListUITests.swift */,
				BF7EB28D261C3CC3003EB682 /* Info.plist */,
			);
			path = TodoListUITests;
			sourceTree = "<group>";
		};
		BFBF30ED261D50CB000BDDE3 /* Doing */ = {
			isa = PBXGroup;
			children = (
				BF7EB2A9261C419E003EB682 /* DoingViewController.swift */,
				BFBF30E3261D4E65000BDDE3 /* DoingDataSource.swift */,
				D0F41D602622C99F0024D7B1 /* DoingDTO.swift */,
				D0F41D34261ED86E0024D7B1 /* UseCase.swift */,
				D09A581826256A5800DA620A /* DoingDelegate.swift */,
			);
			path = Doing;
			sourceTree = "<group>";
		};
		D0F41D23261EA9900024D7B1 /* Network */ = {
			isa = PBXGroup;
			children = (
				D0F41D2C261ED5C80024D7B1 /* Decoder.swift */,
				D0F41D0C261E9EC60024D7B1 /* EndPoint.swift */,
				D0F41D11261E9FE70024D7B1 /* URLSessionManager.swift */,
				D0F41D27261EA9B50024D7B1 /* Task.swift */,
				BFA75567261FE696008FB904 /* HTTPMethod.swift */,
			);
			path = Network;
			sourceTree = "<group>";
		};
		D0F41D3C261EEA580024D7B1 /* Do */ = {
			isa = PBXGroup;
			children = (
				D0F41D652622D04C0024D7B1 /* DoDTO.swift */,
				BF7EB29F261C418B003EB682 /* DoViewController.swift */,
				D0F41D4A261EEC360024D7B1 /* TaskTableViewCell.swift */,
				D0F41D40261EEAFC0024D7B1 /* DoDataSource.swift */,
				D09A5810262561CC00DA620A /* DoDelegate.swift */,
			);
			path = Do;
			sourceTree = "<group>";
		};
		D0F41D752622E6620024D7B1 /* Done */ = {
			isa = PBXGroup;
			children = (
				D0F41D792622E6BA0024D7B1 /* DoneDataSource.swift */,
				BF7EB2A4261C4199003EB682 /* DoneViewController.swift */,
				D0F41D6D2622E6450024D7B1 /* DoneDTO.swift */,
				D09A581D26256A7F00DA620A /* DoneDelegate.swift */,
			);
			path = Done;
			sourceTree = "<group>";
		};
/* End PBXGroup section */

/* Begin PBXNativeTarget section */
		BF7EB265261C3CBF003EB682 /* TodoList */ = {
			isa = PBXNativeTarget;
			buildConfigurationList = BF7EB290261C3CC3003EB682 /* Build configuration list for PBXNativeTarget "TodoList" */;
			buildPhases = (
				BF7EB262261C3CBF003EB682 /* Sources */,
				BF7EB263261C3CBF003EB682 /* Frameworks */,
				BF7EB264261C3CBF003EB682 /* Resources */,
			);
			buildRules = (
			);
			dependencies = (
			);
			name = TodoList;
			productName = TodoList;
			productReference = BF7EB266261C3CBF003EB682 /* TodoList.app */;
			productType = "com.apple.product-type.application";
		};
		BF7EB27B261C3CC3003EB682 /* TodoListTests */ = {
			isa = PBXNativeTarget;
			buildConfigurationList = BF7EB293261C3CC3003EB682 /* Build configuration list for PBXNativeTarget "TodoListTests" */;
			buildPhases = (
				BF7EB278261C3CC3003EB682 /* Sources */,
				BF7EB279261C3CC3003EB682 /* Frameworks */,
				BF7EB27A261C3CC3003EB682 /* Resources */,
			);
			buildRules = (
			);
			dependencies = (
				BF7EB27E261C3CC3003EB682 /* PBXTargetDependency */,
			);
			name = TodoListTests;
			productName = TodoListTests;
			productReference = BF7EB27C261C3CC3003EB682 /* TodoListTests.xctest */;
			productType = "com.apple.product-type.bundle.unit-test";
		};
		BF7EB286261C3CC3003EB682 /* TodoListUITests */ = {
			isa = PBXNativeTarget;
			buildConfigurationList = BF7EB296261C3CC3003EB682 /* Build configuration list for PBXNativeTarget "TodoListUITests" */;
			buildPhases = (
				BF7EB283261C3CC3003EB682 /* Sources */,
				BF7EB284261C3CC3003EB682 /* Frameworks */,
				BF7EB285261C3CC3003EB682 /* Resources */,
			);
			buildRules = (
			);
			dependencies = (
				BF7EB289261C3CC3003EB682 /* PBXTargetDependency */,
			);
			name = TodoListUITests;
			productName = TodoListUITests;
			productReference = BF7EB287261C3CC3003EB682 /* TodoListUITests.xctest */;
			productType = "com.apple.product-type.bundle.ui-testing";
		};
/* End PBXNativeTarget section */

/* Begin PBXProject section */
		BF7EB25E261C3CBF003EB682 /* Project object */ = {
			isa = PBXProject;
			attributes = {
				LastSwiftUpdateCheck = 1220;
				LastUpgradeCheck = 1220;
				TargetAttributes = {
					BF7EB265261C3CBF003EB682 = {
						CreatedOnToolsVersion = 12.2;
					};
					BF7EB27B261C3CC3003EB682 = {
						CreatedOnToolsVersion = 12.2;
						TestTargetID = BF7EB265261C3CBF003EB682;
					};
					BF7EB286261C3CC3003EB682 = {
						CreatedOnToolsVersion = 12.2;
						TestTargetID = BF7EB265261C3CBF003EB682;
					};
				};
			};
			buildConfigurationList = BF7EB261261C3CBF003EB682 /* Build configuration list for PBXProject "TodoList" */;
			compatibilityVersion = "Xcode 9.3";
			developmentRegion = en;
			hasScannedForEncodings = 0;
			knownRegions = (
				en,
				Base,
			);
			mainGroup = BF7EB25D261C3CBF003EB682;
			productRefGroup = BF7EB267261C3CBF003EB682 /* Products */;
			projectDirPath = "";
			projectRoot = "";
			targets = (
				BF7EB265261C3CBF003EB682 /* TodoList */,
				BF7EB27B261C3CC3003EB682 /* TodoListTests */,
				BF7EB286261C3CC3003EB682 /* TodoListUITests */,
			);
		};
/* End PBXProject section */

/* Begin PBXResourcesBuildPhase section */
		BF7EB264261C3CBF003EB682 /* Resources */ = {
			isa = PBXResourcesBuildPhase;
			buildActionMask = 2147483647;
			files = (
				BF7EB276261C3CC3003EB682 /* LaunchScreen.storyboard in Resources */,
				BF7EB273261C3CC3003EB682 /* Assets.xcassets in Resources */,
				BF7EB271261C3CBF003EB682 /* Main.storyboard in Resources */,
			);
			runOnlyForDeploymentPostprocessing = 0;
		};
		BF7EB27A261C3CC3003EB682 /* Resources */ = {
			isa = PBXResourcesBuildPhase;
			buildActionMask = 2147483647;
			files = (
			);
			runOnlyForDeploymentPostprocessing = 0;
		};
		BF7EB285261C3CC3003EB682 /* Resources */ = {
			isa = PBXResourcesBuildPhase;
			buildActionMask = 2147483647;
			files = (
			);
			runOnlyForDeploymentPostprocessing = 0;
		};
/* End PBXResourcesBuildPhase section */

/* Begin PBXSourcesBuildPhase section */
		BF7EB262261C3CBF003EB682 /* Sources */ = {
			isa = PBXSourcesBuildPhase;
			buildActionMask = 2147483647;
			files = (
				BF7EB2AA261C419E003EB682 /* DoingViewController.swift in Sources */,
				D0F41D7A2622E6BA0024D7B1 /* DoneDataSource.swift in Sources */,
				D0F41D0D261E9EC60024D7B1 /* EndPoint.swift in Sources */,
				D0E6A9EC26243AC600E9B023 /* Router.swift in Sources */,
				D0F41D2D261ED5C80024D7B1 /* Decoder.swift in Sources */,
				D09A57E82625380A00DA620A /* MainViewController.swift in Sources */,
				D0F41D662622D04C0024D7B1 /* DoDTO.swift in Sources */,
				BF7EB2A5261C4199003EB682 /* DoneViewController.swift in Sources */,
				D0F41D12261E9FE70024D7B1 /* URLSessionManager.swift in Sources */,
				BFA7556D261FEBE2008FB904 /* AddViewController.swift in Sources */,
				D0E6A9D72624128B00E9B023 /* ActivityTableViewCell.swift in Sources */,
				D0F41D612622C99F0024D7B1 /* DoingDTO.swift in Sources */,
				BFBF30E4261D4E65000BDDE3 /* DoingDataSource.swift in Sources */,
				D09A57F226253ADB00DA620A /* TaskViewController.swift in Sources */,
				D0F41D6E2622E6450024D7B1 /* DoneDTO.swift in Sources */,
				D0F41D4B261EEC360024D7B1 /* TaskTableViewCell.swift in Sources */,
				D0F41D35261ED86E0024D7B1 /* UseCase.swift in Sources */,
				D09A5811262561CC00DA620A /* DoDelegate.swift in Sources */,
				D09A580C26254AF500DA620A /* TaskDTO.swift in Sources */,
				D09A581926256A5800DA620A /* DoingDelegate.swift in Sources */,
				D0F41D41261EEAFC0024D7B1 /* DoDataSource.swift in Sources */,
				D0F41D28261EA9B50024D7B1 /* Task.swift in Sources */,
				D09A581E26256A7F00DA620A /* DoneDelegate.swift in Sources */,
				BFA75568261FE696008FB904 /* HTTPMethod.swift in Sources */,
				BF7EB26A261C3CBF003EB682 /* AppDelegate.swift in Sources */,
				D0E6A9DF262414B600E9B023 /* CardButton.swift in Sources */,
				BF7EB26C261C3CBF003EB682 /* SceneDelegate.swift in Sources */,
				BF7EB2A0261C418B003EB682 /* DoViewController.swift in Sources */,
			);
			runOnlyForDeploymentPostprocessing = 0;
		};
		BF7EB278261C3CC3003EB682 /* Sources */ = {
			isa = PBXSourcesBuildPhase;
			buildActionMask = 2147483647;
			files = (
				BF7EB281261C3CC3003EB682 /* TodoListTests.swift in Sources */,
			);
			runOnlyForDeploymentPostprocessing = 0;
		};
		BF7EB283261C3CC3003EB682 /* Sources */ = {
			isa = PBXSourcesBuildPhase;
			buildActionMask = 2147483647;
			files = (
				BF7EB28C261C3CC3003EB682 /* TodoListUITests.swift in Sources */,
			);
			runOnlyForDeploymentPostprocessing = 0;
		};
/* End PBXSourcesBuildPhase section */

/* Begin PBXTargetDependency section */
		BF7EB27E261C3CC3003EB682 /* PBXTargetDependency */ = {
			isa = PBXTargetDependency;
			target = BF7EB265261C3CBF003EB682 /* TodoList */;
			targetProxy = BF7EB27D261C3CC3003EB682 /* PBXContainerItemProxy */;
		};
		BF7EB289261C3CC3003EB682 /* PBXTargetDependency */ = {
			isa = PBXTargetDependency;
			target = BF7EB265261C3CBF003EB682 /* TodoList */;
			targetProxy = BF7EB288261C3CC3003EB682 /* PBXContainerItemProxy */;
		};
/* End PBXTargetDependency section */

/* Begin PBXVariantGroup section */
		BF7EB26F261C3CBF003EB682 /* Main.storyboard */ = {
			isa = PBXVariantGroup;
			children = (
				BF7EB270261C3CBF003EB682 /* Base */,
			);
			name = Main.storyboard;
			sourceTree = "<group>";
		};
		BF7EB274261C3CC3003EB682 /* LaunchScreen.storyboard */ = {
			isa = PBXVariantGroup;
			children = (
				BF7EB275261C3CC3003EB682 /* Base */,
			);
			name = LaunchScreen.storyboard;
			sourceTree = "<group>";
		};
/* End PBXVariantGroup section */

/* Begin XCBuildConfiguration section */
		BF7EB28E261C3CC3003EB682 /* Debug */ = {
			isa = XCBuildConfiguration;
			buildSettings = {
				ALWAYS_SEARCH_USER_PATHS = NO;
				CLANG_ANALYZER_NONNULL = YES;
				CLANG_ANALYZER_NUMBER_OBJECT_CONVERSION = YES_AGGRESSIVE;
				CLANG_CXX_LANGUAGE_STANDARD = "gnu++14";
				CLANG_CXX_LIBRARY = "libc++";
				CLANG_ENABLE_MODULES = YES;
				CLANG_ENABLE_OBJC_ARC = YES;
				CLANG_ENABLE_OBJC_WEAK = YES;
				CLANG_WARN_BLOCK_CAPTURE_AUTORELEASING = YES;
				CLANG_WARN_BOOL_CONVERSION = YES;
				CLANG_WARN_COMMA = YES;
				CLANG_WARN_CONSTANT_CONVERSION = YES;
				CLANG_WARN_DEPRECATED_OBJC_IMPLEMENTATIONS = YES;
				CLANG_WARN_DIRECT_OBJC_ISA_USAGE = YES_ERROR;
				CLANG_WARN_DOCUMENTATION_COMMENTS = YES;
				CLANG_WARN_EMPTY_BODY = YES;
				CLANG_WARN_ENUM_CONVERSION = YES;
				CLANG_WARN_INFINITE_RECURSION = YES;
				CLANG_WARN_INT_CONVERSION = YES;
				CLANG_WARN_NON_LITERAL_NULL_CONVERSION = YES;
				CLANG_WARN_OBJC_IMPLICIT_RETAIN_SELF = YES;
				CLANG_WARN_OBJC_LITERAL_CONVERSION = YES;
				CLANG_WARN_OBJC_ROOT_CLASS = YES_ERROR;
				CLANG_WARN_QUOTED_INCLUDE_IN_FRAMEWORK_HEADER = YES;
				CLANG_WARN_RANGE_LOOP_ANALYSIS = YES;
				CLANG_WARN_STRICT_PROTOTYPES = YES;
				CLANG_WARN_SUSPICIOUS_MOVE = YES;
				CLANG_WARN_UNGUARDED_AVAILABILITY = YES_AGGRESSIVE;
				CLANG_WARN_UNREACHABLE_CODE = YES;
				CLANG_WARN__DUPLICATE_METHOD_MATCH = YES;
				COPY_PHASE_STRIP = NO;
				DEBUG_INFORMATION_FORMAT = dwarf;
				ENABLE_STRICT_OBJC_MSGSEND = YES;
				ENABLE_TESTABILITY = YES;
				GCC_C_LANGUAGE_STANDARD = gnu11;
				GCC_DYNAMIC_NO_PIC = NO;
				GCC_NO_COMMON_BLOCKS = YES;
				GCC_OPTIMIZATION_LEVEL = 0;
				GCC_PREPROCESSOR_DEFINITIONS = (
					"DEBUG=1",
					"$(inherited)",
				);
				GCC_WARN_64_TO_32_BIT_CONVERSION = YES;
				GCC_WARN_ABOUT_RETURN_TYPE = YES_ERROR;
				GCC_WARN_UNDECLARED_SELECTOR = YES;
				GCC_WARN_UNINITIALIZED_AUTOS = YES_AGGRESSIVE;
				GCC_WARN_UNUSED_FUNCTION = YES;
				GCC_WARN_UNUSED_VARIABLE = YES;
				IPHONEOS_DEPLOYMENT_TARGET = 14.2;
				MTL_ENABLE_DEBUG_INFO = INCLUDE_SOURCE;
				MTL_FAST_MATH = YES;
				ONLY_ACTIVE_ARCH = YES;
				SDKROOT = iphoneos;
				SWIFT_ACTIVE_COMPILATION_CONDITIONS = DEBUG;
				SWIFT_OPTIMIZATION_LEVEL = "-Onone";
			};
			name = Debug;
		};
		BF7EB28F261C3CC3003EB682 /* Release */ = {
			isa = XCBuildConfiguration;
			buildSettings = {
				ALWAYS_SEARCH_USER_PATHS = NO;
				CLANG_ANALYZER_NONNULL = YES;
				CLANG_ANALYZER_NUMBER_OBJECT_CONVERSION = YES_AGGRESSIVE;
				CLANG_CXX_LANGUAGE_STANDARD = "gnu++14";
				CLANG_CXX_LIBRARY = "libc++";
				CLANG_ENABLE_MODULES = YES;
				CLANG_ENABLE_OBJC_ARC = YES;
				CLANG_ENABLE_OBJC_WEAK = YES;
				CLANG_WARN_BLOCK_CAPTURE_AUTORELEASING = YES;
				CLANG_WARN_BOOL_CONVERSION = YES;
				CLANG_WARN_COMMA = YES;
				CLANG_WARN_CONSTANT_CONVERSION = YES;
				CLANG_WARN_DEPRECATED_OBJC_IMPLEMENTATIONS = YES;
				CLANG_WARN_DIRECT_OBJC_ISA_USAGE = YES_ERROR;
				CLANG_WARN_DOCUMENTATION_COMMENTS = YES;
				CLANG_WARN_EMPTY_BODY = YES;
				CLANG_WARN_ENUM_CONVERSION = YES;
				CLANG_WARN_INFINITE_RECURSION = YES;
				CLANG_WARN_INT_CONVERSION = YES;
				CLANG_WARN_NON_LITERAL_NULL_CONVERSION = YES;
				CLANG_WARN_OBJC_IMPLICIT_RETAIN_SELF = YES;
				CLANG_WARN_OBJC_LITERAL_CONVERSION = YES;
				CLANG_WARN_OBJC_ROOT_CLASS = YES_ERROR;
				CLANG_WARN_QUOTED_INCLUDE_IN_FRAMEWORK_HEADER = YES;
				CLANG_WARN_RANGE_LOOP_ANALYSIS = YES;
				CLANG_WARN_STRICT_PROTOTYPES = YES;
				CLANG_WARN_SUSPICIOUS_MOVE = YES;
				CLANG_WARN_UNGUARDED_AVAILABILITY = YES_AGGRESSIVE;
				CLANG_WARN_UNREACHABLE_CODE = YES;
				CLANG_WARN__DUPLICATE_METHOD_MATCH = YES;
				COPY_PHASE_STRIP = NO;
				DEBUG_INFORMATION_FORMAT = "dwarf-with-dsym";
				ENABLE_NS_ASSERTIONS = NO;
				ENABLE_STRICT_OBJC_MSGSEND = YES;
				GCC_C_LANGUAGE_STANDARD = gnu11;
				GCC_NO_COMMON_BLOCKS = YES;
				GCC_WARN_64_TO_32_BIT_CONVERSION = YES;
				GCC_WARN_ABOUT_RETURN_TYPE = YES_ERROR;
				GCC_WARN_UNDECLARED_SELECTOR = YES;
				GCC_WARN_UNINITIALIZED_AUTOS = YES_AGGRESSIVE;
				GCC_WARN_UNUSED_FUNCTION = YES;
				GCC_WARN_UNUSED_VARIABLE = YES;
				IPHONEOS_DEPLOYMENT_TARGET = 14.2;
				MTL_ENABLE_DEBUG_INFO = NO;
				MTL_FAST_MATH = YES;
				SDKROOT = iphoneos;
				SWIFT_COMPILATION_MODE = wholemodule;
				SWIFT_OPTIMIZATION_LEVEL = "-O";
				VALIDATE_PRODUCT = YES;
			};
			name = Release;
		};
		BF7EB291261C3CC3003EB682 /* Debug */ = {
			isa = XCBuildConfiguration;
			buildSettings = {
				ASSETCATALOG_COMPILER_APPICON_NAME = AppIcon;
				ASSETCATALOG_COMPILER_GLOBAL_ACCENT_COLOR_NAME = AccentColor;
				CODE_SIGN_STYLE = Automatic;
				DEVELOPMENT_TEAM = B3PWYBKFUK;
				INFOPLIST_FILE = TodoList/Info.plist;
				LD_RUNPATH_SEARCH_PATHS = (
					"$(inherited)",
					"@executable_path/Frameworks",
				);
				PRODUCT_BUNDLE_IDENTIFIER = hoonha.TodoList;
				PRODUCT_NAME = "$(TARGET_NAME)";
				SWIFT_VERSION = 5.0;
				TARGETED_DEVICE_FAMILY = 2;
			};
			name = Debug;
		};
		BF7EB292261C3CC3003EB682 /* Release */ = {
			isa = XCBuildConfiguration;
			buildSettings = {
				ASSETCATALOG_COMPILER_APPICON_NAME = AppIcon;
				ASSETCATALOG_COMPILER_GLOBAL_ACCENT_COLOR_NAME = AccentColor;
				CODE_SIGN_STYLE = Automatic;
				DEVELOPMENT_TEAM = B3PWYBKFUK;
				INFOPLIST_FILE = TodoList/Info.plist;
				LD_RUNPATH_SEARCH_PATHS = (
					"$(inherited)",
					"@executable_path/Frameworks",
				);
				PRODUCT_BUNDLE_IDENTIFIER = hoonha.TodoList;
				PRODUCT_NAME = "$(TARGET_NAME)";
				SWIFT_VERSION = 5.0;
				TARGETED_DEVICE_FAMILY = 2;
			};
			name = Release;
		};
		BF7EB294261C3CC3003EB682 /* Debug */ = {
			isa = XCBuildConfiguration;
			buildSettings = {
				ALWAYS_EMBED_SWIFT_STANDARD_LIBRARIES = YES;
				BUNDLE_LOADER = "$(TEST_HOST)";
				CODE_SIGN_STYLE = Automatic;
				DEVELOPMENT_TEAM = B3PWYBKFUK;
				INFOPLIST_FILE = TodoListTests/Info.plist;
				IPHONEOS_DEPLOYMENT_TARGET = 14.2;
				LD_RUNPATH_SEARCH_PATHS = (
					"$(inherited)",
					"@executable_path/Frameworks",
					"@loader_path/Frameworks",
				);
				PRODUCT_BUNDLE_IDENTIFIER = hoonha.TodoListTests;
				PRODUCT_NAME = "$(TARGET_NAME)";
				SWIFT_VERSION = 5.0;
				TARGETED_DEVICE_FAMILY = "1,2";
				TEST_HOST = "$(BUILT_PRODUCTS_DIR)/TodoList.app/TodoList";
			};
			name = Debug;
		};
		BF7EB295261C3CC3003EB682 /* Release */ = {
			isa = XCBuildConfiguration;
			buildSettings = {
				ALWAYS_EMBED_SWIFT_STANDARD_LIBRARIES = YES;
				BUNDLE_LOADER = "$(TEST_HOST)";
				CODE_SIGN_STYLE = Automatic;
				DEVELOPMENT_TEAM = B3PWYBKFUK;
				INFOPLIST_FILE = TodoListTests/Info.plist;
				IPHONEOS_DEPLOYMENT_TARGET = 14.2;
				LD_RUNPATH_SEARCH_PATHS = (
					"$(inherited)",
					"@executable_path/Frameworks",
					"@loader_path/Frameworks",
				);
				PRODUCT_BUNDLE_IDENTIFIER = hoonha.TodoListTests;
				PRODUCT_NAME = "$(TARGET_NAME)";
				SWIFT_VERSION = 5.0;
				TARGETED_DEVICE_FAMILY = "1,2";
				TEST_HOST = "$(BUILT_PRODUCTS_DIR)/TodoList.app/TodoList";
			};
			name = Release;
		};
		BF7EB297261C3CC3003EB682 /* Debug */ = {
			isa = XCBuildConfiguration;
			buildSettings = {
				ALWAYS_EMBED_SWIFT_STANDARD_LIBRARIES = YES;
				CODE_SIGN_STYLE = Automatic;
				DEVELOPMENT_TEAM = B3PWYBKFUK;
				INFOPLIST_FILE = TodoListUITests/Info.plist;
				LD_RUNPATH_SEARCH_PATHS = (
					"$(inherited)",
					"@executable_path/Frameworks",
					"@loader_path/Frameworks",
				);
				PRODUCT_BUNDLE_IDENTIFIER = hoonha.TodoListUITests;
				PRODUCT_NAME = "$(TARGET_NAME)";
				SWIFT_VERSION = 5.0;
				TARGETED_DEVICE_FAMILY = "1,2";
				TEST_TARGET_NAME = TodoList;
			};
			name = Debug;
		};
		BF7EB298261C3CC3003EB682 /* Release */ = {
			isa = XCBuildConfiguration;
			buildSettings = {
				ALWAYS_EMBED_SWIFT_STANDARD_LIBRARIES = YES;
				CODE_SIGN_STYLE = Automatic;
				DEVELOPMENT_TEAM = B3PWYBKFUK;
				INFOPLIST_FILE = TodoListUITests/Info.plist;
				LD_RUNPATH_SEARCH_PATHS = (
					"$(inherited)",
					"@executable_path/Frameworks",
					"@loader_path/Frameworks",
				);
				PRODUCT_BUNDLE_IDENTIFIER = hoonha.TodoListUITests;
				PRODUCT_NAME = "$(TARGET_NAME)";
				SWIFT_VERSION = 5.0;
				TARGETED_DEVICE_FAMILY = "1,2";
				TEST_TARGET_NAME = TodoList;
			};
			name = Release;
		};
/* End XCBuildConfiguration section */

/* Begin XCConfigurationList section */
		BF7EB261261C3CBF003EB682 /* Build configuration list for PBXProject "TodoList" */ = {
			isa = XCConfigurationList;
			buildConfigurations = (
				BF7EB28E261C3CC3003EB682 /* Debug */,
				BF7EB28F261C3CC3003EB682 /* Release */,
			);
			defaultConfigurationIsVisible = 0;
			defaultConfigurationName = Release;
		};
		BF7EB290261C3CC3003EB682 /* Build configuration list for PBXNativeTarget "TodoList" */ = {
			isa = XCConfigurationList;
			buildConfigurations = (
				BF7EB291261C3CC3003EB682 /* Debug */,
				BF7EB292261C3CC3003EB682 /* Release */,
			);
			defaultConfigurationIsVisible = 0;
			defaultConfigurationName = Release;
		};
		BF7EB293261C3CC3003EB682 /* Build configuration list for PBXNativeTarget "TodoListTests" */ = {
			isa = XCConfigurationList;
			buildConfigurations = (
				BF7EB294261C3CC3003EB682 /* Debug */,
				BF7EB295261C3CC3003EB682 /* Release */,
			);
			defaultConfigurationIsVisible = 0;
			defaultConfigurationName = Release;
		};
		BF7EB296261C3CC3003EB682 /* Build configuration list for PBXNativeTarget "TodoListUITests" */ = {
			isa = XCConfigurationList;
			buildConfigurations = (
				BF7EB297261C3CC3003EB682 /* Debug */,
				BF7EB298261C3CC3003EB682 /* Release */,
			);
			defaultConfigurationIsVisible = 0;
			defaultConfigurationName = Release;
		};
/* End XCConfigurationList section */
	};
	rootObject = BF7EB25E261C3CBF003EB682 /* Project object */;
}
