// !$*UTF8*$!
{
	archiveVersion = 1;
	classes = {
	};
	objectVersion = 50;
	objects = {

/* Begin PBXBuildFile section */
		BD511A3D26230D3500BE3C94 /* Card.swift in Sources */ = {isa = PBXBuildFile; fileRef = BD511A3C26230D3500BE3C94 /* Card.swift */; };
		BD511A8126240EBC00BE3C94 /* ToDoTableViewDataSource.swift in Sources */ = {isa = PBXBuildFile; fileRef = BD511A8026240EBC00BE3C94 /* ToDoTableViewDataSource.swift */; };
		BD62EA21261C8F2900E44D80 /* AppDelegate.swift in Sources */ = {isa = PBXBuildFile; fileRef = BD62EA20261C8F2900E44D80 /* AppDelegate.swift */; };
		BD62EA23261C8F2900E44D80 /* SceneDelegate.swift in Sources */ = {isa = PBXBuildFile; fileRef = BD62EA22261C8F2900E44D80 /* SceneDelegate.swift */; };
		BD62EA25261C8F2900E44D80 /* MainViewController.swift in Sources */ = {isa = PBXBuildFile; fileRef = BD62EA24261C8F2900E44D80 /* MainViewController.swift */; };
		BD62EA28261C8F2900E44D80 /* Main.storyboard in Resources */ = {isa = PBXBuildFile; fileRef = BD62EA26261C8F2900E44D80 /* Main.storyboard */; };
		BD62EA2A261C8F2A00E44D80 /* Assets.xcassets in Resources */ = {isa = PBXBuildFile; fileRef = BD62EA29261C8F2A00E44D80 /* Assets.xcassets */; };
		BD62EA2D261C8F2A00E44D80 /* LaunchScreen.storyboard in Resources */ = {isa = PBXBuildFile; fileRef = BD62EA2B261C8F2A00E44D80 /* LaunchScreen.storyboard */; };
		BD62EA38261C8F2A00E44D80 /* todo_listTests.swift in Sources */ = {isa = PBXBuildFile; fileRef = BD62EA37261C8F2A00E44D80 /* todo_listTests.swift */; };
		BD62EA43261C8F2A00E44D80 /* todo_listUITests.swift in Sources */ = {isa = PBXBuildFile; fileRef = BD62EA42261C8F2A00E44D80 /* todo_listUITests.swift */; };
		BD794AB92620210800C03DF4 /* DataTaskManager.swift in Sources */ = {isa = PBXBuildFile; fileRef = BD794AB82620210800C03DF4 /* DataTaskManager.swift */; };
		BD794ABE2620211B00C03DF4 /* ParsingManager.swift in Sources */ = {isa = PBXBuildFile; fileRef = BD794ABD2620211B00C03DF4 /* ParsingManager.swift */; };
		BD794AC32620212E00C03DF4 /* RequestManager.swift in Sources */ = {isa = PBXBuildFile; fileRef = BD794AC22620212E00C03DF4 /* RequestManager.swift */; };
		BD8A1C2026258D1200F59B5B /* ToDoTableViewDelegate.swift in Sources */ = {isa = PBXBuildFile; fileRef = BD8A1C1F26258D1200F59B5B /* ToDoTableViewDelegate.swift */; };
		BDD9DB4D261D7A0E00718566 /* ToDoViewController.swift in Sources */ = {isa = PBXBuildFile; fileRef = BDD9DB4C261D7A0E00718566 /* ToDoViewController.swift */; };
		BDD9DB64261D97B300718566 /* ToDoTableViewCell.swift in Sources */ = {isa = PBXBuildFile; fileRef = BDD9DB62261D97B300718566 /* ToDoTableViewCell.swift */; };
		BDD9DB65261D97B300718566 /* ToDoTableViewCell.xib in Resources */ = {isa = PBXBuildFile; fileRef = BDD9DB63261D97B300718566 /* ToDoTableViewCell.xib */; };
		E406DBF72626D14F00361AB8 /* CancelButton.swift in Sources */ = {isa = PBXBuildFile; fileRef = E406DBF62626D14F00361AB8 /* CancelButton.swift */; };
		E406DBFC2626D16A00361AB8 /* CompleteButton.swift in Sources */ = {isa = PBXBuildFile; fileRef = E406DBFB2626D16A00361AB8 /* CompleteButton.swift */; };
		E406DC052626D48D00361AB8 /* AddToDoTextFieldDelegate.swift in Sources */ = {isa = PBXBuildFile; fileRef = E406DC042626D48D00361AB8 /* AddToDoTextFieldDelegate.swift */; };
		E406DC0B2626D4EE00361AB8 /* Interface.swift in Sources */ = {isa = PBXBuildFile; fileRef = E406DC0A2626D4EE00361AB8 /* Interface.swift */; };
		E406DC102626D5BB00361AB8 /* TitleValidator.swift in Sources */ = {isa = PBXBuildFile; fileRef = E406DC0F2626D5BB00361AB8 /* TitleValidator.swift */; };
		E406DC152626D5CC00361AB8 /* ContentsValidator.swift in Sources */ = {isa = PBXBuildFile; fileRef = E406DC142626D5CC00361AB8 /* ContentsValidator.swift */; };
		E409010F2626B85E0041B34D /* CardManager.swift in Sources */ = {isa = PBXBuildFile; fileRef = E409010E2626B85E0041B34D /* CardManager.swift */; };
		E416870E2626F887003F6324 /* ToDoTableViewDragDelegate.swift in Sources */ = {isa = PBXBuildFile; fileRef = E416870D2626F887003F6324 /* ToDoTableViewDragDelegate.swift */; };
		E41687132626F893003F6324 /* ToDoTableViewDropDelegate.swift in Sources */ = {isa = PBXBuildFile; fileRef = E41687122626F893003F6324 /* ToDoTableViewDropDelegate.swift */; };
		E4168718262708ED003F6324 /* Interfaces.swift in Sources */ = {isa = PBXBuildFile; fileRef = E4168717262708ED003F6324 /* Interfaces.swift */; };
		E416872B2627120C003F6324 /* SideMenuTableViewCell.swift in Sources */ = {isa = PBXBuildFile; fileRef = E41687292627120C003F6324 /* SideMenuTableViewCell.swift */; };
		E416872C2627120C003F6324 /* SideMenuTableViewCell.xib in Resources */ = {isa = PBXBuildFile; fileRef = E416872A2627120C003F6324 /* SideMenuTableViewCell.xib */; };
		E416873926271838003F6324 /* SideMenuTableViewDataSource.swift in Sources */ = {isa = PBXBuildFile; fileRef = E416873826271838003F6324 /* SideMenuTableViewDataSource.swift */; };
		E416874126271A3B003F6324 /* SideMenuTableViewDelegate.swift in Sources */ = {isa = PBXBuildFile; fileRef = E416874026271A3B003F6324 /* SideMenuTableViewDelegate.swift */; };
		E416874726271B0A003F6324 /* TaskManager.swift in Sources */ = {isa = PBXBuildFile; fileRef = E416874626271B0A003F6324 /* TaskManager.swift */; };
		E41687522627CFB0003F6324 /* TimeMaker.swift in Sources */ = {isa = PBXBuildFile; fileRef = E41687512627CFB0003F6324 /* TimeMaker.swift */; };
		E41687572627D0EE003F6324 /* SideMenuInterfaces.swift in Sources */ = {isa = PBXBuildFile; fileRef = E41687562627D0EE003F6324 /* SideMenuInterfaces.swift */; };
		E47346D6261EA2240055DD0A /* AddToDoViewController.swift in Sources */ = {isa = PBXBuildFile; fileRef = E47346D4261EA2240055DD0A /* AddToDoViewController.swift */; };
		E47346D7261EA2240055DD0A /* AddToDoViewController.xib in Resources */ = {isa = PBXBuildFile; fileRef = E47346D5261EA2240055DD0A /* AddToDoViewController.xib */; };
		E47346E8261ED8DD0055DD0A /* SideMenuViewController.swift in Sources */ = {isa = PBXBuildFile; fileRef = E47346E6261ED8DD0055DD0A /* SideMenuViewController.swift */; };
		E47346E9261ED8DD0055DD0A /* SideMenuViewController.xib in Resources */ = {isa = PBXBuildFile; fileRef = E47346E7261ED8DD0055DD0A /* SideMenuViewController.xib */; };
		E47346F1261EE5700055DD0A /* SideMenuTransitionDelegate.swift in Sources */ = {isa = PBXBuildFile; fileRef = E47346F0261EE5700055DD0A /* SideMenuTransitionDelegate.swift */; };
		E47346FC261F2F9C0055DD0A /* SlideAnimation.swift in Sources */ = {isa = PBXBuildFile; fileRef = E47346FB261F2F9C0055DD0A /* SlideAnimation.swift */; };
		E48D392026242801002E469E /* CardMargin.swift in Sources */ = {isa = PBXBuildFile; fileRef = E48D391F26242801002E469E /* CardMargin.swift */; };
/* End PBXBuildFile section */

/* Begin PBXContainerItemProxy section */
		BD62EA34261C8F2A00E44D80 /* PBXContainerItemProxy */ = {
			isa = PBXContainerItemProxy;
			containerPortal = BD62EA15261C8F2900E44D80 /* Project object */;
			proxyType = 1;
			remoteGlobalIDString = BD62EA1C261C8F2900E44D80;
			remoteInfo = "todo-list";
		};
		BD62EA3F261C8F2A00E44D80 /* PBXContainerItemProxy */ = {
			isa = PBXContainerItemProxy;
			containerPortal = BD62EA15261C8F2900E44D80 /* Project object */;
			proxyType = 1;
			remoteGlobalIDString = BD62EA1C261C8F2900E44D80;
			remoteInfo = "todo-list";
		};
/* End PBXContainerItemProxy section */

/* Begin PBXFileReference section */
		BD511A3C26230D3500BE3C94 /* Card.swift */ = {isa = PBXFileReference; lastKnownFileType = sourcecode.swift; path = Card.swift; sourceTree = "<group>"; };
		BD511A8026240EBC00BE3C94 /* ToDoTableViewDataSource.swift */ = {isa = PBXFileReference; lastKnownFileType = sourcecode.swift; path = ToDoTableViewDataSource.swift; sourceTree = "<group>"; };
		BD62EA1D261C8F2900E44D80 /* todo-list.app */ = {isa = PBXFileReference; explicitFileType = wrapper.application; includeInIndex = 0; path = "todo-list.app"; sourceTree = BUILT_PRODUCTS_DIR; };
		BD62EA20261C8F2900E44D80 /* AppDelegate.swift */ = {isa = PBXFileReference; lastKnownFileType = sourcecode.swift; path = AppDelegate.swift; sourceTree = "<group>"; };
		BD62EA22261C8F2900E44D80 /* SceneDelegate.swift */ = {isa = PBXFileReference; lastKnownFileType = sourcecode.swift; path = SceneDelegate.swift; sourceTree = "<group>"; };
		BD62EA24261C8F2900E44D80 /* MainViewController.swift */ = {isa = PBXFileReference; lastKnownFileType = sourcecode.swift; path = MainViewController.swift; sourceTree = "<group>"; };
		BD62EA27261C8F2900E44D80 /* Base */ = {isa = PBXFileReference; lastKnownFileType = file.storyboard; name = Base; path = Base.lproj/Main.storyboard; sourceTree = "<group>"; };
		BD62EA29261C8F2A00E44D80 /* Assets.xcassets */ = {isa = PBXFileReference; lastKnownFileType = folder.assetcatalog; path = Assets.xcassets; sourceTree = "<group>"; };
		BD62EA2C261C8F2A00E44D80 /* Base */ = {isa = PBXFileReference; lastKnownFileType = file.storyboard; name = Base; path = Base.lproj/LaunchScreen.storyboard; sourceTree = "<group>"; };
		BD62EA2E261C8F2A00E44D80 /* Info.plist */ = {isa = PBXFileReference; lastKnownFileType = text.plist.xml; path = Info.plist; sourceTree = "<group>"; };
		BD62EA33261C8F2A00E44D80 /* todo-listTests.xctest */ = {isa = PBXFileReference; explicitFileType = wrapper.cfbundle; includeInIndex = 0; path = "todo-listTests.xctest"; sourceTree = BUILT_PRODUCTS_DIR; };
		BD62EA37261C8F2A00E44D80 /* todo_listTests.swift */ = {isa = PBXFileReference; lastKnownFileType = sourcecode.swift; path = todo_listTests.swift; sourceTree = "<group>"; };
		BD62EA39261C8F2A00E44D80 /* Info.plist */ = {isa = PBXFileReference; lastKnownFileType = text.plist.xml; path = Info.plist; sourceTree = "<group>"; };
		BD62EA3E261C8F2A00E44D80 /* todo-listUITests.xctest */ = {isa = PBXFileReference; explicitFileType = wrapper.cfbundle; includeInIndex = 0; path = "todo-listUITests.xctest"; sourceTree = BUILT_PRODUCTS_DIR; };
		BD62EA42261C8F2A00E44D80 /* todo_listUITests.swift */ = {isa = PBXFileReference; lastKnownFileType = sourcecode.swift; path = todo_listUITests.swift; sourceTree = "<group>"; };
		BD62EA44261C8F2A00E44D80 /* Info.plist */ = {isa = PBXFileReference; lastKnownFileType = text.plist.xml; path = Info.plist; sourceTree = "<group>"; };
		BD794AB82620210800C03DF4 /* DataTaskManager.swift */ = {isa = PBXFileReference; lastKnownFileType = sourcecode.swift; path = DataTaskManager.swift; sourceTree = "<group>"; };
		BD794ABD2620211B00C03DF4 /* ParsingManager.swift */ = {isa = PBXFileReference; lastKnownFileType = sourcecode.swift; path = ParsingManager.swift; sourceTree = "<group>"; };
		BD794AC22620212E00C03DF4 /* RequestManager.swift */ = {isa = PBXFileReference; lastKnownFileType = sourcecode.swift; path = RequestManager.swift; sourceTree = "<group>"; };
		BD8A1C1F26258D1200F59B5B /* ToDoTableViewDelegate.swift */ = {isa = PBXFileReference; lastKnownFileType = sourcecode.swift; path = ToDoTableViewDelegate.swift; sourceTree = "<group>"; };
		BDD9DB4C261D7A0E00718566 /* ToDoViewController.swift */ = {isa = PBXFileReference; lastKnownFileType = sourcecode.swift; path = ToDoViewController.swift; sourceTree = "<group>"; };
		BDD9DB62261D97B300718566 /* ToDoTableViewCell.swift */ = {isa = PBXFileReference; lastKnownFileType = sourcecode.swift; path = ToDoTableViewCell.swift; sourceTree = "<group>"; };
		BDD9DB63261D97B300718566 /* ToDoTableViewCell.xib */ = {isa = PBXFileReference; lastKnownFileType = file.xib; path = ToDoTableViewCell.xib; sourceTree = "<group>"; };
		E406DBF62626D14F00361AB8 /* CancelButton.swift */ = {isa = PBXFileReference; lastKnownFileType = sourcecode.swift; path = CancelButton.swift; sourceTree = "<group>"; };
		E406DBFB2626D16A00361AB8 /* CompleteButton.swift */ = {isa = PBXFileReference; lastKnownFileType = sourcecode.swift; path = CompleteButton.swift; sourceTree = "<group>"; };
		E406DC042626D48D00361AB8 /* AddToDoTextFieldDelegate.swift */ = {isa = PBXFileReference; lastKnownFileType = sourcecode.swift; path = AddToDoTextFieldDelegate.swift; sourceTree = "<group>"; };
		E406DC0A2626D4EE00361AB8 /* Interface.swift */ = {isa = PBXFileReference; lastKnownFileType = sourcecode.swift; path = Interface.swift; sourceTree = "<group>"; };
		E406DC0F2626D5BB00361AB8 /* TitleValidator.swift */ = {isa = PBXFileReference; lastKnownFileType = sourcecode.swift; path = TitleValidator.swift; sourceTree = "<group>"; };
		E406DC142626D5CC00361AB8 /* ContentsValidator.swift */ = {isa = PBXFileReference; lastKnownFileType = sourcecode.swift; path = ContentsValidator.swift; sourceTree = "<group>"; };
		E409010E2626B85E0041B34D /* CardManager.swift */ = {isa = PBXFileReference; lastKnownFileType = sourcecode.swift; path = CardManager.swift; sourceTree = "<group>"; };
		E416870D2626F887003F6324 /* ToDoTableViewDragDelegate.swift */ = {isa = PBXFileReference; lastKnownFileType = sourcecode.swift; path = ToDoTableViewDragDelegate.swift; sourceTree = "<group>"; };
		E41687122626F893003F6324 /* ToDoTableViewDropDelegate.swift */ = {isa = PBXFileReference; lastKnownFileType = sourcecode.swift; path = ToDoTableViewDropDelegate.swift; sourceTree = "<group>"; };
		E4168717262708ED003F6324 /* Interfaces.swift */ = {isa = PBXFileReference; lastKnownFileType = sourcecode.swift; path = Interfaces.swift; sourceTree = "<group>"; };
		E41687292627120C003F6324 /* SideMenuTableViewCell.swift */ = {isa = PBXFileReference; lastKnownFileType = sourcecode.swift; path = SideMenuTableViewCell.swift; sourceTree = "<group>"; };
		E416872A2627120C003F6324 /* SideMenuTableViewCell.xib */ = {isa = PBXFileReference; lastKnownFileType = file.xib; path = SideMenuTableViewCell.xib; sourceTree = "<group>"; };
		E416873826271838003F6324 /* SideMenuTableViewDataSource.swift */ = {isa = PBXFileReference; lastKnownFileType = sourcecode.swift; path = SideMenuTableViewDataSource.swift; sourceTree = "<group>"; };
		E416874026271A3B003F6324 /* SideMenuTableViewDelegate.swift */ = {isa = PBXFileReference; lastKnownFileType = sourcecode.swift; path = SideMenuTableViewDelegate.swift; sourceTree = "<group>"; };
		E416874626271B0A003F6324 /* TaskManager.swift */ = {isa = PBXFileReference; lastKnownFileType = sourcecode.swift; path = TaskManager.swift; sourceTree = "<group>"; };
		E41687512627CFB0003F6324 /* TimeMaker.swift */ = {isa = PBXFileReference; lastKnownFileType = sourcecode.swift; path = TimeMaker.swift; sourceTree = "<group>"; };
		E41687562627D0EE003F6324 /* SideMenuInterfaces.swift */ = {isa = PBXFileReference; lastKnownFileType = sourcecode.swift; path = SideMenuInterfaces.swift; sourceTree = "<group>"; };
		E47346D4261EA2240055DD0A /* AddToDoViewController.swift */ = {isa = PBXFileReference; lastKnownFileType = sourcecode.swift; path = AddToDoViewController.swift; sourceTree = "<group>"; };
		E47346D5261EA2240055DD0A /* AddToDoViewController.xib */ = {isa = PBXFileReference; lastKnownFileType = file.xib; path = AddToDoViewController.xib; sourceTree = "<group>"; };
		E47346E6261ED8DD0055DD0A /* SideMenuViewController.swift */ = {isa = PBXFileReference; lastKnownFileType = sourcecode.swift; path = SideMenuViewController.swift; sourceTree = "<group>"; };
		E47346E7261ED8DD0055DD0A /* SideMenuViewController.xib */ = {isa = PBXFileReference; lastKnownFileType = file.xib; path = SideMenuViewController.xib; sourceTree = "<group>"; };
		E47346F0261EE5700055DD0A /* SideMenuTransitionDelegate.swift */ = {isa = PBXFileReference; lastKnownFileType = sourcecode.swift; path = SideMenuTransitionDelegate.swift; sourceTree = "<group>"; };
		E47346FB261F2F9C0055DD0A /* SlideAnimation.swift */ = {isa = PBXFileReference; lastKnownFileType = sourcecode.swift; path = SlideAnimation.swift; sourceTree = "<group>"; };
		E48D391F26242801002E469E /* CardMargin.swift */ = {isa = PBXFileReference; lastKnownFileType = sourcecode.swift; path = CardMargin.swift; sourceTree = "<group>"; };
/* End PBXFileReference section */

/* Begin PBXFrameworksBuildPhase section */
		BD62EA1A261C8F2900E44D80 /* Frameworks */ = {
			isa = PBXFrameworksBuildPhase;
			buildActionMask = 2147483647;
			files = (
			);
			runOnlyForDeploymentPostprocessing = 0;
		};
		BD62EA30261C8F2A00E44D80 /* Frameworks */ = {
			isa = PBXFrameworksBuildPhase;
			buildActionMask = 2147483647;
			files = (
			);
			runOnlyForDeploymentPostprocessing = 0;
		};
		BD62EA3B261C8F2A00E44D80 /* Frameworks */ = {
			isa = PBXFrameworksBuildPhase;
			buildActionMask = 2147483647;
			files = (
			);
			runOnlyForDeploymentPostprocessing = 0;
		};
/* End PBXFrameworksBuildPhase section */

/* Begin PBXGroup section */
		BD511A8826240FC800BE3C94 /* ToDo */ = {
			isa = PBXGroup;
			children = (
				BDD9DB4C261D7A0E00718566 /* ToDoViewController.swift */,
				BD511A8026240EBC00BE3C94 /* ToDoTableViewDataSource.swift */,
				BD8A1C1F26258D1200F59B5B /* ToDoTableViewDelegate.swift */,
				E416870D2626F887003F6324 /* ToDoTableViewDragDelegate.swift */,
				E41687122626F893003F6324 /* ToDoTableViewDropDelegate.swift */,
			);
			path = ToDo;
			sourceTree = "<group>";
		};
		BD511A8B2624100400BE3C94 /* SideMenu */ = {
			isa = PBXGroup;
			children = (
				E47346F0261EE5700055DD0A /* SideMenuTransitionDelegate.swift */,
				E47346E6261ED8DD0055DD0A /* SideMenuViewController.swift */,
				E416873826271838003F6324 /* SideMenuTableViewDataSource.swift */,
				E416874026271A3B003F6324 /* SideMenuTableViewDelegate.swift */,
			);
			path = SideMenu;
			sourceTree = "<group>";
		};
		BD511A8C2624102500BE3C94 /* AddToDo */ = {
			isa = PBXGroup;
			children = (
				E47346D4261EA2240055DD0A /* AddToDoViewController.swift */,
				E406DC042626D48D00361AB8 /* AddToDoTextFieldDelegate.swift */,
			);
			path = AddToDo;
			sourceTree = "<group>";
		};
		BD511AD62624827700BE3C94 /* Card */ = {
			isa = PBXGroup;
			children = (
				BD511A3C26230D3500BE3C94 /* Card.swift */,
				E4168717262708ED003F6324 /* Interfaces.swift */,
				E409010E2626B85E0041B34D /* CardManager.swift */,
			);
			path = Card;
			sourceTree = "<group>";
		};
		BD62EA14261C8F2900E44D80 = {
			isa = PBXGroup;
			children = (
				BD62EA1F261C8F2900E44D80 /* todo-list */,
				BD62EA36261C8F2A00E44D80 /* todo-listTests */,
				BD62EA41261C8F2A00E44D80 /* todo-listUITests */,
				BD62EA1E261C8F2900E44D80 /* Products */,
			);
			sourceTree = "<group>";
		};
		BD62EA1E261C8F2900E44D80 /* Products */ = {
			isa = PBXGroup;
			children = (
				BD62EA1D261C8F2900E44D80 /* todo-list.app */,
				BD62EA33261C8F2A00E44D80 /* todo-listTests.xctest */,
				BD62EA3E261C8F2A00E44D80 /* todo-listUITests.xctest */,
			);
			name = Products;
			sourceTree = "<group>";
		};
		BD62EA1F261C8F2900E44D80 /* todo-list */ = {
			isa = PBXGroup;
			children = (
				BD794A9E26201F5A00C03DF4 /* Model */,
				E4734703261FFAB50055DD0A /* AppCycle */,
				BDD9DB5E261D972A00718566 /* Controller */,
				E4734700261FF9A40055DD0A /* View */,
				BD62EA29261C8F2A00E44D80 /* Assets.xcassets */,
				BD62EA2E261C8F2A00E44D80 /* Info.plist */,
			);
			path = "todo-list";
			sourceTree = "<group>";
		};
		BD62EA36261C8F2A00E44D80 /* todo-listTests */ = {
			isa = PBXGroup;
			children = (
				BD62EA37261C8F2A00E44D80 /* todo_listTests.swift */,
				BD62EA39261C8F2A00E44D80 /* Info.plist */,
			);
			path = "todo-listTests";
			sourceTree = "<group>";
		};
		BD62EA41261C8F2A00E44D80 /* todo-listUITests */ = {
			isa = PBXGroup;
			children = (
				BD62EA42261C8F2A00E44D80 /* todo_listUITests.swift */,
				BD62EA44261C8F2A00E44D80 /* Info.plist */,
			);
			path = "todo-listUITests";
			sourceTree = "<group>";
		};
		BD794A9E26201F5A00C03DF4 /* Model */ = {
			isa = PBXGroup;
			children = (
				E416874526271AF2003F6324 /* SideMenu */,
				BD511AD62624827700BE3C94 /* Card */,
				E406DC092626D4CE00361AB8 /* CardValidate */,
				BD794AAF262020A400C03DF4 /* Network */,
			);
			path = Model;
			sourceTree = "<group>";
		};
		BD794AAF262020A400C03DF4 /* Network */ = {
			isa = PBXGroup;
			children = (
				BD794AB82620210800C03DF4 /* DataTaskManager.swift */,
				BD794ABD2620211B00C03DF4 /* ParsingManager.swift */,
				BD794AC22620212E00C03DF4 /* RequestManager.swift */,
			);
			path = Network;
			sourceTree = "<group>";
		};
		BDD9DB5E261D972A00718566 /* Controller */ = {
			isa = PBXGroup;
			children = (
				BD62EA24261C8F2900E44D80 /* MainViewController.swift */,
				BD511A8C2624102500BE3C94 /* AddToDo */,
				BD511A8B2624100400BE3C94 /* SideMenu */,
				BD511A8826240FC800BE3C94 /* ToDo */,
			);
			path = Controller;
			sourceTree = "<group>";
		};
		E406DC002626D16F00361AB8 /* AddCard */ = {
			isa = PBXGroup;
			children = (
				E47346D5261EA2240055DD0A /* AddToDoViewController.xib */,
				E406DBF62626D14F00361AB8 /* CancelButton.swift */,
				E406DBFB2626D16A00361AB8 /* CompleteButton.swift */,
			);
			path = AddCard;
			sourceTree = "<group>";
		};
		E406DC092626D4CE00361AB8 /* CardValidate */ = {
			isa = PBXGroup;
			children = (
				E406DC0A2626D4EE00361AB8 /* Interface.swift */,
				E406DC0F2626D5BB00361AB8 /* TitleValidator.swift */,
				E406DC142626D5CC00361AB8 /* ContentsValidator.swift */,
			);
			path = CardValidate;
			sourceTree = "<group>";
		};
		E416872526270FDA003F6324 /* SideMenu */ = {
			isa = PBXGroup;
			children = (
				E47346FB261F2F9C0055DD0A /* SlideAnimation.swift */,
				E47346E7261ED8DD0055DD0A /* SideMenuViewController.xib */,
				E41687292627120C003F6324 /* SideMenuTableViewCell.swift */,
				E416872A2627120C003F6324 /* SideMenuTableViewCell.xib */,
			);
			path = SideMenu;
			sourceTree = "<group>";
		};
		E416874526271AF2003F6324 /* SideMenu */ = {
			isa = PBXGroup;
			children = (
				E41687562627D0EE003F6324 /* SideMenuInterfaces.swift */,
				E416874626271B0A003F6324 /* TaskManager.swift */,
				E41687512627CFB0003F6324 /* TimeMaker.swift */,
			);
			path = SideMenu;
			sourceTree = "<group>";
		};
		E4734700261FF9A40055DD0A /* View */ = {
			isa = PBXGroup;
			children = (
				BD62EA26261C8F2900E44D80 /* Main.storyboard */,
				E406DC002626D16F00361AB8 /* AddCard */,
				BDD9DB62261D97B300718566 /* ToDoTableViewCell.swift */,
				BDD9DB63261D97B300718566 /* ToDoTableViewCell.xib */,
				E48D391F26242801002E469E /* CardMargin.swift */,
				E416872526270FDA003F6324 /* SideMenu */,
				BD62EA2B261C8F2A00E44D80 /* LaunchScreen.storyboard */,
			);
			path = View;
			sourceTree = "<group>";
		};
		E4734703261FFAB50055DD0A /* AppCycle */ = {
			isa = PBXGroup;
			children = (
				BD62EA20261C8F2900E44D80 /* AppDelegate.swift */,
				BD62EA22261C8F2900E44D80 /* SceneDelegate.swift */,
			);
			path = AppCycle;
			sourceTree = "<group>";
		};
/* End PBXGroup section */

/* Begin PBXNativeTarget section */
		BD62EA1C261C8F2900E44D80 /* todo-list */ = {
			isa = PBXNativeTarget;
			buildConfigurationList = BD62EA47261C8F2A00E44D80 /* Build configuration list for PBXNativeTarget "todo-list" */;
			buildPhases = (
				BD62EA19261C8F2900E44D80 /* Sources */,
				BD62EA1A261C8F2900E44D80 /* Frameworks */,
				BD62EA1B261C8F2900E44D80 /* Resources */,
			);
			buildRules = (
			);
			dependencies = (
			);
			name = "todo-list";
			productName = "todo-list";
			productReference = BD62EA1D261C8F2900E44D80 /* todo-list.app */;
			productType = "com.apple.product-type.application";
		};
		BD62EA32261C8F2A00E44D80 /* todo-listTests */ = {
			isa = PBXNativeTarget;
			buildConfigurationList = BD62EA4A261C8F2A00E44D80 /* Build configuration list for PBXNativeTarget "todo-listTests" */;
			buildPhases = (
				BD62EA2F261C8F2A00E44D80 /* Sources */,
				BD62EA30261C8F2A00E44D80 /* Frameworks */,
				BD62EA31261C8F2A00E44D80 /* Resources */,
			);
			buildRules = (
			);
			dependencies = (
				BD62EA35261C8F2A00E44D80 /* PBXTargetDependency */,
			);
			name = "todo-listTests";
			productName = "todo-listTests";
			productReference = BD62EA33261C8F2A00E44D80 /* todo-listTests.xctest */;
			productType = "com.apple.product-type.bundle.unit-test";
		};
		BD62EA3D261C8F2A00E44D80 /* todo-listUITests */ = {
			isa = PBXNativeTarget;
			buildConfigurationList = BD62EA4D261C8F2A00E44D80 /* Build configuration list for PBXNativeTarget "todo-listUITests" */;
			buildPhases = (
				BD62EA3A261C8F2A00E44D80 /* Sources */,
				BD62EA3B261C8F2A00E44D80 /* Frameworks */,
				BD62EA3C261C8F2A00E44D80 /* Resources */,
			);
			buildRules = (
			);
			dependencies = (
				BD62EA40261C8F2A00E44D80 /* PBXTargetDependency */,
			);
			name = "todo-listUITests";
			productName = "todo-listUITests";
			productReference = BD62EA3E261C8F2A00E44D80 /* todo-listUITests.xctest */;
			productType = "com.apple.product-type.bundle.ui-testing";
		};
/* End PBXNativeTarget section */

/* Begin PBXProject section */
		BD62EA15261C8F2900E44D80 /* Project object */ = {
			isa = PBXProject;
			attributes = {
				LastSwiftUpdateCheck = 1240;
				LastUpgradeCheck = 1240;
				TargetAttributes = {
					BD62EA1C261C8F2900E44D80 = {
						CreatedOnToolsVersion = 12.4;
					};
					BD62EA32261C8F2A00E44D80 = {
						CreatedOnToolsVersion = 12.4;
						TestTargetID = BD62EA1C261C8F2900E44D80;
					};
					BD62EA3D261C8F2A00E44D80 = {
						CreatedOnToolsVersion = 12.4;
						TestTargetID = BD62EA1C261C8F2900E44D80;
					};
				};
			};
			buildConfigurationList = BD62EA18261C8F2900E44D80 /* Build configuration list for PBXProject "todo-list" */;
			compatibilityVersion = "Xcode 9.3";
			developmentRegion = en;
			hasScannedForEncodings = 0;
			knownRegions = (
				en,
				Base,
			);
			mainGroup = BD62EA14261C8F2900E44D80;
			productRefGroup = BD62EA1E261C8F2900E44D80 /* Products */;
			projectDirPath = "";
			projectRoot = "";
			targets = (
				BD62EA1C261C8F2900E44D80 /* todo-list */,
				BD62EA32261C8F2A00E44D80 /* todo-listTests */,
				BD62EA3D261C8F2A00E44D80 /* todo-listUITests */,
			);
		};
/* End PBXProject section */

/* Begin PBXResourcesBuildPhase section */
		BD62EA1B261C8F2900E44D80 /* Resources */ = {
			isa = PBXResourcesBuildPhase;
			buildActionMask = 2147483647;
			files = (
				E47346D7261EA2240055DD0A /* AddToDoViewController.xib in Resources */,
				BD62EA2D261C8F2A00E44D80 /* LaunchScreen.storyboard in Resources */,
				E416872C2627120C003F6324 /* SideMenuTableViewCell.xib in Resources */,
				E47346E9261ED8DD0055DD0A /* SideMenuViewController.xib in Resources */,
				BD62EA2A261C8F2A00E44D80 /* Assets.xcassets in Resources */,
				BD62EA28261C8F2900E44D80 /* Main.storyboard in Resources */,
				BDD9DB65261D97B300718566 /* ToDoTableViewCell.xib in Resources */,
			);
			runOnlyForDeploymentPostprocessing = 0;
		};
		BD62EA31261C8F2A00E44D80 /* Resources */ = {
			isa = PBXResourcesBuildPhase;
			buildActionMask = 2147483647;
			files = (
			);
			runOnlyForDeploymentPostprocessing = 0;
		};
		BD62EA3C261C8F2A00E44D80 /* Resources */ = {
			isa = PBXResourcesBuildPhase;
			buildActionMask = 2147483647;
			files = (
			);
			runOnlyForDeploymentPostprocessing = 0;
		};
/* End PBXResourcesBuildPhase section */

/* Begin PBXSourcesBuildPhase section */
		BD62EA19261C8F2900E44D80 /* Sources */ = {
			isa = PBXSourcesBuildPhase;
			buildActionMask = 2147483647;
			files = (
				E41687522627CFB0003F6324 /* TimeMaker.swift in Sources */,
				BD794AC32620212E00C03DF4 /* RequestManager.swift in Sources */,
				E47346F1261EE5700055DD0A /* SideMenuTransitionDelegate.swift in Sources */,
				E409010F2626B85E0041B34D /* CardManager.swift in Sources */,
				BDD9DB64261D97B300718566 /* ToDoTableViewCell.swift in Sources */,
				BD511A8126240EBC00BE3C94 /* ToDoTableViewDataSource.swift in Sources */,
				E4168718262708ED003F6324 /* Interfaces.swift in Sources */,
				E416874726271B0A003F6324 /* TaskManager.swift in Sources */,
				E48D392026242801002E469E /* CardMargin.swift in Sources */,
				E406DBFC2626D16A00361AB8 /* CompleteButton.swift in Sources */,
				BD62EA25261C8F2900E44D80 /* MainViewController.swift in Sources */,
				BD62EA21261C8F2900E44D80 /* AppDelegate.swift in Sources */,
				BD794ABE2620211B00C03DF4 /* ParsingManager.swift in Sources */,
				E47346FC261F2F9C0055DD0A /* SlideAnimation.swift in Sources */,
				BD511A3D26230D3500BE3C94 /* Card.swift in Sources */,
				E41687572627D0EE003F6324 /* SideMenuInterfaces.swift in Sources */,
				E416870E2626F887003F6324 /* ToDoTableViewDragDelegate.swift in Sources */,
				E416874126271A3B003F6324 /* SideMenuTableViewDelegate.swift in Sources */,
				E406DBF72626D14F00361AB8 /* CancelButton.swift in Sources */,
				E416872B2627120C003F6324 /* SideMenuTableViewCell.swift in Sources */,
				BD8A1C2026258D1200F59B5B /* ToDoTableViewDelegate.swift in Sources */,
				BD794AB92620210800C03DF4 /* DataTaskManager.swift in Sources */,
				BD62EA23261C8F2900E44D80 /* SceneDelegate.swift in Sources */,
				E406DC052626D48D00361AB8 /* AddToDoTextFieldDelegate.swift in Sources */,
				E416873926271838003F6324 /* SideMenuTableViewDataSource.swift in Sources */,
				E406DC152626D5CC00361AB8 /* ContentsValidator.swift in Sources */,
				E406DC0B2626D4EE00361AB8 /* Interface.swift in Sources */,
				E47346D6261EA2240055DD0A /* AddToDoViewController.swift in Sources */,
				E47346E8261ED8DD0055DD0A /* SideMenuViewController.swift in Sources */,
				BDD9DB4D261D7A0E00718566 /* ToDoViewController.swift in Sources */,
				E406DC102626D5BB00361AB8 /* TitleValidator.swift in Sources */,
				E41687132626F893003F6324 /* ToDoTableViewDropDelegate.swift in Sources */,
			);
			runOnlyForDeploymentPostprocessing = 0;
		};
		BD62EA2F261C8F2A00E44D80 /* Sources */ = {
			isa = PBXSourcesBuildPhase;
			buildActionMask = 2147483647;
			files = (
				BD62EA38261C8F2A00E44D80 /* todo_listTests.swift in Sources */,
			);
			runOnlyForDeploymentPostprocessing = 0;
		};
		BD62EA3A261C8F2A00E44D80 /* Sources */ = {
			isa = PBXSourcesBuildPhase;
			buildActionMask = 2147483647;
			files = (
				BD62EA43261C8F2A00E44D80 /* todo_listUITests.swift in Sources */,
			);
			runOnlyForDeploymentPostprocessing = 0;
		};
/* End PBXSourcesBuildPhase section */

/* Begin PBXTargetDependency section */
		BD62EA35261C8F2A00E44D80 /* PBXTargetDependency */ = {
			isa = PBXTargetDependency;
			target = BD62EA1C261C8F2900E44D80 /* todo-list */;
			targetProxy = BD62EA34261C8F2A00E44D80 /* PBXContainerItemProxy */;
		};
		BD62EA40261C8F2A00E44D80 /* PBXTargetDependency */ = {
			isa = PBXTargetDependency;
			target = BD62EA1C261C8F2900E44D80 /* todo-list */;
			targetProxy = BD62EA3F261C8F2A00E44D80 /* PBXContainerItemProxy */;
		};
/* End PBXTargetDependency section */

/* Begin PBXVariantGroup section */
		BD62EA26261C8F2900E44D80 /* Main.storyboard */ = {
			isa = PBXVariantGroup;
			children = (
				BD62EA27261C8F2900E44D80 /* Base */,
			);
			name = Main.storyboard;
			sourceTree = "<group>";
		};
		BD62EA2B261C8F2A00E44D80 /* LaunchScreen.storyboard */ = {
			isa = PBXVariantGroup;
			children = (
				BD62EA2C261C8F2A00E44D80 /* Base */,
			);
			name = LaunchScreen.storyboard;
			sourceTree = "<group>";
		};
/* End PBXVariantGroup section */

/* Begin XCBuildConfiguration section */
		BD62EA45261C8F2A00E44D80 /* Debug */ = {
			isa = XCBuildConfiguration;
			buildSettings = {
				ALWAYS_SEARCH_USER_PATHS = NO;
				CLANG_ANALYZER_NONNULL = YES;
				CLANG_ANALYZER_NUMBER_OBJECT_CONVERSION = YES_AGGRESSIVE;
				CLANG_CXX_LANGUAGE_STANDARD = "gnu++14";
				CLANG_CXX_LIBRARY = "libc++";
				CLANG_ENABLE_MODULES = YES;
				CLANG_ENABLE_OBJC_ARC = YES;
				CLANG_ENABLE_OBJC_WEAK = YES;
				CLANG_WARN_BLOCK_CAPTURE_AUTORELEASING = YES;
				CLANG_WARN_BOOL_CONVERSION = YES;
				CLANG_WARN_COMMA = YES;
				CLANG_WARN_CONSTANT_CONVERSION = YES;
				CLANG_WARN_DEPRECATED_OBJC_IMPLEMENTATIONS = YES;
				CLANG_WARN_DIRECT_OBJC_ISA_USAGE = YES_ERROR;
				CLANG_WARN_DOCUMENTATION_COMMENTS = YES;
				CLANG_WARN_EMPTY_BODY = YES;
				CLANG_WARN_ENUM_CONVERSION = YES;
				CLANG_WARN_INFINITE_RECURSION = YES;
				CLANG_WARN_INT_CONVERSION = YES;
				CLANG_WARN_NON_LITERAL_NULL_CONVERSION = YES;
				CLANG_WARN_OBJC_IMPLICIT_RETAIN_SELF = YES;
				CLANG_WARN_OBJC_LITERAL_CONVERSION = YES;
				CLANG_WARN_OBJC_ROOT_CLASS = YES_ERROR;
				CLANG_WARN_QUOTED_INCLUDE_IN_FRAMEWORK_HEADER = YES;
				CLANG_WARN_RANGE_LOOP_ANALYSIS = YES;
				CLANG_WARN_STRICT_PROTOTYPES = YES;
				CLANG_WARN_SUSPICIOUS_MOVE = YES;
				CLANG_WARN_UNGUARDED_AVAILABILITY = YES_AGGRESSIVE;
				CLANG_WARN_UNREACHABLE_CODE = YES;
				CLANG_WARN__DUPLICATE_METHOD_MATCH = YES;
				COPY_PHASE_STRIP = NO;
				DEBUG_INFORMATION_FORMAT = dwarf;
				ENABLE_STRICT_OBJC_MSGSEND = YES;
				ENABLE_TESTABILITY = YES;
				GCC_C_LANGUAGE_STANDARD = gnu11;
				GCC_DYNAMIC_NO_PIC = NO;
				GCC_NO_COMMON_BLOCKS = YES;
				GCC_OPTIMIZATION_LEVEL = 0;
				GCC_PREPROCESSOR_DEFINITIONS = (
					"DEBUG=1",
					"$(inherited)",
				);
				GCC_WARN_64_TO_32_BIT_CONVERSION = YES;
				GCC_WARN_ABOUT_RETURN_TYPE = YES_ERROR;
				GCC_WARN_UNDECLARED_SELECTOR = YES;
				GCC_WARN_UNINITIALIZED_AUTOS = YES_AGGRESSIVE;
				GCC_WARN_UNUSED_FUNCTION = YES;
				GCC_WARN_UNUSED_VARIABLE = YES;
				IPHONEOS_DEPLOYMENT_TARGET = 14.4;
				MTL_ENABLE_DEBUG_INFO = INCLUDE_SOURCE;
				MTL_FAST_MATH = YES;
				ONLY_ACTIVE_ARCH = YES;
				SDKROOT = iphoneos;
				SWIFT_ACTIVE_COMPILATION_CONDITIONS = DEBUG;
				SWIFT_OPTIMIZATION_LEVEL = "-Onone";
			};
			name = Debug;
		};
		BD62EA46261C8F2A00E44D80 /* Release */ = {
			isa = XCBuildConfiguration;
			buildSettings = {
				ALWAYS_SEARCH_USER_PATHS = NO;
				CLANG_ANALYZER_NONNULL = YES;
				CLANG_ANALYZER_NUMBER_OBJECT_CONVERSION = YES_AGGRESSIVE;
				CLANG_CXX_LANGUAGE_STANDARD = "gnu++14";
				CLANG_CXX_LIBRARY = "libc++";
				CLANG_ENABLE_MODULES = YES;
				CLANG_ENABLE_OBJC_ARC = YES;
				CLANG_ENABLE_OBJC_WEAK = YES;
				CLANG_WARN_BLOCK_CAPTURE_AUTORELEASING = YES;
				CLANG_WARN_BOOL_CONVERSION = YES;
				CLANG_WARN_COMMA = YES;
				CLANG_WARN_CONSTANT_CONVERSION = YES;
				CLANG_WARN_DEPRECATED_OBJC_IMPLEMENTATIONS = YES;
				CLANG_WARN_DIRECT_OBJC_ISA_USAGE = YES_ERROR;
				CLANG_WARN_DOCUMENTATION_COMMENTS = YES;
				CLANG_WARN_EMPTY_BODY = YES;
				CLANG_WARN_ENUM_CONVERSION = YES;
				CLANG_WARN_INFINITE_RECURSION = YES;
				CLANG_WARN_INT_CONVERSION = YES;
				CLANG_WARN_NON_LITERAL_NULL_CONVERSION = YES;
				CLANG_WARN_OBJC_IMPLICIT_RETAIN_SELF = YES;
				CLANG_WARN_OBJC_LITERAL_CONVERSION = YES;
				CLANG_WARN_OBJC_ROOT_CLASS = YES_ERROR;
				CLANG_WARN_QUOTED_INCLUDE_IN_FRAMEWORK_HEADER = YES;
				CLANG_WARN_RANGE_LOOP_ANALYSIS = YES;
				CLANG_WARN_STRICT_PROTOTYPES = YES;
				CLANG_WARN_SUSPICIOUS_MOVE = YES;
				CLANG_WARN_UNGUARDED_AVAILABILITY = YES_AGGRESSIVE;
				CLANG_WARN_UNREACHABLE_CODE = YES;
				CLANG_WARN__DUPLICATE_METHOD_MATCH = YES;
				COPY_PHASE_STRIP = NO;
				DEBUG_INFORMATION_FORMAT = "dwarf-with-dsym";
				ENABLE_NS_ASSERTIONS = NO;
				ENABLE_STRICT_OBJC_MSGSEND = YES;
				GCC_C_LANGUAGE_STANDARD = gnu11;
				GCC_NO_COMMON_BLOCKS = YES;
				GCC_WARN_64_TO_32_BIT_CONVERSION = YES;
				GCC_WARN_ABOUT_RETURN_TYPE = YES_ERROR;
				GCC_WARN_UNDECLARED_SELECTOR = YES;
				GCC_WARN_UNINITIALIZED_AUTOS = YES_AGGRESSIVE;
				GCC_WARN_UNUSED_FUNCTION = YES;
				GCC_WARN_UNUSED_VARIABLE = YES;
				IPHONEOS_DEPLOYMENT_TARGET = 14.4;
				MTL_ENABLE_DEBUG_INFO = NO;
				MTL_FAST_MATH = YES;
				SDKROOT = iphoneos;
				SWIFT_COMPILATION_MODE = wholemodule;
				SWIFT_OPTIMIZATION_LEVEL = "-O";
				VALIDATE_PRODUCT = YES;
			};
			name = Release;
		};
		BD62EA48261C8F2A00E44D80 /* Debug */ = {
			isa = XCBuildConfiguration;
			buildSettings = {
				ASSETCATALOG_COMPILER_APPICON_NAME = AppIcon;
				ASSETCATALOG_COMPILER_GLOBAL_ACCENT_COLOR_NAME = AccentColor;
				CODE_SIGN_STYLE = Automatic;
				DEVELOPMENT_TEAM = B3PWYBKFUK;
				INFOPLIST_FILE = "todo-list/Info.plist";
				LD_RUNPATH_SEARCH_PATHS = (
					"$(inherited)",
					"@executable_path/Frameworks",
				);
				PRODUCT_BUNDLE_IDENTIFIER = "com.todo-list";
				PRODUCT_NAME = "$(TARGET_NAME)";
				SWIFT_VERSION = 5.0;
				TARGETED_DEVICE_FAMILY = 2;
			};
			name = Debug;
		};
		BD62EA49261C8F2A00E44D80 /* Release */ = {
			isa = XCBuildConfiguration;
			buildSettings = {
				ASSETCATALOG_COMPILER_APPICON_NAME = AppIcon;
				ASSETCATALOG_COMPILER_GLOBAL_ACCENT_COLOR_NAME = AccentColor;
				CODE_SIGN_STYLE = Automatic;
				DEVELOPMENT_TEAM = B3PWYBKFUK;
				INFOPLIST_FILE = "todo-list/Info.plist";
				LD_RUNPATH_SEARCH_PATHS = (
					"$(inherited)",
					"@executable_path/Frameworks",
				);
				PRODUCT_BUNDLE_IDENTIFIER = "com.todo-list";
				PRODUCT_NAME = "$(TARGET_NAME)";
				SWIFT_VERSION = 5.0;
				TARGETED_DEVICE_FAMILY = 2;
			};
			name = Release;
		};
		BD62EA4B261C8F2A00E44D80 /* Debug */ = {
			isa = XCBuildConfiguration;
			buildSettings = {
				ALWAYS_EMBED_SWIFT_STANDARD_LIBRARIES = YES;
				BUNDLE_LOADER = "$(TEST_HOST)";
				CODE_SIGN_STYLE = Automatic;
				DEVELOPMENT_TEAM = 8KRV7X8GQ6;
				INFOPLIST_FILE = "todo-listTests/Info.plist";
				IPHONEOS_DEPLOYMENT_TARGET = 14.4;
				LD_RUNPATH_SEARCH_PATHS = (
					"$(inherited)",
					"@executable_path/Frameworks",
					"@loader_path/Frameworks",
				);
				PRODUCT_BUNDLE_IDENTIFIER = "com.todo-listTests";
				PRODUCT_NAME = "$(TARGET_NAME)";
				SWIFT_VERSION = 5.0;
				TARGETED_DEVICE_FAMILY = "1,2";
				TEST_HOST = "$(BUILT_PRODUCTS_DIR)/todo-list.app/todo-list";
			};
			name = Debug;
		};
		BD62EA4C261C8F2A00E44D80 /* Release */ = {
			isa = XCBuildConfiguration;
			buildSettings = {
				ALWAYS_EMBED_SWIFT_STANDARD_LIBRARIES = YES;
				BUNDLE_LOADER = "$(TEST_HOST)";
				CODE_SIGN_STYLE = Automatic;
				DEVELOPMENT_TEAM = 8KRV7X8GQ6;
				INFOPLIST_FILE = "todo-listTests/Info.plist";
				IPHONEOS_DEPLOYMENT_TARGET = 14.4;
				LD_RUNPATH_SEARCH_PATHS = (
					"$(inherited)",
					"@executable_path/Frameworks",
					"@loader_path/Frameworks",
				);
				PRODUCT_BUNDLE_IDENTIFIER = "com.todo-listTests";
				PRODUCT_NAME = "$(TARGET_NAME)";
				SWIFT_VERSION = 5.0;
				TARGETED_DEVICE_FAMILY = "1,2";
				TEST_HOST = "$(BUILT_PRODUCTS_DIR)/todo-list.app/todo-list";
			};
			name = Release;
		};
		BD62EA4E261C8F2A00E44D80 /* Debug */ = {
			isa = XCBuildConfiguration;
			buildSettings = {
				ALWAYS_EMBED_SWIFT_STANDARD_LIBRARIES = YES;
				CODE_SIGN_STYLE = Automatic;
				DEVELOPMENT_TEAM = 8KRV7X8GQ6;
				INFOPLIST_FILE = "todo-listUITests/Info.plist";
				LD_RUNPATH_SEARCH_PATHS = (
					"$(inherited)",
					"@executable_path/Frameworks",
					"@loader_path/Frameworks",
				);
				PRODUCT_BUNDLE_IDENTIFIER = "com.todo-listUITests";
				PRODUCT_NAME = "$(TARGET_NAME)";
				SWIFT_VERSION = 5.0;
				TARGETED_DEVICE_FAMILY = "1,2";
				TEST_TARGET_NAME = "todo-list";
			};
			name = Debug;
		};
		BD62EA4F261C8F2A00E44D80 /* Release */ = {
			isa = XCBuildConfiguration;
			buildSettings = {
				ALWAYS_EMBED_SWIFT_STANDARD_LIBRARIES = YES;
				CODE_SIGN_STYLE = Automatic;
				DEVELOPMENT_TEAM = 8KRV7X8GQ6;
				INFOPLIST_FILE = "todo-listUITests/Info.plist";
				LD_RUNPATH_SEARCH_PATHS = (
					"$(inherited)",
					"@executable_path/Frameworks",
					"@loader_path/Frameworks",
				);
				PRODUCT_BUNDLE_IDENTIFIER = "com.todo-listUITests";
				PRODUCT_NAME = "$(TARGET_NAME)";
				SWIFT_VERSION = 5.0;
				TARGETED_DEVICE_FAMILY = "1,2";
				TEST_TARGET_NAME = "todo-list";
			};
			name = Release;
		};
/* End XCBuildConfiguration section */

/* Begin XCConfigurationList section */
		BD62EA18261C8F2900E44D80 /* Build configuration list for PBXProject "todo-list" */ = {
			isa = XCConfigurationList;
			buildConfigurations = (
				BD62EA45261C8F2A00E44D80 /* Debug */,
				BD62EA46261C8F2A00E44D80 /* Release */,
			);
			defaultConfigurationIsVisible = 0;
			defaultConfigurationName = Release;
		};
		BD62EA47261C8F2A00E44D80 /* Build configuration list for PBXNativeTarget "todo-list" */ = {
			isa = XCConfigurationList;
			buildConfigurations = (
				BD62EA48261C8F2A00E44D80 /* Debug */,
				BD62EA49261C8F2A00E44D80 /* Release */,
			);
			defaultConfigurationIsVisible = 0;
			defaultConfigurationName = Release;
		};
		BD62EA4A261C8F2A00E44D80 /* Build configuration list for PBXNativeTarget "todo-listTests" */ = {
			isa = XCConfigurationList;
			buildConfigurations = (
				BD62EA4B261C8F2A00E44D80 /* Debug */,
				BD62EA4C261C8F2A00E44D80 /* Release */,
			);
			defaultConfigurationIsVisible = 0;
			defaultConfigurationName = Release;
		};
		BD62EA4D261C8F2A00E44D80 /* Build configuration list for PBXNativeTarget "todo-listUITests" */ = {
			isa = XCConfigurationList;
			buildConfigurations = (
				BD62EA4E261C8F2A00E44D80 /* Debug */,
				BD62EA4F261C8F2A00E44D80 /* Release */,
			);
			defaultConfigurationIsVisible = 0;
			defaultConfigurationName = Release;
		};
/* End XCConfigurationList section */
	};
	rootObject = BD62EA15261C8F2900E44D80 /* Project object */;
}
